
Microsoft Visual Studio Solution File, Format Version 12.00
# Visual Studio 15
VisualStudioVersion = 15.0.27004.2005
MinimumVisualStudioVersion = 10.0.40219.1
Project("{2150E333-8FDC-42A3-9474-1A3956D46DE8}") = "Engine", "Engine", "{58F90469-605F-4D78-AA82-7E43ACB66D02}"
EndProject
Project("{2150E333-8FDC-42A3-9474-1A3956D46DE8}") = "Test", "Test", "{557FEF57-265C-4175-8808-1B6A33058FF7}"
EndProject
Project("{2150E333-8FDC-42A3-9474-1A3956D46DE8}") = "TestNet", "TestNet", "{F9655C03-FC72-46A5-AC38-A9880F4E98EC}"
EndProject
Project("{2150E333-8FDC-42A3-9474-1A3956D46DE8}") = "Libraries", "Libraries", "{56DD9343-60AB-40C6-B387-F124AA36072D}"
EndProject
Project("{8BC9CEB8-8B4A-11D0-8D11-00A0C91BC942}") = "SFEngine", "Engine\Src\SFEngine\SFEngine.vcxitems", "{4C5F1EDA-DF00-4652-A0E1-AE068E906064}"
EndProject
Project("{8BC9CEB8-8B4A-11D0-8D11-00A0C91BC942}") = "SFEngine.Win", "Engine\Src\SFEngine\SFEngine.Win.vcxproj", "{1AC5E64D-18E3-4521-805D-E083933AC19C}"
	ProjectSection(ProjectDependencies) = postProject
		{758FA598-B851-4848-BEC0-E039EDBD2E5E} = {758FA598-B851-4848-BEC0-E039EDBD2E5E}
		{A670F5B5-D452-4EE5-8531-C1CDE3342484} = {A670F5B5-D452-4EE5-8531-C1CDE3342484}
		{DE89B4BF-FEB7-4FEE-AB5F-85D286295BD7} = {DE89B4BF-FEB7-4FEE-AB5F-85D286295BD7}
	EndProjectSection
EndProject
Project("{8BC9CEB8-8B4A-11D0-8D11-00A0C91BC942}") = "TestNet.Shared", "Test\TestNet\TestNet.Shared\TestNet.Shared.vcxitems", "{82C91C93-2D51-4380-BA6E-F343D98D9BA5}"
EndProject
Project("{8BC9CEB8-8B4A-11D0-8D11-00A0C91BC942}") = "SFEngine.Android", "Engine\Src\SFEngine\SFEngine.Android.vcxproj", "{66F06996-BAE4-4E21-A687-0C4553C72F30}"
EndProject
Project("{2150E333-8FDC-42A3-9474-1A3956D46DE8}") = "Android", "Android", "{1838AE8B-180C-4B40-9C23-CCB7B1BCACF7}"
EndProject
Project("{2150E333-8FDC-42A3-9474-1A3956D46DE8}") = "Window", "Window", "{1007109C-B595-4146-A0ED-6BAAF5E35B21}"
EndProject
Project("{8BC9CEB8-8B4A-11D0-8D11-00A0C91BC942}") = "SFEngineDLL.Android", "Engine\Src\SFEngineDLL\SFEngineDLL.Android.vcxproj", "{CE055A65-9A34-4D99-BDD9-050758F9C84E}"
EndProject
Project("{8BC9CEB8-8B4A-11D0-8D11-00A0C91BC942}") = "SFEngineDLL.Win", "Engine\Src\SFEngineDLL\SFEngineDLL.Win.vcxproj", "{A62618A6-F5B8-487F-B6BB-DD6B744362D8}"
	ProjectSection(ProjectDependencies) = postProject
		{1AC5E64D-18E3-4521-805D-E083933AC19C} = {1AC5E64D-18E3-4521-805D-E083933AC19C}
		{758FA598-B851-4848-BEC0-E039EDBD2E5E} = {758FA598-B851-4848-BEC0-E039EDBD2E5E}
		{A670F5B5-D452-4EE5-8531-C1CDE3342484} = {A670F5B5-D452-4EE5-8531-C1CDE3342484}
	EndProjectSection
EndProject
Project("{FAE04EC0-301F-11D3-BF4B-00C04F79EFBC}") = "SFEngineDLL.Sharp", "Engine\Src\SFEngineDLL\SFEngineDLL.Sharp.csproj", "{3AD8FFE5-EB9C-4086-B344-AD1C15EB8856}"
	ProjectSection(ProjectDependencies) = postProject
		{A62618A6-F5B8-487F-B6BB-DD6B744362D8} = {A62618A6-F5B8-487F-B6BB-DD6B744362D8}
	EndProjectSection
EndProject
Project("{FAE04EC0-301F-11D3-BF4B-00C04F79EFBC}") = "TestNet.WinSharp", "Test\TestNet\TestNet.WinSharp\TestNet.WinSharp.csproj", "{F29E7211-97A2-4755-9464-649A38160D8A}"
	ProjectSection(ProjectDependencies) = postProject
		{1AC5E64D-18E3-4521-805D-E083933AC19C} = {1AC5E64D-18E3-4521-805D-E083933AC19C}
	EndProjectSection
EndProject
Project("{FAE04EC0-301F-11D3-BF4B-00C04F79EFBC}") = "CoreSharp", "Engine\Src\CoreSharp\CoreSharp.csproj", "{DE89B4BF-FEB7-4FEE-AB5F-85D286295BD7}"
EndProject
Project("{39E2626F-3545-4960-A6E8-258AD8476CE5}") = "TestNet_AndroidGradle", "Test\TestNet\TestNet_AndroidGradle\TestNet_AndroidGradle.androidproj", "{F6E372C5-F872-47A1-BD88-3E6087E464ED}"
EndProject
Project("{8BC9CEB8-8B4A-11D0-8D11-00A0C91BC942}") = "TestNet.AndroidLib", "Test\TestNet\TestNet.AndroidLib\TestNet.AndroidLib.vcxproj", "{219FA9F2-B34A-47D5-BFD9-20FCE4E98F5A}"
EndProject
Project("{8BC9CEB8-8B4A-11D0-8D11-00A0C91BC942}") = "SFProtocol", "Engine\Src\Protocol\SFProtocol.vcxitems", "{6D3C3D98-6342-40DD-A734-D9B353D9AB7B}"
EndProject
Project("{8BC9CEB8-8B4A-11D0-8D11-00A0C91BC942}") = "SFProtocol.Win", "Engine\Src\Protocol\SFProtocol.Win.vcxproj", "{A670F5B5-D452-4EE5-8531-C1CDE3342484}"
EndProject
Project("{8BC9CEB8-8B4A-11D0-8D11-00A0C91BC942}") = "SFProtocol.Android", "Engine\Src\Protocol\SFProtocol.Android.vcxproj", "{147D0885-77B8-4050-8CD5-E4D982E2F888}"
EndProject
Project("{8BC9CEB8-8B4A-11D0-8D11-00A0C91BC942}") = "SFCoreBase.Android", "Engine\Src\CoreBase\SFCoreBase.Android.vcxproj", "{193233AF-A406-4BCC-9FEE-8D39664DEFC2}"
EndProject
Project("{8BC9CEB8-8B4A-11D0-8D11-00A0C91BC942}") = "SFCoreBase.Win", "Engine\Src\CoreBase\SFCoreBase.Win.vcxproj", "{758FA598-B851-4848-BEC0-E039EDBD2E5E}"
EndProject
Project("{8BC9CEB8-8B4A-11D0-8D11-00A0C91BC942}") = "SFCoreBase", "Engine\Src\CoreBase\SFCoreBase.vcxitems", "{62D7BD92-62C4-4B83-8E3B-0AFE3942FE28}"
EndProject
Project("{2150E333-8FDC-42A3-9474-1A3956D46DE8}") = "TestGraphic", "TestGraphic", "{2D570254-9AA8-47E3-8758-9F0BD086F98F}"
EndProject
Project("{FAE04EC0-301F-11D3-BF4B-00C04F79EFBC}") = "TestGraphic.Win", "Test\TestGraphic\TestGraphic.Win\TestGraphic.Win.csproj", "{E53F849F-6D91-4D74-9262-B105AF15C4E1}"
EndProject
Project("{2150E333-8FDC-42A3-9474-1A3956D46DE8}") = "UnitTest", "UnitTest", "{0B5EE8AC-871A-4B43-81C8-5DE04B27D8E6}"
EndProject
Project("{8BC9CEB8-8B4A-11D0-8D11-00A0C91BC942}") = "UnitTest1", "Test\UnitTest\UnitTest1\UnitTest1.vcxproj", "{8A152877-25E1-4621-B27F-8410964A0064}"
EndProject
Project("{8BC9CEB8-8B4A-11D0-8D11-00A0C91BC942}") = "SFEngineTool", "Engine\Src\SFEngineTool\SFEngineTool.vcxitems", "{45D41ACC-2C3C-43D2-BC10-02AA73FFC7C7}"
EndProject
Project("{8BC9CEB8-8B4A-11D0-8D11-00A0C91BC942}") = "SFEngineTool.Win", "Engine\Src\SFEngineTool\SFEngineTool.Win.vcxproj", "{5554DD42-B106-4F4B-93E6-CEFAE0600422}"
EndProject
Project("{2150E333-8FDC-42A3-9474-1A3956D46DE8}") = "Linux", "Linux", "{5DE9784D-A837-4E13-91DB-6B4780D8906C}"
EndProject
Project("{8BC9CEB8-8B4A-11D0-8D11-00A0C91BC942}") = "SFCoreBase.Linux", "Engine\Src\CoreBase\SFCoreBase.Linux.vcxproj", "{05926F41-87F3-465E-97E7-002DD43AC4B2}"
EndProject
Project("{8BC9CEB8-8B4A-11D0-8D11-00A0C91BC942}") = "SFEngine.Linux", "Engine\Src\SFEngine\SFEngine.Linux.vcxproj", "{527E6385-23B9-40F1-B91B-302EA7E37EF5}"
	ProjectSection(ProjectDependencies) = postProject
		{05926F41-87F3-465E-97E7-002DD43AC4B2} = {05926F41-87F3-465E-97E7-002DD43AC4B2}
	EndProjectSection
EndProject
Global
	GlobalSection(SharedMSBuildProjectFiles) = preSolution
		Engine\Src\CoreBase\SFCoreBase.vcxitems*{05926f41-87f3-465e-97e7-002dd43ac4b2}*SharedItemsImports = 4
		Engine\Src\Protocol\SFProtocol.vcxitems*{147d0885-77b8-4050-8cd5-e4d982e2f888}*SharedItemsImports = 4
		Engine\Src\CoreBase\SFCoreBase.vcxitems*{193233af-a406-4bcc-9fee-8d39664defc2}*SharedItemsImports = 4
		Engine\Src\SFEngine\SFEngine.vcxitems*{1ac5e64d-18e3-4521-805d-e083933ac19c}*SharedItemsImports = 4
		Test\TestNet\TestNet.Shared\TestNet.Shared.vcxitems*{219fa9f2-b34a-47d5-bfd9-20fce4e98f5a}*SharedItemsImports = 4
		Engine\Src\SFEngineTool\SFEngineTool.vcxitems*{45d41acc-2c3c-43d2-bc10-02aa73ffc7c7}*SharedItemsImports = 9
		Engine\Src\SFEngine\SFEngine.vcxitems*{4c5f1eda-df00-4652-a0e1-ae068e906064}*SharedItemsImports = 9
		Engine\Src\Protocol\SFProtocol.vcxitems*{527e6385-23b9-40f1-b91b-302ea7e37ef5}*SharedItemsImports = 4
		Engine\Src\SFEngine\SFEngine.vcxitems*{527e6385-23b9-40f1-b91b-302ea7e37ef5}*SharedItemsImports = 4
		Engine\Src\SFEngineTool\SFEngineTool.vcxitems*{5554dd42-b106-4f4b-93e6-cefae0600422}*SharedItemsImports = 4
		Engine\Src\CoreBase\SFCoreBase.vcxitems*{62d7bd92-62c4-4b83-8e3b-0afe3942fe28}*SharedItemsImports = 9
		Engine\Src\SFEngine\SFEngine.vcxitems*{66f06996-bae4-4e21-a687-0c4553c72f30}*SharedItemsImports = 4
		Engine\Src\Protocol\SFProtocol.vcxitems*{6d3c3d98-6342-40dd-a734-d9b353d9ab7b}*SharedItemsImports = 9
		Engine\Src\CoreBase\SFCoreBase.vcxitems*{758fa598-b851-4848-bec0-e039edbd2e5e}*SharedItemsImports = 4
		Test\TestNet\TestNet.Shared\TestNet.Shared.vcxitems*{82c91c93-2d51-4380-ba6e-f343d98d9ba5}*SharedItemsImports = 9
		Engine\Src\Protocol\SFProtocol.vcxitems*{a670f5b5-d452-4ee5-8531-c1cde3342484}*SharedItemsImports = 4
	EndGlobalSection
	GlobalSection(SolutionConfigurationPlatforms) = preSolution
		Debug|ARM = Debug|ARM
		Debug|ARM64 = Debug|ARM64
		Debug|x64 = Debug|x64
		Debug|x86 = Debug|x86
		Release|ARM = Release|ARM
		Release|ARM64 = Release|ARM64
		Release|x64 = Release|x64
		Release|x86 = Release|x86
	EndGlobalSection
	GlobalSection(ProjectConfigurationPlatforms) = postSolution
		{1AC5E64D-18E3-4521-805D-E083933AC19C}.Debug|ARM.ActiveCfg = Debug|Win32
		{1AC5E64D-18E3-4521-805D-E083933AC19C}.Debug|ARM.Build.0 = Debug|Win32
		{1AC5E64D-18E3-4521-805D-E083933AC19C}.Debug|ARM64.ActiveCfg = Debug|x64
		{1AC5E64D-18E3-4521-805D-E083933AC19C}.Debug|ARM64.Build.0 = Debug|x64
		{1AC5E64D-18E3-4521-805D-E083933AC19C}.Debug|x64.ActiveCfg = Debug|x64
		{1AC5E64D-18E3-4521-805D-E083933AC19C}.Debug|x64.Build.0 = Debug|x64
		{1AC5E64D-18E3-4521-805D-E083933AC19C}.Debug|x86.ActiveCfg = Debug|Win32
		{1AC5E64D-18E3-4521-805D-E083933AC19C}.Debug|x86.Build.0 = Debug|Win32
		{1AC5E64D-18E3-4521-805D-E083933AC19C}.Release|ARM.ActiveCfg = Release|Win32
		{1AC5E64D-18E3-4521-805D-E083933AC19C}.Release|ARM.Build.0 = Release|Win32
		{1AC5E64D-18E3-4521-805D-E083933AC19C}.Release|ARM64.ActiveCfg = Release|Win32
		{1AC5E64D-18E3-4521-805D-E083933AC19C}.Release|ARM64.Build.0 = Release|Win32
		{1AC5E64D-18E3-4521-805D-E083933AC19C}.Release|x64.ActiveCfg = Release|x64
		{1AC5E64D-18E3-4521-805D-E083933AC19C}.Release|x64.Build.0 = Release|x64
		{1AC5E64D-18E3-4521-805D-E083933AC19C}.Release|x86.ActiveCfg = Release|Win32
		{1AC5E64D-18E3-4521-805D-E083933AC19C}.Release|x86.Build.0 = Release|Win32
		{66F06996-BAE4-4E21-A687-0C4553C72F30}.Debug|ARM.ActiveCfg = Debug|ARM
		{66F06996-BAE4-4E21-A687-0C4553C72F30}.Debug|ARM.Build.0 = Debug|ARM
		{66F06996-BAE4-4E21-A687-0C4553C72F30}.Debug|ARM64.ActiveCfg = Debug|ARM64
		{66F06996-BAE4-4E21-A687-0C4553C72F30}.Debug|ARM64.Build.0 = Debug|ARM64
		{66F06996-BAE4-4E21-A687-0C4553C72F30}.Debug|x64.ActiveCfg = Debug|x64
		{66F06996-BAE4-4E21-A687-0C4553C72F30}.Debug|x64.Build.0 = Debug|x64
		{66F06996-BAE4-4E21-A687-0C4553C72F30}.Debug|x86.ActiveCfg = Debug|x86
		{66F06996-BAE4-4E21-A687-0C4553C72F30}.Debug|x86.Build.0 = Debug|x86
		{66F06996-BAE4-4E21-A687-0C4553C72F30}.Release|ARM.ActiveCfg = Release|ARM
		{66F06996-BAE4-4E21-A687-0C4553C72F30}.Release|ARM.Build.0 = Release|ARM
		{66F06996-BAE4-4E21-A687-0C4553C72F30}.Release|ARM64.ActiveCfg = Release|ARM64
		{66F06996-BAE4-4E21-A687-0C4553C72F30}.Release|ARM64.Build.0 = Release|ARM64
		{66F06996-BAE4-4E21-A687-0C4553C72F30}.Release|x64.ActiveCfg = Release|x64
		{66F06996-BAE4-4E21-A687-0C4553C72F30}.Release|x64.Build.0 = Release|x64
		{66F06996-BAE4-4E21-A687-0C4553C72F30}.Release|x86.ActiveCfg = Release|x86
		{66F06996-BAE4-4E21-A687-0C4553C72F30}.Release|x86.Build.0 = Release|x86
		{CE055A65-9A34-4D99-BDD9-050758F9C84E}.Debug|ARM.ActiveCfg = Debug|ARM
		{CE055A65-9A34-4D99-BDD9-050758F9C84E}.Debug|ARM.Build.0 = Debug|ARM
		{CE055A65-9A34-4D99-BDD9-050758F9C84E}.Debug|ARM64.ActiveCfg = Debug|ARM64
		{CE055A65-9A34-4D99-BDD9-050758F9C84E}.Debug|ARM64.Build.0 = Debug|ARM64
		{CE055A65-9A34-4D99-BDD9-050758F9C84E}.Debug|x64.ActiveCfg = Debug|x64
		{CE055A65-9A34-4D99-BDD9-050758F9C84E}.Debug|x64.Build.0 = Debug|x64
		{CE055A65-9A34-4D99-BDD9-050758F9C84E}.Debug|x86.ActiveCfg = Debug|x86
		{CE055A65-9A34-4D99-BDD9-050758F9C84E}.Debug|x86.Build.0 = Debug|x86
		{CE055A65-9A34-4D99-BDD9-050758F9C84E}.Release|ARM.ActiveCfg = Release|ARM
		{CE055A65-9A34-4D99-BDD9-050758F9C84E}.Release|ARM.Build.0 = Release|ARM
		{CE055A65-9A34-4D99-BDD9-050758F9C84E}.Release|ARM64.ActiveCfg = Release|ARM64
		{CE055A65-9A34-4D99-BDD9-050758F9C84E}.Release|ARM64.Build.0 = Release|ARM64
		{CE055A65-9A34-4D99-BDD9-050758F9C84E}.Release|x64.ActiveCfg = Release|x64
		{CE055A65-9A34-4D99-BDD9-050758F9C84E}.Release|x64.Build.0 = Release|x64
		{CE055A65-9A34-4D99-BDD9-050758F9C84E}.Release|x86.ActiveCfg = Release|x86
		{CE055A65-9A34-4D99-BDD9-050758F9C84E}.Release|x86.Build.0 = Release|x86
		{A62618A6-F5B8-487F-B6BB-DD6B744362D8}.Debug|ARM.ActiveCfg = Debug|Win32
		{A62618A6-F5B8-487F-B6BB-DD6B744362D8}.Debug|ARM64.ActiveCfg = Debug|x64
		{A62618A6-F5B8-487F-B6BB-DD6B744362D8}.Debug|ARM64.Build.0 = Debug|x64
		{A62618A6-F5B8-487F-B6BB-DD6B744362D8}.Debug|x64.ActiveCfg = Debug|x64
		{A62618A6-F5B8-487F-B6BB-DD6B744362D8}.Debug|x64.Build.0 = Debug|x64
		{A62618A6-F5B8-487F-B6BB-DD6B744362D8}.Debug|x86.ActiveCfg = Debug|Win32
		{A62618A6-F5B8-487F-B6BB-DD6B744362D8}.Debug|x86.Build.0 = Debug|Win32
		{A62618A6-F5B8-487F-B6BB-DD6B744362D8}.Release|ARM.ActiveCfg = Release|Win32
		{A62618A6-F5B8-487F-B6BB-DD6B744362D8}.Release|ARM.Build.0 = Release|Win32
		{A62618A6-F5B8-487F-B6BB-DD6B744362D8}.Release|ARM64.ActiveCfg = Release|Win32
		{A62618A6-F5B8-487F-B6BB-DD6B744362D8}.Release|ARM64.Build.0 = Release|Win32
		{A62618A6-F5B8-487F-B6BB-DD6B744362D8}.Release|x64.ActiveCfg = Release|x64
		{A62618A6-F5B8-487F-B6BB-DD6B744362D8}.Release|x64.Build.0 = Release|x64
		{A62618A6-F5B8-487F-B6BB-DD6B744362D8}.Release|x86.ActiveCfg = Release|Win32
		{A62618A6-F5B8-487F-B6BB-DD6B744362D8}.Release|x86.Build.0 = Release|Win32
		{3AD8FFE5-EB9C-4086-B344-AD1C15EB8856}.Debug|ARM.ActiveCfg = Debug|Any CPU
		{3AD8FFE5-EB9C-4086-B344-AD1C15EB8856}.Debug|ARM.Build.0 = Debug|Any CPU
		{3AD8FFE5-EB9C-4086-B344-AD1C15EB8856}.Debug|ARM64.ActiveCfg = Debug|Any CPU
		{3AD8FFE5-EB9C-4086-B344-AD1C15EB8856}.Debug|ARM64.Build.0 = Debug|Any CPU
		{3AD8FFE5-EB9C-4086-B344-AD1C15EB8856}.Debug|x64.ActiveCfg = Debug|x64
		{3AD8FFE5-EB9C-4086-B344-AD1C15EB8856}.Debug|x64.Build.0 = Debug|x64
		{3AD8FFE5-EB9C-4086-B344-AD1C15EB8856}.Debug|x86.ActiveCfg = Debug|Any CPU
		{3AD8FFE5-EB9C-4086-B344-AD1C15EB8856}.Debug|x86.Build.0 = Debug|Any CPU
		{3AD8FFE5-EB9C-4086-B344-AD1C15EB8856}.Release|ARM.ActiveCfg = Release|Any CPU
		{3AD8FFE5-EB9C-4086-B344-AD1C15EB8856}.Release|ARM.Build.0 = Release|Any CPU
		{3AD8FFE5-EB9C-4086-B344-AD1C15EB8856}.Release|ARM64.ActiveCfg = Release|Any CPU
		{3AD8FFE5-EB9C-4086-B344-AD1C15EB8856}.Release|ARM64.Build.0 = Release|Any CPU
		{3AD8FFE5-EB9C-4086-B344-AD1C15EB8856}.Release|x64.ActiveCfg = Release|x64
		{3AD8FFE5-EB9C-4086-B344-AD1C15EB8856}.Release|x64.Build.0 = Release|x64
		{3AD8FFE5-EB9C-4086-B344-AD1C15EB8856}.Release|x86.ActiveCfg = Release|Any CPU
		{3AD8FFE5-EB9C-4086-B344-AD1C15EB8856}.Release|x86.Build.0 = Release|Any CPU
		{F29E7211-97A2-4755-9464-649A38160D8A}.Debug|ARM.ActiveCfg = Debug|Any CPU
		{F29E7211-97A2-4755-9464-649A38160D8A}.Debug|ARM.Build.0 = Debug|Any CPU
		{F29E7211-97A2-4755-9464-649A38160D8A}.Debug|ARM64.ActiveCfg = Debug|x64
		{F29E7211-97A2-4755-9464-649A38160D8A}.Debug|ARM64.Build.0 = Debug|x64
		{F29E7211-97A2-4755-9464-649A38160D8A}.Debug|x64.ActiveCfg = Debug|x64
		{F29E7211-97A2-4755-9464-649A38160D8A}.Debug|x64.Build.0 = Debug|x64
		{F29E7211-97A2-4755-9464-649A38160D8A}.Debug|x86.ActiveCfg = Debug|x86
		{F29E7211-97A2-4755-9464-649A38160D8A}.Debug|x86.Build.0 = Debug|x86
		{F29E7211-97A2-4755-9464-649A38160D8A}.Release|ARM.ActiveCfg = Release|Any CPU
		{F29E7211-97A2-4755-9464-649A38160D8A}.Release|ARM.Build.0 = Release|Any CPU
		{F29E7211-97A2-4755-9464-649A38160D8A}.Release|ARM64.ActiveCfg = Release|Any CPU
		{F29E7211-97A2-4755-9464-649A38160D8A}.Release|ARM64.Build.0 = Release|Any CPU
		{F29E7211-97A2-4755-9464-649A38160D8A}.Release|x64.ActiveCfg = Release|x64
		{F29E7211-97A2-4755-9464-649A38160D8A}.Release|x64.Build.0 = Release|x64
		{F29E7211-97A2-4755-9464-649A38160D8A}.Release|x86.ActiveCfg = Release|Any CPU
		{F29E7211-97A2-4755-9464-649A38160D8A}.Release|x86.Build.0 = Release|Any CPU
		{DE89B4BF-FEB7-4FEE-AB5F-85D286295BD7}.Debug|ARM.ActiveCfg = Debug|Any CPU
		{DE89B4BF-FEB7-4FEE-AB5F-85D286295BD7}.Debug|ARM.Build.0 = Debug|Any CPU
		{DE89B4BF-FEB7-4FEE-AB5F-85D286295BD7}.Debug|ARM64.ActiveCfg = Debug|Any CPU
		{DE89B4BF-FEB7-4FEE-AB5F-85D286295BD7}.Debug|ARM64.Build.0 = Debug|Any CPU
		{DE89B4BF-FEB7-4FEE-AB5F-85D286295BD7}.Debug|x64.ActiveCfg = Debug|Any CPU
		{DE89B4BF-FEB7-4FEE-AB5F-85D286295BD7}.Debug|x64.Build.0 = Debug|Any CPU
		{DE89B4BF-FEB7-4FEE-AB5F-85D286295BD7}.Debug|x86.ActiveCfg = Debug|Any CPU
		{DE89B4BF-FEB7-4FEE-AB5F-85D286295BD7}.Debug|x86.Build.0 = Debug|Any CPU
		{DE89B4BF-FEB7-4FEE-AB5F-85D286295BD7}.Release|ARM.ActiveCfg = Release|Any CPU
		{DE89B4BF-FEB7-4FEE-AB5F-85D286295BD7}.Release|ARM.Build.0 = Release|Any CPU
		{DE89B4BF-FEB7-4FEE-AB5F-85D286295BD7}.Release|ARM64.ActiveCfg = Release|Any CPU
		{DE89B4BF-FEB7-4FEE-AB5F-85D286295BD7}.Release|ARM64.Build.0 = Release|Any CPU
		{DE89B4BF-FEB7-4FEE-AB5F-85D286295BD7}.Release|x64.ActiveCfg = Release|Any CPU
		{DE89B4BF-FEB7-4FEE-AB5F-85D286295BD7}.Release|x64.Build.0 = Release|Any CPU
		{DE89B4BF-FEB7-4FEE-AB5F-85D286295BD7}.Release|x86.ActiveCfg = Release|Any CPU
		{DE89B4BF-FEB7-4FEE-AB5F-85D286295BD7}.Release|x86.Build.0 = Release|Any CPU
		{F6E372C5-F872-47A1-BD88-3E6087E464ED}.Debug|ARM.ActiveCfg = Debug|ARM
		{F6E372C5-F872-47A1-BD88-3E6087E464ED}.Debug|ARM.Build.0 = Debug|ARM
		{F6E372C5-F872-47A1-BD88-3E6087E464ED}.Debug|ARM.Deploy.0 = Debug|ARM
		{F6E372C5-F872-47A1-BD88-3E6087E464ED}.Debug|ARM64.ActiveCfg = Debug|ARM64
		{F6E372C5-F872-47A1-BD88-3E6087E464ED}.Debug|ARM64.Build.0 = Debug|ARM64
		{F6E372C5-F872-47A1-BD88-3E6087E464ED}.Debug|ARM64.Deploy.0 = Debug|ARM64
		{F6E372C5-F872-47A1-BD88-3E6087E464ED}.Debug|x64.ActiveCfg = Debug|x64
		{F6E372C5-F872-47A1-BD88-3E6087E464ED}.Debug|x64.Build.0 = Debug|x64
		{F6E372C5-F872-47A1-BD88-3E6087E464ED}.Debug|x64.Deploy.0 = Debug|x64
		{F6E372C5-F872-47A1-BD88-3E6087E464ED}.Debug|x86.ActiveCfg = Debug|x86
		{F6E372C5-F872-47A1-BD88-3E6087E464ED}.Debug|x86.Build.0 = Debug|x86
		{F6E372C5-F872-47A1-BD88-3E6087E464ED}.Debug|x86.Deploy.0 = Debug|x86
		{F6E372C5-F872-47A1-BD88-3E6087E464ED}.Release|ARM.ActiveCfg = Release|ARM
		{F6E372C5-F872-47A1-BD88-3E6087E464ED}.Release|ARM.Build.0 = Release|ARM
		{F6E372C5-F872-47A1-BD88-3E6087E464ED}.Release|ARM.Deploy.0 = Release|ARM
		{F6E372C5-F872-47A1-BD88-3E6087E464ED}.Release|ARM64.ActiveCfg = Release|ARM64
		{F6E372C5-F872-47A1-BD88-3E6087E464ED}.Release|ARM64.Build.0 = Release|ARM64
		{F6E372C5-F872-47A1-BD88-3E6087E464ED}.Release|ARM64.Deploy.0 = Release|ARM64
		{F6E372C5-F872-47A1-BD88-3E6087E464ED}.Release|x64.ActiveCfg = Release|x64
		{F6E372C5-F872-47A1-BD88-3E6087E464ED}.Release|x64.Build.0 = Release|x64
		{F6E372C5-F872-47A1-BD88-3E6087E464ED}.Release|x64.Deploy.0 = Release|x64
		{F6E372C5-F872-47A1-BD88-3E6087E464ED}.Release|x86.ActiveCfg = Release|x86
		{F6E372C5-F872-47A1-BD88-3E6087E464ED}.Release|x86.Build.0 = Release|x86
		{F6E372C5-F872-47A1-BD88-3E6087E464ED}.Release|x86.Deploy.0 = Release|x86
		{219FA9F2-B34A-47D5-BFD9-20FCE4E98F5A}.Debug|ARM.ActiveCfg = Debug|ARM
		{219FA9F2-B34A-47D5-BFD9-20FCE4E98F5A}.Debug|ARM.Build.0 = Debug|ARM
		{219FA9F2-B34A-47D5-BFD9-20FCE4E98F5A}.Debug|ARM64.ActiveCfg = Debug|ARM64
		{219FA9F2-B34A-47D5-BFD9-20FCE4E98F5A}.Debug|ARM64.Build.0 = Debug|ARM64
		{219FA9F2-B34A-47D5-BFD9-20FCE4E98F5A}.Debug|x64.ActiveCfg = Debug|x64
		{219FA9F2-B34A-47D5-BFD9-20FCE4E98F5A}.Debug|x64.Build.0 = Debug|x64
		{219FA9F2-B34A-47D5-BFD9-20FCE4E98F5A}.Debug|x86.ActiveCfg = Debug|x86
		{219FA9F2-B34A-47D5-BFD9-20FCE4E98F5A}.Debug|x86.Build.0 = Debug|x86
		{219FA9F2-B34A-47D5-BFD9-20FCE4E98F5A}.Release|ARM.ActiveCfg = Release|ARM
		{219FA9F2-B34A-47D5-BFD9-20FCE4E98F5A}.Release|ARM.Build.0 = Release|ARM
		{219FA9F2-B34A-47D5-BFD9-20FCE4E98F5A}.Release|ARM64.ActiveCfg = Release|ARM64
		{219FA9F2-B34A-47D5-BFD9-20FCE4E98F5A}.Release|ARM64.Build.0 = Release|ARM64
		{219FA9F2-B34A-47D5-BFD9-20FCE4E98F5A}.Release|x64.ActiveCfg = Release|x64
		{219FA9F2-B34A-47D5-BFD9-20FCE4E98F5A}.Release|x64.Build.0 = Release|x64
		{219FA9F2-B34A-47D5-BFD9-20FCE4E98F5A}.Release|x86.ActiveCfg = Release|x86
		{219FA9F2-B34A-47D5-BFD9-20FCE4E98F5A}.Release|x86.Build.0 = Release|x86
		{A670F5B5-D452-4EE5-8531-C1CDE3342484}.Debug|ARM.ActiveCfg = Debug|Win32
		{A670F5B5-D452-4EE5-8531-C1CDE3342484}.Debug|ARM.Build.0 = Debug|Win32
		{A670F5B5-D452-4EE5-8531-C1CDE3342484}.Debug|ARM64.ActiveCfg = Debug|x64
		{A670F5B5-D452-4EE5-8531-C1CDE3342484}.Debug|ARM64.Build.0 = Debug|x64
		{A670F5B5-D452-4EE5-8531-C1CDE3342484}.Debug|x64.ActiveCfg = Debug|x64
		{A670F5B5-D452-4EE5-8531-C1CDE3342484}.Debug|x64.Build.0 = Debug|x64
		{A670F5B5-D452-4EE5-8531-C1CDE3342484}.Debug|x86.ActiveCfg = Debug|Win32
		{A670F5B5-D452-4EE5-8531-C1CDE3342484}.Debug|x86.Build.0 = Debug|Win32
		{A670F5B5-D452-4EE5-8531-C1CDE3342484}.Release|ARM.ActiveCfg = Release|Win32
		{A670F5B5-D452-4EE5-8531-C1CDE3342484}.Release|ARM.Build.0 = Release|Win32
		{A670F5B5-D452-4EE5-8531-C1CDE3342484}.Release|ARM64.ActiveCfg = Release|Win32
		{A670F5B5-D452-4EE5-8531-C1CDE3342484}.Release|ARM64.Build.0 = Release|Win32
		{A670F5B5-D452-4EE5-8531-C1CDE3342484}.Release|x64.ActiveCfg = Release|x64
		{A670F5B5-D452-4EE5-8531-C1CDE3342484}.Release|x64.Build.0 = Release|x64
		{A670F5B5-D452-4EE5-8531-C1CDE3342484}.Release|x86.ActiveCfg = Release|Win32
		{A670F5B5-D452-4EE5-8531-C1CDE3342484}.Release|x86.Build.0 = Release|Win32
		{147D0885-77B8-4050-8CD5-E4D982E2F888}.Debug|ARM.ActiveCfg = Debug|ARM
		{147D0885-77B8-4050-8CD5-E4D982E2F888}.Debug|ARM.Build.0 = Debug|ARM
		{147D0885-77B8-4050-8CD5-E4D982E2F888}.Debug|ARM64.ActiveCfg = Debug|ARM64
		{147D0885-77B8-4050-8CD5-E4D982E2F888}.Debug|ARM64.Build.0 = Debug|ARM64
		{147D0885-77B8-4050-8CD5-E4D982E2F888}.Debug|x64.ActiveCfg = Debug|x64
		{147D0885-77B8-4050-8CD5-E4D982E2F888}.Debug|x64.Build.0 = Debug|x64
		{147D0885-77B8-4050-8CD5-E4D982E2F888}.Debug|x86.ActiveCfg = Debug|x86
		{147D0885-77B8-4050-8CD5-E4D982E2F888}.Debug|x86.Build.0 = Debug|x86
		{147D0885-77B8-4050-8CD5-E4D982E2F888}.Release|ARM.ActiveCfg = Release|ARM
		{147D0885-77B8-4050-8CD5-E4D982E2F888}.Release|ARM.Build.0 = Release|ARM
		{147D0885-77B8-4050-8CD5-E4D982E2F888}.Release|ARM64.ActiveCfg = Release|ARM64
		{147D0885-77B8-4050-8CD5-E4D982E2F888}.Release|ARM64.Build.0 = Release|ARM64
		{147D0885-77B8-4050-8CD5-E4D982E2F888}.Release|x64.ActiveCfg = Release|x64
		{147D0885-77B8-4050-8CD5-E4D982E2F888}.Release|x64.Build.0 = Release|x64
		{147D0885-77B8-4050-8CD5-E4D982E2F888}.Release|x86.ActiveCfg = Release|x86
		{147D0885-77B8-4050-8CD5-E4D982E2F888}.Release|x86.Build.0 = Release|x86
		{193233AF-A406-4BCC-9FEE-8D39664DEFC2}.Debug|ARM.ActiveCfg = Debug|ARM
		{193233AF-A406-4BCC-9FEE-8D39664DEFC2}.Debug|ARM.Build.0 = Debug|ARM
		{193233AF-A406-4BCC-9FEE-8D39664DEFC2}.Debug|ARM64.ActiveCfg = Debug|ARM64
		{193233AF-A406-4BCC-9FEE-8D39664DEFC2}.Debug|ARM64.Build.0 = Debug|ARM64
		{193233AF-A406-4BCC-9FEE-8D39664DEFC2}.Debug|x64.ActiveCfg = Debug|x64
		{193233AF-A406-4BCC-9FEE-8D39664DEFC2}.Debug|x64.Build.0 = Debug|x64
		{193233AF-A406-4BCC-9FEE-8D39664DEFC2}.Debug|x86.ActiveCfg = Debug|x86
		{193233AF-A406-4BCC-9FEE-8D39664DEFC2}.Debug|x86.Build.0 = Debug|x86
		{193233AF-A406-4BCC-9FEE-8D39664DEFC2}.Release|ARM.ActiveCfg = Release|ARM
		{193233AF-A406-4BCC-9FEE-8D39664DEFC2}.Release|ARM.Build.0 = Release|ARM
		{193233AF-A406-4BCC-9FEE-8D39664DEFC2}.Release|ARM64.ActiveCfg = Release|ARM64
		{193233AF-A406-4BCC-9FEE-8D39664DEFC2}.Release|ARM64.Build.0 = Release|ARM64
		{193233AF-A406-4BCC-9FEE-8D39664DEFC2}.Release|x64.ActiveCfg = Release|x64
		{193233AF-A406-4BCC-9FEE-8D39664DEFC2}.Release|x64.Build.0 = Release|x64
		{193233AF-A406-4BCC-9FEE-8D39664DEFC2}.Release|x86.ActiveCfg = Release|x86
		{193233AF-A406-4BCC-9FEE-8D39664DEFC2}.Release|x86.Build.0 = Release|x86
		{758FA598-B851-4848-BEC0-E039EDBD2E5E}.Debug|ARM.ActiveCfg = Debug|Win32
		{758FA598-B851-4848-BEC0-E039EDBD2E5E}.Debug|ARM.Build.0 = Debug|Win32
		{758FA598-B851-4848-BEC0-E039EDBD2E5E}.Debug|ARM64.ActiveCfg = Debug|x64
		{758FA598-B851-4848-BEC0-E039EDBD2E5E}.Debug|ARM64.Build.0 = Debug|x64
		{758FA598-B851-4848-BEC0-E039EDBD2E5E}.Debug|x64.ActiveCfg = Debug|x64
		{758FA598-B851-4848-BEC0-E039EDBD2E5E}.Debug|x64.Build.0 = Debug|x64
		{758FA598-B851-4848-BEC0-E039EDBD2E5E}.Debug|x86.ActiveCfg = Debug|Win32
		{758FA598-B851-4848-BEC0-E039EDBD2E5E}.Debug|x86.Build.0 = Debug|Win32
		{758FA598-B851-4848-BEC0-E039EDBD2E5E}.Release|ARM.ActiveCfg = Release|Win32
		{758FA598-B851-4848-BEC0-E039EDBD2E5E}.Release|ARM.Build.0 = Release|Win32
		{758FA598-B851-4848-BEC0-E039EDBD2E5E}.Release|ARM64.ActiveCfg = Release|Win32
		{758FA598-B851-4848-BEC0-E039EDBD2E5E}.Release|ARM64.Build.0 = Release|Win32
		{758FA598-B851-4848-BEC0-E039EDBD2E5E}.Release|x64.ActiveCfg = Release|x64
		{758FA598-B851-4848-BEC0-E039EDBD2E5E}.Release|x64.Build.0 = Release|x64
		{758FA598-B851-4848-BEC0-E039EDBD2E5E}.Release|x86.ActiveCfg = Release|Win32
		{758FA598-B851-4848-BEC0-E039EDBD2E5E}.Release|x86.Build.0 = Release|Win32
		{E53F849F-6D91-4D74-9262-B105AF15C4E1}.Debug|ARM.ActiveCfg = Debug|x86
		{E53F849F-6D91-4D74-9262-B105AF15C4E1}.Debug|ARM64.ActiveCfg = Debug|x64
		{E53F849F-6D91-4D74-9262-B105AF15C4E1}.Debug|x64.ActiveCfg = Debug|x64
		{E53F849F-6D91-4D74-9262-B105AF15C4E1}.Debug|x64.Build.0 = Debug|x64
		{E53F849F-6D91-4D74-9262-B105AF15C4E1}.Debug|x86.ActiveCfg = Debug|x86
		{E53F849F-6D91-4D74-9262-B105AF15C4E1}.Debug|x86.Build.0 = Debug|x86
		{E53F849F-6D91-4D74-9262-B105AF15C4E1}.Release|ARM.ActiveCfg = Release|x86
		{E53F849F-6D91-4D74-9262-B105AF15C4E1}.Release|ARM64.ActiveCfg = Release|x86
		{E53F849F-6D91-4D74-9262-B105AF15C4E1}.Release|x64.ActiveCfg = Release|x64
		{E53F849F-6D91-4D74-9262-B105AF15C4E1}.Release|x64.Build.0 = Release|x64
		{E53F849F-6D91-4D74-9262-B105AF15C4E1}.Release|x86.ActiveCfg = Release|x86
		{E53F849F-6D91-4D74-9262-B105AF15C4E1}.Release|x86.Build.0 = Release|x86
		{8A152877-25E1-4621-B27F-8410964A0064}.Debug|ARM.ActiveCfg = Debug|Win32
		{8A152877-25E1-4621-B27F-8410964A0064}.Debug|ARM64.ActiveCfg = Debug|Win32
		{8A152877-25E1-4621-B27F-8410964A0064}.Debug|x64.ActiveCfg = Debug|x64
		{8A152877-25E1-4621-B27F-8410964A0064}.Debug|x64.Build.0 = Debug|x64
		{8A152877-25E1-4621-B27F-8410964A0064}.Debug|x86.ActiveCfg = Debug|Win32
		{8A152877-25E1-4621-B27F-8410964A0064}.Debug|x86.Build.0 = Debug|Win32
		{8A152877-25E1-4621-B27F-8410964A0064}.Release|ARM.ActiveCfg = Release|Win32
		{8A152877-25E1-4621-B27F-8410964A0064}.Release|ARM64.ActiveCfg = Release|Win32
		{8A152877-25E1-4621-B27F-8410964A0064}.Release|x64.ActiveCfg = Release|x64
		{8A152877-25E1-4621-B27F-8410964A0064}.Release|x64.Build.0 = Release|x64
		{8A152877-25E1-4621-B27F-8410964A0064}.Release|x86.ActiveCfg = Release|Win32
		{8A152877-25E1-4621-B27F-8410964A0064}.Release|x86.Build.0 = Release|Win32
		{5554DD42-B106-4F4B-93E6-CEFAE0600422}.Debug|ARM.ActiveCfg = Debug|Win32
		{5554DD42-B106-4F4B-93E6-CEFAE0600422}.Debug|ARM64.ActiveCfg = Debug|Win32
		{5554DD42-B106-4F4B-93E6-CEFAE0600422}.Debug|x64.ActiveCfg = Debug|x64
		{5554DD42-B106-4F4B-93E6-CEFAE0600422}.Debug|x64.Build.0 = Debug|x64
		{5554DD42-B106-4F4B-93E6-CEFAE0600422}.Debug|x86.ActiveCfg = Debug|Win32
		{5554DD42-B106-4F4B-93E6-CEFAE0600422}.Debug|x86.Build.0 = Debug|Win32
		{5554DD42-B106-4F4B-93E6-CEFAE0600422}.Release|ARM.ActiveCfg = Release|Win32
		{5554DD42-B106-4F4B-93E6-CEFAE0600422}.Release|ARM64.ActiveCfg = Release|Win32
		{5554DD42-B106-4F4B-93E6-CEFAE0600422}.Release|x64.ActiveCfg = Release|x64
		{5554DD42-B106-4F4B-93E6-CEFAE0600422}.Release|x64.Build.0 = Release|x64
		{5554DD42-B106-4F4B-93E6-CEFAE0600422}.Release|x86.ActiveCfg = Release|Win32
		{5554DD42-B106-4F4B-93E6-CEFAE0600422}.Release|x86.Build.0 = Release|Win32
		{05926F41-87F3-465E-97E7-002DD43AC4B2}.Debug|ARM.ActiveCfg = Debug|ARM
		{05926F41-87F3-465E-97E7-002DD43AC4B2}.Debug|ARM.Build.0 = Debug|ARM
		{05926F41-87F3-465E-97E7-002DD43AC4B2}.Debug|ARM64.ActiveCfg = Debug|x86
		{05926F41-87F3-465E-97E7-002DD43AC4B2}.Debug|x64.ActiveCfg = Debug|x64
		{05926F41-87F3-465E-97E7-002DD43AC4B2}.Debug|x64.Build.0 = Debug|x64
		{05926F41-87F3-465E-97E7-002DD43AC4B2}.Debug|x86.ActiveCfg = Debug|x86
		{05926F41-87F3-465E-97E7-002DD43AC4B2}.Debug|x86.Build.0 = Debug|x86
		{05926F41-87F3-465E-97E7-002DD43AC4B2}.Release|ARM.ActiveCfg = Release|ARM
		{05926F41-87F3-465E-97E7-002DD43AC4B2}.Release|ARM.Build.0 = Release|ARM
		{05926F41-87F3-465E-97E7-002DD43AC4B2}.Release|ARM64.ActiveCfg = Release|x86
		{05926F41-87F3-465E-97E7-002DD43AC4B2}.Release|x64.ActiveCfg = Release|x64
		{05926F41-87F3-465E-97E7-002DD43AC4B2}.Release|x64.Build.0 = Release|x64
		{05926F41-87F3-465E-97E7-002DD43AC4B2}.Release|x86.ActiveCfg = Release|x86
		{05926F41-87F3-465E-97E7-002DD43AC4B2}.Release|x86.Build.0 = Release|x86
		{527E6385-23B9-40F1-B91B-302EA7E37EF5}.Debug|ARM.ActiveCfg = Debug|ARM
		{527E6385-23B9-40F1-B91B-302EA7E37EF5}.Debug|ARM.Build.0 = Debug|ARM
		{527E6385-23B9-40F1-B91B-302EA7E37EF5}.Debug|ARM64.ActiveCfg = Debug|x86
		{527E6385-23B9-40F1-B91B-302EA7E37EF5}.Debug|x64.ActiveCfg = Debug|x64
		{527E6385-23B9-40F1-B91B-302EA7E37EF5}.Debug|x64.Build.0 = Debug|x64
		{527E6385-23B9-40F1-B91B-302EA7E37EF5}.Debug|x86.ActiveCfg = Debug|x86
		{527E6385-23B9-40F1-B91B-302EA7E37EF5}.Debug|x86.Build.0 = Debug|x86
		{527E6385-23B9-40F1-B91B-302EA7E37EF5}.Release|ARM.ActiveCfg = Release|ARM
		{527E6385-23B9-40F1-B91B-302EA7E37EF5}.Release|ARM.Build.0 = Release|ARM
		{527E6385-23B9-40F1-B91B-302EA7E37EF5}.Release|ARM64.ActiveCfg = Release|x86
		{527E6385-23B9-40F1-B91B-302EA7E37EF5}.Release|x64.ActiveCfg = Release|x64
		{527E6385-23B9-40F1-B91B-302EA7E37EF5}.Release|x64.Build.0 = Release|x64
		{527E6385-23B9-40F1-B91B-302EA7E37EF5}.Release|x86.ActiveCfg = Release|x86
		{527E6385-23B9-40F1-B91B-302EA7E37EF5}.Release|x86.Build.0 = Release|x86
	EndGlobalSection
	GlobalSection(SolutionProperties) = preSolution
		HideSolutionNode = FALSE
	EndGlobalSection
	GlobalSection(NestedProjects) = preSolution
		{F9655C03-FC72-46A5-AC38-A9880F4E98EC} = {557FEF57-265C-4175-8808-1B6A33058FF7}
		{56DD9343-60AB-40C6-B387-F124AA36072D} = {F9655C03-FC72-46A5-AC38-A9880F4E98EC}
		{4C5F1EDA-DF00-4652-A0E1-AE068E906064} = {58F90469-605F-4D78-AA82-7E43ACB66D02}
		{1AC5E64D-18E3-4521-805D-E083933AC19C} = {1007109C-B595-4146-A0ED-6BAAF5E35B21}
		{82C91C93-2D51-4380-BA6E-F343D98D9BA5} = {56DD9343-60AB-40C6-B387-F124AA36072D}
		{66F06996-BAE4-4E21-A687-0C4553C72F30} = {1838AE8B-180C-4B40-9C23-CCB7B1BCACF7}
		{1838AE8B-180C-4B40-9C23-CCB7B1BCACF7} = {58F90469-605F-4D78-AA82-7E43ACB66D02}
		{1007109C-B595-4146-A0ED-6BAAF5E35B21} = {58F90469-605F-4D78-AA82-7E43ACB66D02}
		{CE055A65-9A34-4D99-BDD9-050758F9C84E} = {1838AE8B-180C-4B40-9C23-CCB7B1BCACF7}
		{A62618A6-F5B8-487F-B6BB-DD6B744362D8} = {1007109C-B595-4146-A0ED-6BAAF5E35B21}
		{3AD8FFE5-EB9C-4086-B344-AD1C15EB8856} = {1007109C-B595-4146-A0ED-6BAAF5E35B21}
		{F29E7211-97A2-4755-9464-649A38160D8A} = {F9655C03-FC72-46A5-AC38-A9880F4E98EC}
		{DE89B4BF-FEB7-4FEE-AB5F-85D286295BD7} = {58F90469-605F-4D78-AA82-7E43ACB66D02}
		{F6E372C5-F872-47A1-BD88-3E6087E464ED} = {F9655C03-FC72-46A5-AC38-A9880F4E98EC}
		{219FA9F2-B34A-47D5-BFD9-20FCE4E98F5A} = {56DD9343-60AB-40C6-B387-F124AA36072D}
		{6D3C3D98-6342-40DD-A734-D9B353D9AB7B} = {58F90469-605F-4D78-AA82-7E43ACB66D02}
		{A670F5B5-D452-4EE5-8531-C1CDE3342484} = {1007109C-B595-4146-A0ED-6BAAF5E35B21}
		{147D0885-77B8-4050-8CD5-E4D982E2F888} = {1838AE8B-180C-4B40-9C23-CCB7B1BCACF7}
		{193233AF-A406-4BCC-9FEE-8D39664DEFC2} = {1838AE8B-180C-4B40-9C23-CCB7B1BCACF7}
		{758FA598-B851-4848-BEC0-E039EDBD2E5E} = {1007109C-B595-4146-A0ED-6BAAF5E35B21}
		{62D7BD92-62C4-4B83-8E3B-0AFE3942FE28} = {58F90469-605F-4D78-AA82-7E43ACB66D02}
		{2D570254-9AA8-47E3-8758-9F0BD086F98F} = {557FEF57-265C-4175-8808-1B6A33058FF7}
		{E53F849F-6D91-4D74-9262-B105AF15C4E1} = {2D570254-9AA8-47E3-8758-9F0BD086F98F}
		{0B5EE8AC-871A-4B43-81C8-5DE04B27D8E6} = {557FEF57-265C-4175-8808-1B6A33058FF7}
		{8A152877-25E1-4621-B27F-8410964A0064} = {0B5EE8AC-871A-4B43-81C8-5DE04B27D8E6}
		{45D41ACC-2C3C-43D2-BC10-02AA73FFC7C7} = {58F90469-605F-4D78-AA82-7E43ACB66D02}
		{5554DD42-B106-4F4B-93E6-CEFAE0600422} = {1007109C-B595-4146-A0ED-6BAAF5E35B21}
		{5DE9784D-A837-4E13-91DB-6B4780D8906C} = {58F90469-605F-4D78-AA82-7E43ACB66D02}
		{05926F41-87F3-465E-97E7-002DD43AC4B2} = {5DE9784D-A837-4E13-91DB-6B4780D8906C}
		{527E6385-23B9-40F1-B91B-302EA7E37EF5} = {5DE9784D-A837-4E13-91DB-6B4780D8906C}
	EndGlobalSection
	GlobalSection(ExtensibilityGlobals) = postSolution
		SolutionGuid = {CC6B6C8E-C86B-4D9F-BD63-A4D9390D13EF}
	EndGlobalSection
EndGlobal
