
Microsoft Visual Studio Solution File, Format Version 12.00
# Visual Studio 15
VisualStudioVersion = 15.0.26730.3
MinimumVisualStudioVersion = 10.0.40219.1
Project("{2150E333-8FDC-42A3-9474-1A3956D46DE8}") = "Engine", "Engine", "{58F90469-605F-4D78-AA82-7E43ACB66D02}"
EndProject
Project("{2150E333-8FDC-42A3-9474-1A3956D46DE8}") = "Test", "Test", "{557FEF57-265C-4175-8808-1B6A33058FF7}"
EndProject
Project("{2150E333-8FDC-42A3-9474-1A3956D46DE8}") = "TestNet", "TestNet", "{F9655C03-FC72-46A5-AC38-A9880F4E98EC}"
EndProject
Project("{FAE04EC0-301F-11D3-BF4B-00C04F79EFBC}") = "SFEngineDLL.Sharp", "Engine\Src\SFEngineDLL\SFEngineDLL.Sharp.csproj", "{3AD8FFE5-EB9C-4086-B344-AD1C15EB8856}"
EndProject
Project("{FAE04EC0-301F-11D3-BF4B-00C04F79EFBC}") = "TestNet.WinSharp", "Test\TestNet\TestNet.WinSharp\TestNet.WinSharp.csproj", "{F29E7211-97A2-4755-9464-649A38160D8A}"
EndProject
Project("{FAE04EC0-301F-11D3-BF4B-00C04F79EFBC}") = "CoreSharp", "Engine\Src\CoreSharp\CoreSharp.csproj", "{DE89B4BF-FEB7-4FEE-AB5F-85D286295BD7}"
EndProject
Project("{2150E333-8FDC-42A3-9474-1A3956D46DE8}") = "TestGraphic", "TestGraphic", "{2D570254-9AA8-47E3-8758-9F0BD086F98F}"
EndProject
Project("{FAE04EC0-301F-11D3-BF4B-00C04F79EFBC}") = "TestGraphic.Win", "Test\TestGraphic\TestGraphic.Win\TestGraphic.Win.csproj", "{E53F849F-6D91-4D74-9262-B105AF15C4E1}"
EndProject
Project("{2150E333-8FDC-42A3-9474-1A3956D46DE8}") = "UnitTest", "UnitTest", "{0B5EE8AC-871A-4B43-81C8-5DE04B27D8E6}"
EndProject
Project("{8BC9CEB8-8B4A-11D0-8D11-00A0C91BC942}") = "UnitTest1", "Test\UnitTest\UnitTest1\UnitTest1.vcxproj", "{8A152877-25E1-4621-B27F-8410964A0064}"
EndProject
Project("{8BC9CEB8-8B4A-11D0-8D11-00A0C91BC942}") = "SFEngineTool", "Engine\Src\SFEngineTool\SFEngineTool.vcxitems", "{45D41ACC-2C3C-43D2-BC10-02AA73FFC7C7}"
EndProject
Project("{FAE04EC0-301F-11D3-BF4B-00C04F79EFBC}") = "TestNet.WinSharp.Second", "Test\TestNet\TestNet_WinSharp_Second\TestNet.WinSharp.Second.csproj", "{C0ED12BB-CFEE-4668-8528-8726DD1160F6}"
EndProject
Project("{8BC9CEB8-8B4A-11D0-8D11-00A0C91BC942}") = "SFCore", "buildWindows\x64\Engine\Src\SFCore\SFCore.vcxproj", "{734C0180-4907-3F69-8AB8-4AD5498A41E5}"
EndProject
Project("{8BC9CEB8-8B4A-11D0-8D11-00A0C91BC942}") = "SFEngine", "buildWindows\x64\Engine\Src\SFEngine\SFEngine.vcxproj", "{C9F34879-77C7-3C38-893A-5F55CE151625}"
EndProject
Project("{8BC9CEB8-8B4A-11D0-8D11-00A0C91BC942}") = "SFEngineDLL", "buildWindows\x64\Engine\Src\SFEngineDLL\SFEngineDLL.vcxproj", "{4165E976-2E91-3733-882E-2FC6D5DD9F54}"
EndProject
Project("{8BC9CEB8-8B4A-11D0-8D11-00A0C91BC942}") = "SFProtocol", "buildWindows\x64\Engine\Src\Protocol\SFProtocol.vcxproj", "{001C076B-882F-3816-90FA-1907C5D919EF}"
EndProject
Global
	GlobalSection(SolutionConfigurationPlatforms) = preSolution
		Debug|x64 = Debug|x64
		Debug|x86 = Debug|x86
		MinSizeRel|x64 = MinSizeRel|x64
		MinSizeRel|x86 = MinSizeRel|x86
		Release|x64 = Release|x64
		Release|x86 = Release|x86
		RelWithDebInfo|x64 = RelWithDebInfo|x64
		RelWithDebInfo|x86 = RelWithDebInfo|x86
	EndGlobalSection
	GlobalSection(ProjectConfigurationPlatforms) = postSolution
		{3AD8FFE5-EB9C-4086-B344-AD1C15EB8856}.Debug|x64.ActiveCfg = Debug|x64
		{3AD8FFE5-EB9C-4086-B344-AD1C15EB8856}.Debug|x64.Build.0 = Debug|x64
		{3AD8FFE5-EB9C-4086-B344-AD1C15EB8856}.Debug|x86.ActiveCfg = Debug|Any CPU
		{3AD8FFE5-EB9C-4086-B344-AD1C15EB8856}.Debug|x86.Build.0 = Debug|Any CPU
		{3AD8FFE5-EB9C-4086-B344-AD1C15EB8856}.MinSizeRel|x64.ActiveCfg = Release|x64
		{3AD8FFE5-EB9C-4086-B344-AD1C15EB8856}.MinSizeRel|x64.Build.0 = Release|x64
		{3AD8FFE5-EB9C-4086-B344-AD1C15EB8856}.MinSizeRel|x86.ActiveCfg = Release|Any CPU
		{3AD8FFE5-EB9C-4086-B344-AD1C15EB8856}.MinSizeRel|x86.Build.0 = Release|Any CPU
		{3AD8FFE5-EB9C-4086-B344-AD1C15EB8856}.Release|x64.ActiveCfg = Release|x64
		{3AD8FFE5-EB9C-4086-B344-AD1C15EB8856}.Release|x64.Build.0 = Release|x64
		{3AD8FFE5-EB9C-4086-B344-AD1C15EB8856}.Release|x86.ActiveCfg = Release|Any CPU
		{3AD8FFE5-EB9C-4086-B344-AD1C15EB8856}.Release|x86.Build.0 = Release|Any CPU
		{3AD8FFE5-EB9C-4086-B344-AD1C15EB8856}.RelWithDebInfo|x64.ActiveCfg = Release|x64
		{3AD8FFE5-EB9C-4086-B344-AD1C15EB8856}.RelWithDebInfo|x64.Build.0 = Release|x64
		{3AD8FFE5-EB9C-4086-B344-AD1C15EB8856}.RelWithDebInfo|x86.ActiveCfg = Release|Any CPU
		{3AD8FFE5-EB9C-4086-B344-AD1C15EB8856}.RelWithDebInfo|x86.Build.0 = Release|Any CPU
		{F29E7211-97A2-4755-9464-649A38160D8A}.Debug|x64.ActiveCfg = Debug|x64
		{F29E7211-97A2-4755-9464-649A38160D8A}.Debug|x64.Build.0 = Debug|x64
		{F29E7211-97A2-4755-9464-649A38160D8A}.Debug|x86.ActiveCfg = Debug|x86
		{F29E7211-97A2-4755-9464-649A38160D8A}.Debug|x86.Build.0 = Debug|x86
		{F29E7211-97A2-4755-9464-649A38160D8A}.MinSizeRel|x64.ActiveCfg = Release|x64
		{F29E7211-97A2-4755-9464-649A38160D8A}.MinSizeRel|x64.Build.0 = Release|x64
		{F29E7211-97A2-4755-9464-649A38160D8A}.MinSizeRel|x86.ActiveCfg = Release|x86
		{F29E7211-97A2-4755-9464-649A38160D8A}.MinSizeRel|x86.Build.0 = Release|x86
		{F29E7211-97A2-4755-9464-649A38160D8A}.Release|x64.ActiveCfg = Release|x64
		{F29E7211-97A2-4755-9464-649A38160D8A}.Release|x64.Build.0 = Release|x64
		{F29E7211-97A2-4755-9464-649A38160D8A}.Release|x86.ActiveCfg = Release|Any CPU
		{F29E7211-97A2-4755-9464-649A38160D8A}.Release|x86.Build.0 = Release|Any CPU
		{F29E7211-97A2-4755-9464-649A38160D8A}.RelWithDebInfo|x64.ActiveCfg = Release|x64
		{F29E7211-97A2-4755-9464-649A38160D8A}.RelWithDebInfo|x64.Build.0 = Release|x64
		{F29E7211-97A2-4755-9464-649A38160D8A}.RelWithDebInfo|x86.ActiveCfg = Release|x86
		{F29E7211-97A2-4755-9464-649A38160D8A}.RelWithDebInfo|x86.Build.0 = Release|x86
		{DE89B4BF-FEB7-4FEE-AB5F-85D286295BD7}.Debug|x64.ActiveCfg = Debug|Any CPU
		{DE89B4BF-FEB7-4FEE-AB5F-85D286295BD7}.Debug|x64.Build.0 = Debug|Any CPU
		{DE89B4BF-FEB7-4FEE-AB5F-85D286295BD7}.Debug|x86.ActiveCfg = Debug|Any CPU
		{DE89B4BF-FEB7-4FEE-AB5F-85D286295BD7}.Debug|x86.Build.0 = Debug|Any CPU
		{DE89B4BF-FEB7-4FEE-AB5F-85D286295BD7}.MinSizeRel|x64.ActiveCfg = Debug|x64
		{DE89B4BF-FEB7-4FEE-AB5F-85D286295BD7}.MinSizeRel|x64.Build.0 = Debug|x64
		{DE89B4BF-FEB7-4FEE-AB5F-85D286295BD7}.MinSizeRel|x86.ActiveCfg = Release|Any CPU
		{DE89B4BF-FEB7-4FEE-AB5F-85D286295BD7}.MinSizeRel|x86.Build.0 = Release|Any CPU
		{DE89B4BF-FEB7-4FEE-AB5F-85D286295BD7}.Release|x64.ActiveCfg = Release|Any CPU
		{DE89B4BF-FEB7-4FEE-AB5F-85D286295BD7}.Release|x64.Build.0 = Release|Any CPU
		{DE89B4BF-FEB7-4FEE-AB5F-85D286295BD7}.Release|x86.ActiveCfg = Release|Any CPU
		{DE89B4BF-FEB7-4FEE-AB5F-85D286295BD7}.Release|x86.Build.0 = Release|Any CPU
		{DE89B4BF-FEB7-4FEE-AB5F-85D286295BD7}.RelWithDebInfo|x64.ActiveCfg = Release|x64
		{DE89B4BF-FEB7-4FEE-AB5F-85D286295BD7}.RelWithDebInfo|x64.Build.0 = Release|x64
		{DE89B4BF-FEB7-4FEE-AB5F-85D286295BD7}.RelWithDebInfo|x86.ActiveCfg = Release|Any CPU
		{DE89B4BF-FEB7-4FEE-AB5F-85D286295BD7}.RelWithDebInfo|x86.Build.0 = Release|Any CPU
		{E53F849F-6D91-4D74-9262-B105AF15C4E1}.Debug|x64.ActiveCfg = Debug|x64
		{E53F849F-6D91-4D74-9262-B105AF15C4E1}.Debug|x64.Build.0 = Debug|x64
		{E53F849F-6D91-4D74-9262-B105AF15C4E1}.Debug|x86.ActiveCfg = Debug|x86
		{E53F849F-6D91-4D74-9262-B105AF15C4E1}.Debug|x86.Build.0 = Debug|x86
		{E53F849F-6D91-4D74-9262-B105AF15C4E1}.MinSizeRel|x64.ActiveCfg = Release|x64
		{E53F849F-6D91-4D74-9262-B105AF15C4E1}.MinSizeRel|x64.Build.0 = Release|x64
		{E53F849F-6D91-4D74-9262-B105AF15C4E1}.MinSizeRel|x86.ActiveCfg = Release|x86
		{E53F849F-6D91-4D74-9262-B105AF15C4E1}.MinSizeRel|x86.Build.0 = Release|x86
		{E53F849F-6D91-4D74-9262-B105AF15C4E1}.Release|x64.ActiveCfg = Release|x64
		{E53F849F-6D91-4D74-9262-B105AF15C4E1}.Release|x64.Build.0 = Release|x64
		{E53F849F-6D91-4D74-9262-B105AF15C4E1}.Release|x86.ActiveCfg = Release|x86
		{E53F849F-6D91-4D74-9262-B105AF15C4E1}.Release|x86.Build.0 = Release|x86
		{E53F849F-6D91-4D74-9262-B105AF15C4E1}.RelWithDebInfo|x64.ActiveCfg = Release|x64
		{E53F849F-6D91-4D74-9262-B105AF15C4E1}.RelWithDebInfo|x64.Build.0 = Release|x64
		{E53F849F-6D91-4D74-9262-B105AF15C4E1}.RelWithDebInfo|x86.ActiveCfg = Release|x86
		{E53F849F-6D91-4D74-9262-B105AF15C4E1}.RelWithDebInfo|x86.Build.0 = Release|x86
		{8A152877-25E1-4621-B27F-8410964A0064}.Debug|x64.ActiveCfg = Debug|x64
		{8A152877-25E1-4621-B27F-8410964A0064}.Debug|x64.Build.0 = Debug|x64
		{8A152877-25E1-4621-B27F-8410964A0064}.Debug|x86.ActiveCfg = Debug|Win32
		{8A152877-25E1-4621-B27F-8410964A0064}.Debug|x86.Build.0 = Debug|Win32
		{8A152877-25E1-4621-B27F-8410964A0064}.MinSizeRel|x64.ActiveCfg = Release|x64
		{8A152877-25E1-4621-B27F-8410964A0064}.MinSizeRel|x64.Build.0 = Release|x64
		{8A152877-25E1-4621-B27F-8410964A0064}.MinSizeRel|x86.ActiveCfg = Release|Win32
		{8A152877-25E1-4621-B27F-8410964A0064}.MinSizeRel|x86.Build.0 = Release|Win32
		{8A152877-25E1-4621-B27F-8410964A0064}.Release|x64.ActiveCfg = Release|x64
		{8A152877-25E1-4621-B27F-8410964A0064}.Release|x64.Build.0 = Release|x64
		{8A152877-25E1-4621-B27F-8410964A0064}.Release|x86.ActiveCfg = Release|Win32
		{8A152877-25E1-4621-B27F-8410964A0064}.Release|x86.Build.0 = Release|Win32
		{8A152877-25E1-4621-B27F-8410964A0064}.RelWithDebInfo|x64.ActiveCfg = Release|x64
		{8A152877-25E1-4621-B27F-8410964A0064}.RelWithDebInfo|x64.Build.0 = Release|x64
		{8A152877-25E1-4621-B27F-8410964A0064}.RelWithDebInfo|x86.ActiveCfg = Release|Win32
		{8A152877-25E1-4621-B27F-8410964A0064}.RelWithDebInfo|x86.Build.0 = Release|Win32
		{C0ED12BB-CFEE-4668-8528-8726DD1160F6}.Debug|x64.ActiveCfg = Debug|x64
		{C0ED12BB-CFEE-4668-8528-8726DD1160F6}.Debug|x64.Build.0 = Debug|x64
		{C0ED12BB-CFEE-4668-8528-8726DD1160F6}.Debug|x86.ActiveCfg = Debug|x86
		{C0ED12BB-CFEE-4668-8528-8726DD1160F6}.Debug|x86.Build.0 = Debug|x86
		{C0ED12BB-CFEE-4668-8528-8726DD1160F6}.MinSizeRel|x64.ActiveCfg = Release|x64
		{C0ED12BB-CFEE-4668-8528-8726DD1160F6}.MinSizeRel|x64.Build.0 = Release|x64
		{C0ED12BB-CFEE-4668-8528-8726DD1160F6}.MinSizeRel|x86.ActiveCfg = Release|x86
		{C0ED12BB-CFEE-4668-8528-8726DD1160F6}.MinSizeRel|x86.Build.0 = Release|x86
		{C0ED12BB-CFEE-4668-8528-8726DD1160F6}.Release|x64.ActiveCfg = Release|x64
		{C0ED12BB-CFEE-4668-8528-8726DD1160F6}.Release|x64.Build.0 = Release|x64
		{C0ED12BB-CFEE-4668-8528-8726DD1160F6}.Release|x86.ActiveCfg = Release|x86
		{C0ED12BB-CFEE-4668-8528-8726DD1160F6}.Release|x86.Build.0 = Release|x86
		{C0ED12BB-CFEE-4668-8528-8726DD1160F6}.RelWithDebInfo|x64.ActiveCfg = Release|x64
		{C0ED12BB-CFEE-4668-8528-8726DD1160F6}.RelWithDebInfo|x64.Build.0 = Release|x64
		{C0ED12BB-CFEE-4668-8528-8726DD1160F6}.RelWithDebInfo|x86.ActiveCfg = Release|x86
		{C0ED12BB-CFEE-4668-8528-8726DD1160F6}.RelWithDebInfo|x86.Build.0 = Release|x86
		{734C0180-4907-3F69-8AB8-4AD5498A41E5}.Debug|x64.ActiveCfg = Debug|x64
		{734C0180-4907-3F69-8AB8-4AD5498A41E5}.Debug|x64.Build.0 = Debug|x64
		{734C0180-4907-3F69-8AB8-4AD5498A41E5}.Debug|x86.ActiveCfg = Debug|x64
		{734C0180-4907-3F69-8AB8-4AD5498A41E5}.MinSizeRel|x64.ActiveCfg = MinSizeRel|x64
		{734C0180-4907-3F69-8AB8-4AD5498A41E5}.MinSizeRel|x64.Build.0 = MinSizeRel|x64
		{734C0180-4907-3F69-8AB8-4AD5498A41E5}.MinSizeRel|x86.ActiveCfg = MinSizeRel|x64
		{734C0180-4907-3F69-8AB8-4AD5498A41E5}.Release|x64.ActiveCfg = Release|x64
		{734C0180-4907-3F69-8AB8-4AD5498A41E5}.Release|x64.Build.0 = Release|x64
		{734C0180-4907-3F69-8AB8-4AD5498A41E5}.Release|x86.ActiveCfg = Release|x64
		{734C0180-4907-3F69-8AB8-4AD5498A41E5}.RelWithDebInfo|x64.ActiveCfg = RelWithDebInfo|x64
		{734C0180-4907-3F69-8AB8-4AD5498A41E5}.RelWithDebInfo|x64.Build.0 = RelWithDebInfo|x64
		{734C0180-4907-3F69-8AB8-4AD5498A41E5}.RelWithDebInfo|x86.ActiveCfg = RelWithDebInfo|x64
		{C9F34879-77C7-3C38-893A-5F55CE151625}.Debug|x64.ActiveCfg = Debug|x64
		{C9F34879-77C7-3C38-893A-5F55CE151625}.Debug|x64.Build.0 = Debug|x64
		{C9F34879-77C7-3C38-893A-5F55CE151625}.Debug|x86.ActiveCfg = Debug|x64
		{C9F34879-77C7-3C38-893A-5F55CE151625}.MinSizeRel|x64.ActiveCfg = MinSizeRel|x64
		{C9F34879-77C7-3C38-893A-5F55CE151625}.MinSizeRel|x64.Build.0 = MinSizeRel|x64
		{C9F34879-77C7-3C38-893A-5F55CE151625}.MinSizeRel|x86.ActiveCfg = MinSizeRel|x64
		{C9F34879-77C7-3C38-893A-5F55CE151625}.Release|x64.ActiveCfg = Release|x64
		{C9F34879-77C7-3C38-893A-5F55CE151625}.Release|x64.Build.0 = Release|x64
		{C9F34879-77C7-3C38-893A-5F55CE151625}.Release|x86.ActiveCfg = Release|x64
		{C9F34879-77C7-3C38-893A-5F55CE151625}.RelWithDebInfo|x64.ActiveCfg = RelWithDebInfo|x64
		{C9F34879-77C7-3C38-893A-5F55CE151625}.RelWithDebInfo|x64.Build.0 = RelWithDebInfo|x64
		{C9F34879-77C7-3C38-893A-5F55CE151625}.RelWithDebInfo|x86.ActiveCfg = RelWithDebInfo|x64
		{4165E976-2E91-3733-882E-2FC6D5DD9F54}.Debug|x64.ActiveCfg = Debug|x64
		{4165E976-2E91-3733-882E-2FC6D5DD9F54}.Debug|x64.Build.0 = Debug|x64
		{4165E976-2E91-3733-882E-2FC6D5DD9F54}.Debug|x86.ActiveCfg = Debug|x64
		{4165E976-2E91-3733-882E-2FC6D5DD9F54}.MinSizeRel|x64.ActiveCfg = MinSizeRel|x64
		{4165E976-2E91-3733-882E-2FC6D5DD9F54}.MinSizeRel|x64.Build.0 = MinSizeRel|x64
		{4165E976-2E91-3733-882E-2FC6D5DD9F54}.MinSizeRel|x86.ActiveCfg = MinSizeRel|x64
		{4165E976-2E91-3733-882E-2FC6D5DD9F54}.Release|x64.ActiveCfg = Release|x64
		{4165E976-2E91-3733-882E-2FC6D5DD9F54}.Release|x64.Build.0 = Release|x64
		{4165E976-2E91-3733-882E-2FC6D5DD9F54}.Release|x86.ActiveCfg = Release|x64
		{4165E976-2E91-3733-882E-2FC6D5DD9F54}.RelWithDebInfo|x64.ActiveCfg = RelWithDebInfo|x64
		{4165E976-2E91-3733-882E-2FC6D5DD9F54}.RelWithDebInfo|x64.Build.0 = RelWithDebInfo|x64
		{4165E976-2E91-3733-882E-2FC6D5DD9F54}.RelWithDebInfo|x86.ActiveCfg = RelWithDebInfo|x64
		{001C076B-882F-3816-90FA-1907C5D919EF}.Debug|x64.ActiveCfg = Debug|x64
		{001C076B-882F-3816-90FA-1907C5D919EF}.Debug|x64.Build.0 = Debug|x64
		{001C076B-882F-3816-90FA-1907C5D919EF}.Debug|x86.ActiveCfg = Debug|x64
		{001C076B-882F-3816-90FA-1907C5D919EF}.MinSizeRel|x64.ActiveCfg = MinSizeRel|x64
		{001C076B-882F-3816-90FA-1907C5D919EF}.MinSizeRel|x64.Build.0 = MinSizeRel|x64
		{001C076B-882F-3816-90FA-1907C5D919EF}.MinSizeRel|x86.ActiveCfg = MinSizeRel|x64
		{001C076B-882F-3816-90FA-1907C5D919EF}.Release|x64.ActiveCfg = Release|x64
		{001C076B-882F-3816-90FA-1907C5D919EF}.Release|x64.Build.0 = Release|x64
		{001C076B-882F-3816-90FA-1907C5D919EF}.Release|x86.ActiveCfg = Release|x64
		{001C076B-882F-3816-90FA-1907C5D919EF}.RelWithDebInfo|x64.ActiveCfg = RelWithDebInfo|x64
		{001C076B-882F-3816-90FA-1907C5D919EF}.RelWithDebInfo|x64.Build.0 = RelWithDebInfo|x64
		{001C076B-882F-3816-90FA-1907C5D919EF}.RelWithDebInfo|x86.ActiveCfg = RelWithDebInfo|x64
	EndGlobalSection
	GlobalSection(SolutionProperties) = preSolution
		HideSolutionNode = FALSE
	EndGlobalSection
	GlobalSection(NestedProjects) = preSolution
		{F9655C03-FC72-46A5-AC38-A9880F4E98EC} = {557FEF57-265C-4175-8808-1B6A33058FF7}
		{3AD8FFE5-EB9C-4086-B344-AD1C15EB8856} = {58F90469-605F-4D78-AA82-7E43ACB66D02}
		{F29E7211-97A2-4755-9464-649A38160D8A} = {F9655C03-FC72-46A5-AC38-A9880F4E98EC}
		{DE89B4BF-FEB7-4FEE-AB5F-85D286295BD7} = {58F90469-605F-4D78-AA82-7E43ACB66D02}
		{2D570254-9AA8-47E3-8758-9F0BD086F98F} = {557FEF57-265C-4175-8808-1B6A33058FF7}
		{E53F849F-6D91-4D74-9262-B105AF15C4E1} = {2D570254-9AA8-47E3-8758-9F0BD086F98F}
		{0B5EE8AC-871A-4B43-81C8-5DE04B27D8E6} = {557FEF57-265C-4175-8808-1B6A33058FF7}
		{8A152877-25E1-4621-B27F-8410964A0064} = {0B5EE8AC-871A-4B43-81C8-5DE04B27D8E6}
		{45D41ACC-2C3C-43D2-BC10-02AA73FFC7C7} = {58F90469-605F-4D78-AA82-7E43ACB66D02}
		{C0ED12BB-CFEE-4668-8528-8726DD1160F6} = {F9655C03-FC72-46A5-AC38-A9880F4E98EC}
		{734C0180-4907-3F69-8AB8-4AD5498A41E5} = {58F90469-605F-4D78-AA82-7E43ACB66D02}
		{C9F34879-77C7-3C38-893A-5F55CE151625} = {58F90469-605F-4D78-AA82-7E43ACB66D02}
		{4165E976-2E91-3733-882E-2FC6D5DD9F54} = {58F90469-605F-4D78-AA82-7E43ACB66D02}
		{001C076B-882F-3816-90FA-1907C5D919EF} = {58F90469-605F-4D78-AA82-7E43ACB66D02}
	EndGlobalSection
	GlobalSection(ExtensibilityGlobals) = postSolution
		SolutionGuid = {CC6B6C8E-C86B-4D9F-BD63-A4D9390D13EF}
	EndGlobalSection
EndGlobal
