
Microsoft Visual Studio Solution File, Format Version 12.00
# Visual Studio Version 17
VisualStudioVersion = 17.0.32112.339
MinimumVisualStudioVersion = 10.0.40219.1
Project("{9A19103F-16F7-4668-BE54-9A1E7A4F7556}") = "SFToolLibSharp", "Tools\Src\LibSharp\SFToolLibSharp\SFToolLibSharp.csproj", "{4B5D5C7A-8B72-4C1F-BDAA-FA252BB8BE92}"
EndProject
Project("{9A19103F-16F7-4668-BE54-9A1E7A4F7556}") = "SFProtocolCompiler", "Tools\Src\SFProtocolCompiler\SFProtocolCompiler.csproj", "{29C4C381-86E3-4144-89F8-56B63D17348C}"
	ProjectSection(ProjectDependencies) = postProject
		{21B186B2-9EF3-4BD8-91DD-EE7D095B013B} = {21B186B2-9EF3-4BD8-91DD-EE7D095B013B}
	EndProjectSection
EndProject
Project("{2150E333-8FDC-42A3-9474-1A3956D46DE8}") = "ATF", "ATF", "{2F71C0B2-A1CE-43CB-A37D-61268AC3CAF3}"
EndProject
Project("{FAE04EC0-301F-11D3-BF4B-00C04F79EFBC}") = "Atf.Atgi", "..\ATF\Framework\Atf.Atgi\Atf.Atgi.csproj", "{D1FA9A85-9359-4725-A50F-8A67A77D700C}"
EndProject
Project("{FAE04EC0-301F-11D3-BF4B-00C04F79EFBC}") = "Atf.Collada", "..\ATF\Framework\Atf.Collada\Atf.Collada.csproj", "{6F80048B-E81F-4E06-9438-26C23487777C}"
EndProject
Project("{FAE04EC0-301F-11D3-BF4B-00C04F79EFBC}") = "Atf.Core", "..\ATF\Framework\Atf.Core\Atf.Core.csproj", "{9D1835B6-D1C2-44BA-BAE1-05C6EC442D2F}"
EndProject
Project("{FAE04EC0-301F-11D3-BF4B-00C04F79EFBC}") = "Atf.Gui", "..\ATF\Framework\Atf.Gui\Atf.Gui.csproj", "{4765C2A7-F989-40DB-BC12-FCD67025B93F}"
EndProject
Project("{FAE04EC0-301F-11D3-BF4B-00C04F79EFBC}") = "Atf.Gui.WinForms", "..\ATF\Framework\Atf.Gui.WinForms\Atf.Gui.WinForms.csproj", "{7C36A258-9102-420D-B80A-5EB5717644B6}"
EndProject
Project("{FAE04EC0-301F-11D3-BF4B-00C04F79EFBC}") = "Atf.IronPython", "..\ATF\Framework\Atf.IronPython\Atf.IronPython.csproj", "{7F794C24-7A8D-4D21-B443-F03509669F89}"
EndProject
Project("{FAE04EC0-301F-11D3-BF4B-00C04F79EFBC}") = "Atf.Perforce", "..\ATF\Framework\Atf.Perforce\Atf.Perforce.csproj", "{C7A306E0-32AE-4053-8882-E1A1E702C139}"
EndProject
Project("{FAE04EC0-301F-11D3-BF4B-00C04F79EFBC}") = "Atf.Subversion", "..\ATF\Framework\Atf.Subversion\Atf.Subversion.csproj", "{AD8B5500-D8E2-4609-BECA-C405EA22B1AE}"
EndProject
Project("{FAE04EC0-301F-11D3-BF4B-00C04F79EFBC}") = "Atf.SyntaxEditorControl", "..\ATF\Framework\Atf.SyntaxEditorControl\Atf.SyntaxEditorControl.csproj", "{D1A78912-9AD2-4555-8560-B251A4D751DC}"
EndProject
Project("{FAE04EC0-301F-11D3-BF4B-00C04F79EFBC}") = "Atf.Gui.OpenGL", "..\ATF\Framework\Atf.Gui.OpenGL\Atf.Gui.OpenGL.csproj", "{52D35323-1AA1-4205-A1B0-26C5E5E8D543}"
EndProject
Project("{FAE04EC0-301F-11D3-BF4B-00C04F79EFBC}") = "StormForgeVS", "Tools\Src\StormForgeVS\StormForgeVS.csproj", "{CB6AD4A7-9ED1-42AD-B94E-C0658A70B5E9}"
EndProject
Project("{2150E333-8FDC-42A3-9474-1A3956D46DE8}") = "Tools", "Tools", "{1DE7C6E1-71C6-4A98-BD90-BCA20B620D2D}"
EndProject
Project("{2150E333-8FDC-42A3-9474-1A3956D46DE8}") = "SF", "SF", "{672ACC08-7342-416F-BB6C-5B45DF896AD3}"
EndProject
Project("{9A19103F-16F7-4668-BE54-9A1E7A4F7556}") = "SFCoreSharp", "Engine\Src\SFCoreSharp\SFCoreSharp.csproj", "{DE89B4BF-FEB7-4FEE-AB5F-85D286295BD7}"
EndProject
Project("{9A19103F-16F7-4668-BE54-9A1E7A4F7556}") = "SFLogViewer", "Tools\Src\SFLogViewer\SFLogViewer.csproj", "{DF1D4121-0614-427F-B569-2CBB7935BA05}"
EndProject
Project("{8BC9CEB8-8B4A-11D0-8D11-00A0C91BC942}") = "SFToolLib", "Tools\Src\SFToolLib\SFToolLib.vcxproj", "{21B186B2-9EF3-4BD8-91DD-EE7D095B013B}"
EndProject
Project("{9A19103F-16F7-4668-BE54-9A1E7A4F7556}") = "SFEngineSharp", "Engine\Src\SFEngineSharp\SFEngineSharp.csproj", "{3AD8FFE5-EB9C-4086-B344-AD1C15EB8856}"
EndProject
Project("{9A19103F-16F7-4668-BE54-9A1E7A4F7556}") = "SFResultCodeCompiler", "Tools\Src\SFResultCodeCompiler\SFResultCodeCompiler\SFResultCodeCompiler.csproj", "{3B3542BE-14D5-4A09-86FE-1170A62D306C}"
EndProject
Global
	GlobalSection(SolutionConfigurationPlatforms) = preSolution
		Debug|Any CPU = Debug|Any CPU
		Debug|x64 = Debug|x64
		Debug|x86 = Debug|x86
		Release|Any CPU = Release|Any CPU
		Release|x64 = Release|x64
		Release|x86 = Release|x86
	EndGlobalSection
	GlobalSection(ProjectConfigurationPlatforms) = postSolution
		{4B5D5C7A-8B72-4C1F-BDAA-FA252BB8BE92}.Debug|Any CPU.ActiveCfg = Debug|Any CPU
		{4B5D5C7A-8B72-4C1F-BDAA-FA252BB8BE92}.Debug|Any CPU.Build.0 = Debug|Any CPU
		{4B5D5C7A-8B72-4C1F-BDAA-FA252BB8BE92}.Debug|x64.ActiveCfg = Debug|x64
		{4B5D5C7A-8B72-4C1F-BDAA-FA252BB8BE92}.Debug|x64.Build.0 = Debug|x64
		{4B5D5C7A-8B72-4C1F-BDAA-FA252BB8BE92}.Debug|x86.ActiveCfg = Debug|Any CPU
		{4B5D5C7A-8B72-4C1F-BDAA-FA252BB8BE92}.Debug|x86.Build.0 = Debug|Any CPU
		{4B5D5C7A-8B72-4C1F-BDAA-FA252BB8BE92}.Release|Any CPU.ActiveCfg = Release|Any CPU
		{4B5D5C7A-8B72-4C1F-BDAA-FA252BB8BE92}.Release|Any CPU.Build.0 = Release|Any CPU
		{4B5D5C7A-8B72-4C1F-BDAA-FA252BB8BE92}.Release|x64.ActiveCfg = Release|x64
		{4B5D5C7A-8B72-4C1F-BDAA-FA252BB8BE92}.Release|x64.Build.0 = Release|x64
		{4B5D5C7A-8B72-4C1F-BDAA-FA252BB8BE92}.Release|x86.ActiveCfg = Release|Any CPU
		{4B5D5C7A-8B72-4C1F-BDAA-FA252BB8BE92}.Release|x86.Build.0 = Release|Any CPU
		{29C4C381-86E3-4144-89F8-56B63D17348C}.Debug|Any CPU.ActiveCfg = Debug|x64
		{29C4C381-86E3-4144-89F8-56B63D17348C}.Debug|x64.ActiveCfg = Debug|x64
		{29C4C381-86E3-4144-89F8-56B63D17348C}.Debug|x64.Build.0 = Debug|x64
		{29C4C381-86E3-4144-89F8-56B63D17348C}.Debug|x86.ActiveCfg = Debug|x64
		{29C4C381-86E3-4144-89F8-56B63D17348C}.Release|Any CPU.ActiveCfg = Release|x64
		{29C4C381-86E3-4144-89F8-56B63D17348C}.Release|x64.ActiveCfg = Release|x64
		{29C4C381-86E3-4144-89F8-56B63D17348C}.Release|x64.Build.0 = Release|x64
		{29C4C381-86E3-4144-89F8-56B63D17348C}.Release|x86.ActiveCfg = Release|x64
		{D1FA9A85-9359-4725-A50F-8A67A77D700C}.Debug|Any CPU.ActiveCfg = Debug|Any CPU
		{D1FA9A85-9359-4725-A50F-8A67A77D700C}.Debug|Any CPU.Build.0 = Debug|Any CPU
		{D1FA9A85-9359-4725-A50F-8A67A77D700C}.Debug|x64.ActiveCfg = Debug|x64
		{D1FA9A85-9359-4725-A50F-8A67A77D700C}.Debug|x64.Build.0 = Debug|x64
		{D1FA9A85-9359-4725-A50F-8A67A77D700C}.Debug|x86.ActiveCfg = Debug|Any CPU
		{D1FA9A85-9359-4725-A50F-8A67A77D700C}.Debug|x86.Build.0 = Debug|Any CPU
		{D1FA9A85-9359-4725-A50F-8A67A77D700C}.Release|Any CPU.ActiveCfg = Release|Any CPU
		{D1FA9A85-9359-4725-A50F-8A67A77D700C}.Release|Any CPU.Build.0 = Release|Any CPU
		{D1FA9A85-9359-4725-A50F-8A67A77D700C}.Release|x64.ActiveCfg = Release|x64
		{D1FA9A85-9359-4725-A50F-8A67A77D700C}.Release|x64.Build.0 = Release|x64
		{D1FA9A85-9359-4725-A50F-8A67A77D700C}.Release|x86.ActiveCfg = Release|Any CPU
		{D1FA9A85-9359-4725-A50F-8A67A77D700C}.Release|x86.Build.0 = Release|Any CPU
		{6F80048B-E81F-4E06-9438-26C23487777C}.Debug|Any CPU.ActiveCfg = Debug|Any CPU
		{6F80048B-E81F-4E06-9438-26C23487777C}.Debug|Any CPU.Build.0 = Debug|Any CPU
		{6F80048B-E81F-4E06-9438-26C23487777C}.Debug|x64.ActiveCfg = Debug|x64
		{6F80048B-E81F-4E06-9438-26C23487777C}.Debug|x64.Build.0 = Debug|x64
		{6F80048B-E81F-4E06-9438-26C23487777C}.Debug|x86.ActiveCfg = Debug|Any CPU
		{6F80048B-E81F-4E06-9438-26C23487777C}.Debug|x86.Build.0 = Debug|Any CPU
		{6F80048B-E81F-4E06-9438-26C23487777C}.Release|Any CPU.ActiveCfg = Release|Any CPU
		{6F80048B-E81F-4E06-9438-26C23487777C}.Release|Any CPU.Build.0 = Release|Any CPU
		{6F80048B-E81F-4E06-9438-26C23487777C}.Release|x64.ActiveCfg = Release|x64
		{6F80048B-E81F-4E06-9438-26C23487777C}.Release|x64.Build.0 = Release|x64
		{6F80048B-E81F-4E06-9438-26C23487777C}.Release|x86.ActiveCfg = Release|Any CPU
		{6F80048B-E81F-4E06-9438-26C23487777C}.Release|x86.Build.0 = Release|Any CPU
		{9D1835B6-D1C2-44BA-BAE1-05C6EC442D2F}.Debug|Any CPU.ActiveCfg = Debug|Any CPU
		{9D1835B6-D1C2-44BA-BAE1-05C6EC442D2F}.Debug|Any CPU.Build.0 = Debug|Any CPU
		{9D1835B6-D1C2-44BA-BAE1-05C6EC442D2F}.Debug|x64.ActiveCfg = Debug|x64
		{9D1835B6-D1C2-44BA-BAE1-05C6EC442D2F}.Debug|x64.Build.0 = Debug|x64
		{9D1835B6-D1C2-44BA-BAE1-05C6EC442D2F}.Debug|x86.ActiveCfg = Debug|Any CPU
		{9D1835B6-D1C2-44BA-BAE1-05C6EC442D2F}.Debug|x86.Build.0 = Debug|Any CPU
		{9D1835B6-D1C2-44BA-BAE1-05C6EC442D2F}.Release|Any CPU.ActiveCfg = Release|Any CPU
		{9D1835B6-D1C2-44BA-BAE1-05C6EC442D2F}.Release|Any CPU.Build.0 = Release|Any CPU
		{9D1835B6-D1C2-44BA-BAE1-05C6EC442D2F}.Release|x64.ActiveCfg = Release|x64
		{9D1835B6-D1C2-44BA-BAE1-05C6EC442D2F}.Release|x64.Build.0 = Release|x64
		{9D1835B6-D1C2-44BA-BAE1-05C6EC442D2F}.Release|x86.ActiveCfg = Release|Any CPU
		{9D1835B6-D1C2-44BA-BAE1-05C6EC442D2F}.Release|x86.Build.0 = Release|Any CPU
		{4765C2A7-F989-40DB-BC12-FCD67025B93F}.Debug|Any CPU.ActiveCfg = Debug|Any CPU
		{4765C2A7-F989-40DB-BC12-FCD67025B93F}.Debug|Any CPU.Build.0 = Debug|Any CPU
		{4765C2A7-F989-40DB-BC12-FCD67025B93F}.Debug|x64.ActiveCfg = Debug|x64
		{4765C2A7-F989-40DB-BC12-FCD67025B93F}.Debug|x64.Build.0 = Debug|x64
		{4765C2A7-F989-40DB-BC12-FCD67025B93F}.Debug|x86.ActiveCfg = Debug|Any CPU
		{4765C2A7-F989-40DB-BC12-FCD67025B93F}.Debug|x86.Build.0 = Debug|Any CPU
		{4765C2A7-F989-40DB-BC12-FCD67025B93F}.Release|Any CPU.ActiveCfg = Release|Any CPU
		{4765C2A7-F989-40DB-BC12-FCD67025B93F}.Release|Any CPU.Build.0 = Release|Any CPU
		{4765C2A7-F989-40DB-BC12-FCD67025B93F}.Release|x64.ActiveCfg = Release|x64
		{4765C2A7-F989-40DB-BC12-FCD67025B93F}.Release|x64.Build.0 = Release|x64
		{4765C2A7-F989-40DB-BC12-FCD67025B93F}.Release|x86.ActiveCfg = Release|Any CPU
		{4765C2A7-F989-40DB-BC12-FCD67025B93F}.Release|x86.Build.0 = Release|Any CPU
		{7C36A258-9102-420D-B80A-5EB5717644B6}.Debug|Any CPU.ActiveCfg = Debug|Any CPU
		{7C36A258-9102-420D-B80A-5EB5717644B6}.Debug|Any CPU.Build.0 = Debug|Any CPU
		{7C36A258-9102-420D-B80A-5EB5717644B6}.Debug|x64.ActiveCfg = Debug|x64
		{7C36A258-9102-420D-B80A-5EB5717644B6}.Debug|x64.Build.0 = Debug|x64
		{7C36A258-9102-420D-B80A-5EB5717644B6}.Debug|x86.ActiveCfg = Debug|Any CPU
		{7C36A258-9102-420D-B80A-5EB5717644B6}.Debug|x86.Build.0 = Debug|Any CPU
		{7C36A258-9102-420D-B80A-5EB5717644B6}.Release|Any CPU.ActiveCfg = Release|Any CPU
		{7C36A258-9102-420D-B80A-5EB5717644B6}.Release|Any CPU.Build.0 = Release|Any CPU
		{7C36A258-9102-420D-B80A-5EB5717644B6}.Release|x64.ActiveCfg = Release|x64
		{7C36A258-9102-420D-B80A-5EB5717644B6}.Release|x64.Build.0 = Release|x64
		{7C36A258-9102-420D-B80A-5EB5717644B6}.Release|x86.ActiveCfg = Release|Any CPU
		{7C36A258-9102-420D-B80A-5EB5717644B6}.Release|x86.Build.0 = Release|Any CPU
		{7F794C24-7A8D-4D21-B443-F03509669F89}.Debug|Any CPU.ActiveCfg = Debug|Any CPU
		{7F794C24-7A8D-4D21-B443-F03509669F89}.Debug|Any CPU.Build.0 = Debug|Any CPU
		{7F794C24-7A8D-4D21-B443-F03509669F89}.Debug|x64.ActiveCfg = Debug|x64
		{7F794C24-7A8D-4D21-B443-F03509669F89}.Debug|x64.Build.0 = Debug|x64
		{7F794C24-7A8D-4D21-B443-F03509669F89}.Debug|x86.ActiveCfg = Debug|Any CPU
		{7F794C24-7A8D-4D21-B443-F03509669F89}.Debug|x86.Build.0 = Debug|Any CPU
		{7F794C24-7A8D-4D21-B443-F03509669F89}.Release|Any CPU.ActiveCfg = Release|Any CPU
		{7F794C24-7A8D-4D21-B443-F03509669F89}.Release|Any CPU.Build.0 = Release|Any CPU
		{7F794C24-7A8D-4D21-B443-F03509669F89}.Release|x64.ActiveCfg = Release|x64
		{7F794C24-7A8D-4D21-B443-F03509669F89}.Release|x64.Build.0 = Release|x64
		{7F794C24-7A8D-4D21-B443-F03509669F89}.Release|x86.ActiveCfg = Release|Any CPU
		{7F794C24-7A8D-4D21-B443-F03509669F89}.Release|x86.Build.0 = Release|Any CPU
		{C7A306E0-32AE-4053-8882-E1A1E702C139}.Debug|Any CPU.ActiveCfg = Debug|x86
		{C7A306E0-32AE-4053-8882-E1A1E702C139}.Debug|x64.ActiveCfg = Debug|x64
		{C7A306E0-32AE-4053-8882-E1A1E702C139}.Debug|x64.Build.0 = Debug|x64
		{C7A306E0-32AE-4053-8882-E1A1E702C139}.Debug|x86.ActiveCfg = Debug|x86
		{C7A306E0-32AE-4053-8882-E1A1E702C139}.Debug|x86.Build.0 = Debug|x86
		{C7A306E0-32AE-4053-8882-E1A1E702C139}.Release|Any CPU.ActiveCfg = Release|x86
		{C7A306E0-32AE-4053-8882-E1A1E702C139}.Release|x64.ActiveCfg = Release|x64
		{C7A306E0-32AE-4053-8882-E1A1E702C139}.Release|x64.Build.0 = Release|x64
		{C7A306E0-32AE-4053-8882-E1A1E702C139}.Release|x86.ActiveCfg = Release|x86
		{C7A306E0-32AE-4053-8882-E1A1E702C139}.Release|x86.Build.0 = Release|x86
		{AD8B5500-D8E2-4609-BECA-C405EA22B1AE}.Debug|Any CPU.ActiveCfg = Debug|Any CPU
		{AD8B5500-D8E2-4609-BECA-C405EA22B1AE}.Debug|Any CPU.Build.0 = Debug|Any CPU
		{AD8B5500-D8E2-4609-BECA-C405EA22B1AE}.Debug|x64.ActiveCfg = Debug|x64
		{AD8B5500-D8E2-4609-BECA-C405EA22B1AE}.Debug|x64.Build.0 = Debug|x64
		{AD8B5500-D8E2-4609-BECA-C405EA22B1AE}.Debug|x86.ActiveCfg = Debug|Any CPU
		{AD8B5500-D8E2-4609-BECA-C405EA22B1AE}.Debug|x86.Build.0 = Debug|Any CPU
		{AD8B5500-D8E2-4609-BECA-C405EA22B1AE}.Release|Any CPU.ActiveCfg = Release|Any CPU
		{AD8B5500-D8E2-4609-BECA-C405EA22B1AE}.Release|Any CPU.Build.0 = Release|Any CPU
		{AD8B5500-D8E2-4609-BECA-C405EA22B1AE}.Release|x64.ActiveCfg = Release|x64
		{AD8B5500-D8E2-4609-BECA-C405EA22B1AE}.Release|x64.Build.0 = Release|x64
		{AD8B5500-D8E2-4609-BECA-C405EA22B1AE}.Release|x86.ActiveCfg = Release|Any CPU
		{AD8B5500-D8E2-4609-BECA-C405EA22B1AE}.Release|x86.Build.0 = Release|Any CPU
		{D1A78912-9AD2-4555-8560-B251A4D751DC}.Debug|Any CPU.ActiveCfg = Debug|Any CPU
		{D1A78912-9AD2-4555-8560-B251A4D751DC}.Debug|Any CPU.Build.0 = Debug|Any CPU
		{D1A78912-9AD2-4555-8560-B251A4D751DC}.Debug|x64.ActiveCfg = Debug|x64
		{D1A78912-9AD2-4555-8560-B251A4D751DC}.Debug|x64.Build.0 = Debug|x64
		{D1A78912-9AD2-4555-8560-B251A4D751DC}.Debug|x86.ActiveCfg = Debug|Any CPU
		{D1A78912-9AD2-4555-8560-B251A4D751DC}.Debug|x86.Build.0 = Debug|Any CPU
		{D1A78912-9AD2-4555-8560-B251A4D751DC}.Release|Any CPU.ActiveCfg = Release|Any CPU
		{D1A78912-9AD2-4555-8560-B251A4D751DC}.Release|Any CPU.Build.0 = Release|Any CPU
		{D1A78912-9AD2-4555-8560-B251A4D751DC}.Release|x64.ActiveCfg = Release|x64
		{D1A78912-9AD2-4555-8560-B251A4D751DC}.Release|x64.Build.0 = Release|x64
		{D1A78912-9AD2-4555-8560-B251A4D751DC}.Release|x86.ActiveCfg = Release|Any CPU
		{D1A78912-9AD2-4555-8560-B251A4D751DC}.Release|x86.Build.0 = Release|Any CPU
		{52D35323-1AA1-4205-A1B0-26C5E5E8D543}.Debug|Any CPU.ActiveCfg = Debug|Any CPU
		{52D35323-1AA1-4205-A1B0-26C5E5E8D543}.Debug|Any CPU.Build.0 = Debug|Any CPU
		{52D35323-1AA1-4205-A1B0-26C5E5E8D543}.Debug|x64.ActiveCfg = Debug|x64
		{52D35323-1AA1-4205-A1B0-26C5E5E8D543}.Debug|x64.Build.0 = Debug|x64
		{52D35323-1AA1-4205-A1B0-26C5E5E8D543}.Debug|x86.ActiveCfg = Debug|x86
		{52D35323-1AA1-4205-A1B0-26C5E5E8D543}.Debug|x86.Build.0 = Debug|x86
		{52D35323-1AA1-4205-A1B0-26C5E5E8D543}.Release|Any CPU.ActiveCfg = Release|Any CPU
		{52D35323-1AA1-4205-A1B0-26C5E5E8D543}.Release|Any CPU.Build.0 = Release|Any CPU
		{52D35323-1AA1-4205-A1B0-26C5E5E8D543}.Release|x64.ActiveCfg = Release|x64
		{52D35323-1AA1-4205-A1B0-26C5E5E8D543}.Release|x64.Build.0 = Release|x64
		{52D35323-1AA1-4205-A1B0-26C5E5E8D543}.Release|x86.ActiveCfg = Release|x86
		{52D35323-1AA1-4205-A1B0-26C5E5E8D543}.Release|x86.Build.0 = Release|x86
		{CB6AD4A7-9ED1-42AD-B94E-C0658A70B5E9}.Debug|Any CPU.ActiveCfg = Debug|Any CPU
		{CB6AD4A7-9ED1-42AD-B94E-C0658A70B5E9}.Debug|Any CPU.Build.0 = Debug|Any CPU
		{CB6AD4A7-9ED1-42AD-B94E-C0658A70B5E9}.Debug|x64.ActiveCfg = Debug|x64
		{CB6AD4A7-9ED1-42AD-B94E-C0658A70B5E9}.Debug|x64.Build.0 = Debug|x64
		{CB6AD4A7-9ED1-42AD-B94E-C0658A70B5E9}.Debug|x86.ActiveCfg = Debug|Any CPU
		{CB6AD4A7-9ED1-42AD-B94E-C0658A70B5E9}.Debug|x86.Build.0 = Debug|Any CPU
		{CB6AD4A7-9ED1-42AD-B94E-C0658A70B5E9}.Release|Any CPU.ActiveCfg = Release|Any CPU
		{CB6AD4A7-9ED1-42AD-B94E-C0658A70B5E9}.Release|Any CPU.Build.0 = Release|Any CPU
		{CB6AD4A7-9ED1-42AD-B94E-C0658A70B5E9}.Release|x64.ActiveCfg = Release|Any CPU
		{CB6AD4A7-9ED1-42AD-B94E-C0658A70B5E9}.Release|x64.Build.0 = Release|Any CPU
		{CB6AD4A7-9ED1-42AD-B94E-C0658A70B5E9}.Release|x86.ActiveCfg = Release|Any CPU
		{CB6AD4A7-9ED1-42AD-B94E-C0658A70B5E9}.Release|x86.Build.0 = Release|Any CPU
		{DE89B4BF-FEB7-4FEE-AB5F-85D286295BD7}.Debug|Any CPU.ActiveCfg = Debug|Any CPU
		{DE89B4BF-FEB7-4FEE-AB5F-85D286295BD7}.Debug|Any CPU.Build.0 = Debug|Any CPU
		{DE89B4BF-FEB7-4FEE-AB5F-85D286295BD7}.Debug|x64.ActiveCfg = Debug|x64
		{DE89B4BF-FEB7-4FEE-AB5F-85D286295BD7}.Debug|x64.Build.0 = Debug|x64
		{DE89B4BF-FEB7-4FEE-AB5F-85D286295BD7}.Debug|x86.ActiveCfg = Debug|Any CPU
		{DE89B4BF-FEB7-4FEE-AB5F-85D286295BD7}.Debug|x86.Build.0 = Debug|Any CPU
		{DE89B4BF-FEB7-4FEE-AB5F-85D286295BD7}.Release|Any CPU.ActiveCfg = Release|Any CPU
		{DE89B4BF-FEB7-4FEE-AB5F-85D286295BD7}.Release|Any CPU.Build.0 = Release|Any CPU
		{DE89B4BF-FEB7-4FEE-AB5F-85D286295BD7}.Release|x64.ActiveCfg = Release|x64
		{DE89B4BF-FEB7-4FEE-AB5F-85D286295BD7}.Release|x64.Build.0 = Release|x64
		{DE89B4BF-FEB7-4FEE-AB5F-85D286295BD7}.Release|x86.ActiveCfg = Release|Any CPU
		{DE89B4BF-FEB7-4FEE-AB5F-85D286295BD7}.Release|x86.Build.0 = Release|Any CPU
		{DF1D4121-0614-427F-B569-2CBB7935BA05}.Debug|Any CPU.ActiveCfg = Debug|Any CPU
		{DF1D4121-0614-427F-B569-2CBB7935BA05}.Debug|Any CPU.Build.0 = Debug|Any CPU
		{DF1D4121-0614-427F-B569-2CBB7935BA05}.Debug|x64.ActiveCfg = Debug|x64
		{DF1D4121-0614-427F-B569-2CBB7935BA05}.Debug|x64.Build.0 = Debug|x64
		{DF1D4121-0614-427F-B569-2CBB7935BA05}.Debug|x86.ActiveCfg = Debug|Any CPU
		{DF1D4121-0614-427F-B569-2CBB7935BA05}.Debug|x86.Build.0 = Debug|Any CPU
		{DF1D4121-0614-427F-B569-2CBB7935BA05}.Release|Any CPU.ActiveCfg = Release|Any CPU
		{DF1D4121-0614-427F-B569-2CBB7935BA05}.Release|Any CPU.Build.0 = Release|Any CPU
		{DF1D4121-0614-427F-B569-2CBB7935BA05}.Release|x64.ActiveCfg = Release|x64
		{DF1D4121-0614-427F-B569-2CBB7935BA05}.Release|x64.Build.0 = Release|x64
		{DF1D4121-0614-427F-B569-2CBB7935BA05}.Release|x86.ActiveCfg = Release|Any CPU
		{DF1D4121-0614-427F-B569-2CBB7935BA05}.Release|x86.Build.0 = Release|Any CPU
		{21B186B2-9EF3-4BD8-91DD-EE7D095B013B}.Debug|Any CPU.ActiveCfg = Debug|Win32
		{21B186B2-9EF3-4BD8-91DD-EE7D095B013B}.Debug|x64.ActiveCfg = Debug|x64
		{21B186B2-9EF3-4BD8-91DD-EE7D095B013B}.Debug|x64.Build.0 = Debug|x64
		{21B186B2-9EF3-4BD8-91DD-EE7D095B013B}.Debug|x86.ActiveCfg = Debug|Win32
		{21B186B2-9EF3-4BD8-91DD-EE7D095B013B}.Debug|x86.Build.0 = Debug|Win32
		{21B186B2-9EF3-4BD8-91DD-EE7D095B013B}.Release|Any CPU.ActiveCfg = Release|Win32
		{21B186B2-9EF3-4BD8-91DD-EE7D095B013B}.Release|x64.ActiveCfg = Release|x64
		{21B186B2-9EF3-4BD8-91DD-EE7D095B013B}.Release|x64.Build.0 = Release|x64
		{21B186B2-9EF3-4BD8-91DD-EE7D095B013B}.Release|x86.ActiveCfg = Release|Win32
		{21B186B2-9EF3-4BD8-91DD-EE7D095B013B}.Release|x86.Build.0 = Release|Win32
		{3AD8FFE5-EB9C-4086-B344-AD1C15EB8856}.Debug|Any CPU.ActiveCfg = Debug|Any CPU
		{3AD8FFE5-EB9C-4086-B344-AD1C15EB8856}.Debug|Any CPU.Build.0 = Debug|Any CPU
		{3AD8FFE5-EB9C-4086-B344-AD1C15EB8856}.Debug|x64.ActiveCfg = Debug|x64
		{3AD8FFE5-EB9C-4086-B344-AD1C15EB8856}.Debug|x64.Build.0 = Debug|x64
		{3AD8FFE5-EB9C-4086-B344-AD1C15EB8856}.Debug|x86.ActiveCfg = Debug|Any CPU
		{3AD8FFE5-EB9C-4086-B344-AD1C15EB8856}.Debug|x86.Build.0 = Debug|Any CPU
		{3AD8FFE5-EB9C-4086-B344-AD1C15EB8856}.Release|Any CPU.ActiveCfg = Release|Any CPU
		{3AD8FFE5-EB9C-4086-B344-AD1C15EB8856}.Release|Any CPU.Build.0 = Release|Any CPU
		{3AD8FFE5-EB9C-4086-B344-AD1C15EB8856}.Release|x64.ActiveCfg = Release|x64
		{3AD8FFE5-EB9C-4086-B344-AD1C15EB8856}.Release|x64.Build.0 = Release|x64
		{3AD8FFE5-EB9C-4086-B344-AD1C15EB8856}.Release|x86.ActiveCfg = Release|Any CPU
		{3AD8FFE5-EB9C-4086-B344-AD1C15EB8856}.Release|x86.Build.0 = Release|Any CPU
		{3B3542BE-14D5-4A09-86FE-1170A62D306C}.Debug|Any CPU.ActiveCfg = Debug|Any CPU
		{3B3542BE-14D5-4A09-86FE-1170A62D306C}.Debug|Any CPU.Build.0 = Debug|Any CPU
		{3B3542BE-14D5-4A09-86FE-1170A62D306C}.Debug|x64.ActiveCfg = Debug|x64
		{3B3542BE-14D5-4A09-86FE-1170A62D306C}.Debug|x64.Build.0 = Debug|x64
		{3B3542BE-14D5-4A09-86FE-1170A62D306C}.Debug|x86.ActiveCfg = Debug|Any CPU
		{3B3542BE-14D5-4A09-86FE-1170A62D306C}.Debug|x86.Build.0 = Debug|Any CPU
		{3B3542BE-14D5-4A09-86FE-1170A62D306C}.Release|Any CPU.ActiveCfg = Release|Any CPU
		{3B3542BE-14D5-4A09-86FE-1170A62D306C}.Release|Any CPU.Build.0 = Release|Any CPU
		{3B3542BE-14D5-4A09-86FE-1170A62D306C}.Release|x64.ActiveCfg = Release|x64
		{3B3542BE-14D5-4A09-86FE-1170A62D306C}.Release|x64.Build.0 = Release|x64
		{3B3542BE-14D5-4A09-86FE-1170A62D306C}.Release|x86.ActiveCfg = Release|Any CPU
		{3B3542BE-14D5-4A09-86FE-1170A62D306C}.Release|x86.Build.0 = Release|Any CPU
	EndGlobalSection
	GlobalSection(SolutionProperties) = preSolution
		HideSolutionNode = FALSE
	EndGlobalSection
	GlobalSection(NestedProjects) = preSolution
		{4B5D5C7A-8B72-4C1F-BDAA-FA252BB8BE92} = {1DE7C6E1-71C6-4A98-BD90-BCA20B620D2D}
		{29C4C381-86E3-4144-89F8-56B63D17348C} = {1DE7C6E1-71C6-4A98-BD90-BCA20B620D2D}
		{D1FA9A85-9359-4725-A50F-8A67A77D700C} = {2F71C0B2-A1CE-43CB-A37D-61268AC3CAF3}
		{6F80048B-E81F-4E06-9438-26C23487777C} = {2F71C0B2-A1CE-43CB-A37D-61268AC3CAF3}
		{9D1835B6-D1C2-44BA-BAE1-05C6EC442D2F} = {2F71C0B2-A1CE-43CB-A37D-61268AC3CAF3}
		{4765C2A7-F989-40DB-BC12-FCD67025B93F} = {2F71C0B2-A1CE-43CB-A37D-61268AC3CAF3}
		{7C36A258-9102-420D-B80A-5EB5717644B6} = {2F71C0B2-A1CE-43CB-A37D-61268AC3CAF3}
		{7F794C24-7A8D-4D21-B443-F03509669F89} = {2F71C0B2-A1CE-43CB-A37D-61268AC3CAF3}
		{C7A306E0-32AE-4053-8882-E1A1E702C139} = {2F71C0B2-A1CE-43CB-A37D-61268AC3CAF3}
		{AD8B5500-D8E2-4609-BECA-C405EA22B1AE} = {2F71C0B2-A1CE-43CB-A37D-61268AC3CAF3}
		{D1A78912-9AD2-4555-8560-B251A4D751DC} = {2F71C0B2-A1CE-43CB-A37D-61268AC3CAF3}
		{52D35323-1AA1-4205-A1B0-26C5E5E8D543} = {2F71C0B2-A1CE-43CB-A37D-61268AC3CAF3}
		{CB6AD4A7-9ED1-42AD-B94E-C0658A70B5E9} = {1DE7C6E1-71C6-4A98-BD90-BCA20B620D2D}
		{DE89B4BF-FEB7-4FEE-AB5F-85D286295BD7} = {672ACC08-7342-416F-BB6C-5B45DF896AD3}
		{DF1D4121-0614-427F-B569-2CBB7935BA05} = {1DE7C6E1-71C6-4A98-BD90-BCA20B620D2D}
		{21B186B2-9EF3-4BD8-91DD-EE7D095B013B} = {1DE7C6E1-71C6-4A98-BD90-BCA20B620D2D}
		{3AD8FFE5-EB9C-4086-B344-AD1C15EB8856} = {672ACC08-7342-416F-BB6C-5B45DF896AD3}
		{3B3542BE-14D5-4A09-86FE-1170A62D306C} = {1DE7C6E1-71C6-4A98-BD90-BCA20B620D2D}
	EndGlobalSection
	GlobalSection(ExtensibilityGlobals) = postSolution
		SolutionGuid = {C928778B-94E5-4DA3-9952-77D994D195AA}
	EndGlobalSection
EndGlobal
