
Microsoft Visual Studio Solution File, Format Version 12.00
# Visual Studio 15
VisualStudioVersion = 15.0.26730.3
MinimumVisualStudioVersion = 10.0.40219.1
Project("{2150E333-8FDC-42A3-9474-1A3956D46DE8}") = "Engine", "Engine", "{58F90469-605F-4D78-AA82-7E43ACB66D02}"
EndProject
Project("{2150E333-8FDC-42A3-9474-1A3956D46DE8}") = "Test", "Test", "{557FEF57-265C-4175-8808-1B6A33058FF7}"
EndProject
Project("{2150E333-8FDC-42A3-9474-1A3956D46DE8}") = "TestNet", "TestNet", "{F9655C03-FC72-46A5-AC38-A9880F4E98EC}"
EndProject
Project("{8BC9CEB8-8B4A-11D0-8D11-00A0C91BC942}") = "SFEngine", "Engine\Src\SFEngine\SFEngine.vcxitems", "{4C5F1EDA-DF00-4652-A0E1-AE068E906064}"
EndProject
Project("{2150E333-8FDC-42A3-9474-1A3956D46DE8}") = "Window", "Window", "{1007109C-B595-4146-A0ED-6BAAF5E35B21}"
EndProject
Project("{FAE04EC0-301F-11D3-BF4B-00C04F79EFBC}") = "SFEngineDLL.Sharp", "Engine\Src\SFEngineDLL\SFEngineDLL.Sharp.csproj", "{3AD8FFE5-EB9C-4086-B344-AD1C15EB8856}"
EndProject
Project("{FAE04EC0-301F-11D3-BF4B-00C04F79EFBC}") = "TestNet.WinSharp", "Test\TestNet\TestNet.WinSharp\TestNet.WinSharp.csproj", "{F29E7211-97A2-4755-9464-649A38160D8A}"
EndProject
Project("{FAE04EC0-301F-11D3-BF4B-00C04F79EFBC}") = "CoreSharp", "Engine\Src\CoreSharp\CoreSharp.csproj", "{DE89B4BF-FEB7-4FEE-AB5F-85D286295BD7}"
EndProject
Project("{8BC9CEB8-8B4A-11D0-8D11-00A0C91BC942}") = "SFProtocol", "Engine\Src\Protocol\SFProtocol.vcxitems", "{6D3C3D98-6342-40DD-A734-D9B353D9AB7B}"
EndProject
Project("{8BC9CEB8-8B4A-11D0-8D11-00A0C91BC942}") = "SFCore", "Engine\Src\SFCore\SFCore.vcxitems", "{62D7BD92-62C4-4B83-8E3B-0AFE3942FE28}"
EndProject
Project("{2150E333-8FDC-42A3-9474-1A3956D46DE8}") = "TestGraphic", "TestGraphic", "{2D570254-9AA8-47E3-8758-9F0BD086F98F}"
EndProject
Project("{FAE04EC0-301F-11D3-BF4B-00C04F79EFBC}") = "TestGraphic.Win", "Test\TestGraphic\TestGraphic.Win\TestGraphic.Win.csproj", "{E53F849F-6D91-4D74-9262-B105AF15C4E1}"
EndProject
Project("{2150E333-8FDC-42A3-9474-1A3956D46DE8}") = "UnitTest", "UnitTest", "{0B5EE8AC-871A-4B43-81C8-5DE04B27D8E6}"
EndProject
Project("{8BC9CEB8-8B4A-11D0-8D11-00A0C91BC942}") = "UnitTest1", "Test\UnitTest\UnitTest1\UnitTest1.vcxproj", "{8A152877-25E1-4621-B27F-8410964A0064}"
EndProject
Project("{8BC9CEB8-8B4A-11D0-8D11-00A0C91BC942}") = "SFEngineTool", "Engine\Src\SFEngineTool\SFEngineTool.vcxitems", "{45D41ACC-2C3C-43D2-BC10-02AA73FFC7C7}"
EndProject
Project("{FAE04EC0-301F-11D3-BF4B-00C04F79EFBC}") = "TestNet.WinSharp.Second", "Test\TestNet\TestNet_WinSharp_Second\TestNet.WinSharp.Second.csproj", "{C0ED12BB-CFEE-4668-8528-8726DD1160F6}"
EndProject
Global
	GlobalSection(SharedMSBuildProjectFiles) = preSolution
		Engine\Src\SFEngineTool\SFEngineTool.vcxitems*{45d41acc-2c3c-43d2-bc10-02aa73ffc7c7}*SharedItemsImports = 9
		Engine\Src\SFEngine\SFEngine.vcxitems*{4c5f1eda-df00-4652-a0e1-ae068e906064}*SharedItemsImports = 9
		Engine\Src\SFCore\SFCore.vcxitems*{62d7bd92-62c4-4b83-8e3b-0afe3942fe28}*SharedItemsImports = 9
		Engine\Src\Protocol\SFProtocol.vcxitems*{6d3c3d98-6342-40dd-a734-d9b353d9ab7b}*SharedItemsImports = 9
	EndGlobalSection
	GlobalSection(SolutionConfigurationPlatforms) = preSolution
		Debug|ARM = Debug|ARM
		Debug|ARM64 = Debug|ARM64
		Debug|x64 = Debug|x64
		Debug|x86 = Debug|x86
		Release|ARM = Release|ARM
		Release|ARM64 = Release|ARM64
		Release|x64 = Release|x64
		Release|x86 = Release|x86
	EndGlobalSection
	GlobalSection(ProjectConfigurationPlatforms) = postSolution
		{3AD8FFE5-EB9C-4086-B344-AD1C15EB8856}.Debug|ARM.ActiveCfg = Debug|Any CPU
		{3AD8FFE5-EB9C-4086-B344-AD1C15EB8856}.Debug|ARM64.ActiveCfg = Debug|Any CPU
		{3AD8FFE5-EB9C-4086-B344-AD1C15EB8856}.Debug|ARM64.Build.0 = Debug|Any CPU
		{3AD8FFE5-EB9C-4086-B344-AD1C15EB8856}.Debug|x64.ActiveCfg = Debug|x64
		{3AD8FFE5-EB9C-4086-B344-AD1C15EB8856}.Debug|x64.Build.0 = Debug|x64
		{3AD8FFE5-EB9C-4086-B344-AD1C15EB8856}.Debug|x86.ActiveCfg = Debug|Any CPU
		{3AD8FFE5-EB9C-4086-B344-AD1C15EB8856}.Debug|x86.Build.0 = Debug|Any CPU
		{3AD8FFE5-EB9C-4086-B344-AD1C15EB8856}.Release|ARM.ActiveCfg = Release|Any CPU
		{3AD8FFE5-EB9C-4086-B344-AD1C15EB8856}.Release|ARM.Build.0 = Release|Any CPU
		{3AD8FFE5-EB9C-4086-B344-AD1C15EB8856}.Release|ARM64.ActiveCfg = Release|Any CPU
		{3AD8FFE5-EB9C-4086-B344-AD1C15EB8856}.Release|ARM64.Build.0 = Release|Any CPU
		{3AD8FFE5-EB9C-4086-B344-AD1C15EB8856}.Release|x64.ActiveCfg = Release|x64
		{3AD8FFE5-EB9C-4086-B344-AD1C15EB8856}.Release|x64.Build.0 = Release|x64
		{3AD8FFE5-EB9C-4086-B344-AD1C15EB8856}.Release|x86.ActiveCfg = Release|Any CPU
		{3AD8FFE5-EB9C-4086-B344-AD1C15EB8856}.Release|x86.Build.0 = Release|Any CPU
		{F29E7211-97A2-4755-9464-649A38160D8A}.Debug|ARM.ActiveCfg = Debug|Any CPU
		{F29E7211-97A2-4755-9464-649A38160D8A}.Debug|ARM64.ActiveCfg = Debug|x64
		{F29E7211-97A2-4755-9464-649A38160D8A}.Debug|ARM64.Build.0 = Debug|x64
		{F29E7211-97A2-4755-9464-649A38160D8A}.Debug|x64.ActiveCfg = Debug|x64
		{F29E7211-97A2-4755-9464-649A38160D8A}.Debug|x64.Build.0 = Debug|x64
		{F29E7211-97A2-4755-9464-649A38160D8A}.Debug|x86.ActiveCfg = Debug|x86
		{F29E7211-97A2-4755-9464-649A38160D8A}.Debug|x86.Build.0 = Debug|x86
		{F29E7211-97A2-4755-9464-649A38160D8A}.Release|ARM.ActiveCfg = Release|Any CPU
		{F29E7211-97A2-4755-9464-649A38160D8A}.Release|ARM.Build.0 = Release|Any CPU
		{F29E7211-97A2-4755-9464-649A38160D8A}.Release|ARM64.ActiveCfg = Release|Any CPU
		{F29E7211-97A2-4755-9464-649A38160D8A}.Release|ARM64.Build.0 = Release|Any CPU
		{F29E7211-97A2-4755-9464-649A38160D8A}.Release|x64.ActiveCfg = Release|x64
		{F29E7211-97A2-4755-9464-649A38160D8A}.Release|x64.Build.0 = Release|x64
		{F29E7211-97A2-4755-9464-649A38160D8A}.Release|x86.ActiveCfg = Release|Any CPU
		{F29E7211-97A2-4755-9464-649A38160D8A}.Release|x86.Build.0 = Release|Any CPU
		{DE89B4BF-FEB7-4FEE-AB5F-85D286295BD7}.Debug|ARM.ActiveCfg = Debug|Any CPU
		{DE89B4BF-FEB7-4FEE-AB5F-85D286295BD7}.Debug|ARM64.ActiveCfg = Debug|Any CPU
		{DE89B4BF-FEB7-4FEE-AB5F-85D286295BD7}.Debug|ARM64.Build.0 = Debug|Any CPU
		{DE89B4BF-FEB7-4FEE-AB5F-85D286295BD7}.Debug|x64.ActiveCfg = Debug|Any CPU
		{DE89B4BF-FEB7-4FEE-AB5F-85D286295BD7}.Debug|x64.Build.0 = Debug|Any CPU
		{DE89B4BF-FEB7-4FEE-AB5F-85D286295BD7}.Debug|x86.ActiveCfg = Debug|Any CPU
		{DE89B4BF-FEB7-4FEE-AB5F-85D286295BD7}.Debug|x86.Build.0 = Debug|Any CPU
		{DE89B4BF-FEB7-4FEE-AB5F-85D286295BD7}.Release|ARM.ActiveCfg = Release|x64
		{DE89B4BF-FEB7-4FEE-AB5F-85D286295BD7}.Release|ARM.Build.0 = Release|x64
		{DE89B4BF-FEB7-4FEE-AB5F-85D286295BD7}.Release|ARM64.ActiveCfg = Release|Any CPU
		{DE89B4BF-FEB7-4FEE-AB5F-85D286295BD7}.Release|ARM64.Build.0 = Release|Any CPU
		{DE89B4BF-FEB7-4FEE-AB5F-85D286295BD7}.Release|x64.ActiveCfg = Release|Any CPU
		{DE89B4BF-FEB7-4FEE-AB5F-85D286295BD7}.Release|x64.Build.0 = Release|Any CPU
		{DE89B4BF-FEB7-4FEE-AB5F-85D286295BD7}.Release|x86.ActiveCfg = Release|Any CPU
		{DE89B4BF-FEB7-4FEE-AB5F-85D286295BD7}.Release|x86.Build.0 = Release|Any CPU
		{E53F849F-6D91-4D74-9262-B105AF15C4E1}.Debug|ARM.ActiveCfg = Debug|x86
		{E53F849F-6D91-4D74-9262-B105AF15C4E1}.Debug|ARM64.ActiveCfg = Debug|x64
		{E53F849F-6D91-4D74-9262-B105AF15C4E1}.Debug|x64.ActiveCfg = Debug|x64
		{E53F849F-6D91-4D74-9262-B105AF15C4E1}.Debug|x64.Build.0 = Debug|x64
		{E53F849F-6D91-4D74-9262-B105AF15C4E1}.Debug|x86.ActiveCfg = Debug|x86
		{E53F849F-6D91-4D74-9262-B105AF15C4E1}.Debug|x86.Build.0 = Debug|x86
		{E53F849F-6D91-4D74-9262-B105AF15C4E1}.Release|ARM.ActiveCfg = Release|x86
		{E53F849F-6D91-4D74-9262-B105AF15C4E1}.Release|ARM64.ActiveCfg = Release|x86
		{E53F849F-6D91-4D74-9262-B105AF15C4E1}.Release|x64.ActiveCfg = Release|x64
		{E53F849F-6D91-4D74-9262-B105AF15C4E1}.Release|x64.Build.0 = Release|x64
		{E53F849F-6D91-4D74-9262-B105AF15C4E1}.Release|x86.ActiveCfg = Release|x86
		{E53F849F-6D91-4D74-9262-B105AF15C4E1}.Release|x86.Build.0 = Release|x86
		{8A152877-25E1-4621-B27F-8410964A0064}.Debug|ARM.ActiveCfg = Debug|Win32
		{8A152877-25E1-4621-B27F-8410964A0064}.Debug|ARM64.ActiveCfg = Debug|Win32
		{8A152877-25E1-4621-B27F-8410964A0064}.Debug|x64.ActiveCfg = Debug|x64
		{8A152877-25E1-4621-B27F-8410964A0064}.Debug|x64.Build.0 = Debug|x64
		{8A152877-25E1-4621-B27F-8410964A0064}.Debug|x86.ActiveCfg = Debug|Win32
		{8A152877-25E1-4621-B27F-8410964A0064}.Debug|x86.Build.0 = Debug|Win32
		{8A152877-25E1-4621-B27F-8410964A0064}.Release|ARM.ActiveCfg = Release|Win32
		{8A152877-25E1-4621-B27F-8410964A0064}.Release|ARM64.ActiveCfg = Release|Win32
		{8A152877-25E1-4621-B27F-8410964A0064}.Release|x64.ActiveCfg = Release|x64
		{8A152877-25E1-4621-B27F-8410964A0064}.Release|x64.Build.0 = Release|x64
		{8A152877-25E1-4621-B27F-8410964A0064}.Release|x86.ActiveCfg = Release|Win32
		{8A152877-25E1-4621-B27F-8410964A0064}.Release|x86.Build.0 = Release|Win32
		{C0ED12BB-CFEE-4668-8528-8726DD1160F6}.Debug|ARM.ActiveCfg = Debug|Any CPU
		{C0ED12BB-CFEE-4668-8528-8726DD1160F6}.Debug|ARM64.ActiveCfg = Debug|Any CPU
		{C0ED12BB-CFEE-4668-8528-8726DD1160F6}.Debug|ARM64.Build.0 = Debug|Any CPU
		{C0ED12BB-CFEE-4668-8528-8726DD1160F6}.Debug|x64.ActiveCfg = Debug|x64
		{C0ED12BB-CFEE-4668-8528-8726DD1160F6}.Debug|x64.Build.0 = Debug|x64
		{C0ED12BB-CFEE-4668-8528-8726DD1160F6}.Debug|x86.ActiveCfg = Debug|x86
		{C0ED12BB-CFEE-4668-8528-8726DD1160F6}.Debug|x86.Build.0 = Debug|x86
		{C0ED12BB-CFEE-4668-8528-8726DD1160F6}.Release|ARM.ActiveCfg = Release|Any CPU
		{C0ED12BB-CFEE-4668-8528-8726DD1160F6}.Release|ARM.Build.0 = Release|Any CPU
		{C0ED12BB-CFEE-4668-8528-8726DD1160F6}.Release|ARM64.ActiveCfg = Release|Any CPU
		{C0ED12BB-CFEE-4668-8528-8726DD1160F6}.Release|ARM64.Build.0 = Release|Any CPU
		{C0ED12BB-CFEE-4668-8528-8726DD1160F6}.Release|x64.ActiveCfg = Release|x64
		{C0ED12BB-CFEE-4668-8528-8726DD1160F6}.Release|x64.Build.0 = Release|x64
		{C0ED12BB-CFEE-4668-8528-8726DD1160F6}.Release|x86.ActiveCfg = Release|x86
		{C0ED12BB-CFEE-4668-8528-8726DD1160F6}.Release|x86.Build.0 = Release|x86
	EndGlobalSection
	GlobalSection(SolutionProperties) = preSolution
		HideSolutionNode = FALSE
	EndGlobalSection
	GlobalSection(NestedProjects) = preSolution
		{F9655C03-FC72-46A5-AC38-A9880F4E98EC} = {557FEF57-265C-4175-8808-1B6A33058FF7}
		{4C5F1EDA-DF00-4652-A0E1-AE068E906064} = {58F90469-605F-4D78-AA82-7E43ACB66D02}
		{1007109C-B595-4146-A0ED-6BAAF5E35B21} = {58F90469-605F-4D78-AA82-7E43ACB66D02}
		{3AD8FFE5-EB9C-4086-B344-AD1C15EB8856} = {1007109C-B595-4146-A0ED-6BAAF5E35B21}
		{F29E7211-97A2-4755-9464-649A38160D8A} = {F9655C03-FC72-46A5-AC38-A9880F4E98EC}
		{DE89B4BF-FEB7-4FEE-AB5F-85D286295BD7} = {58F90469-605F-4D78-AA82-7E43ACB66D02}
		{6D3C3D98-6342-40DD-A734-D9B353D9AB7B} = {58F90469-605F-4D78-AA82-7E43ACB66D02}
		{62D7BD92-62C4-4B83-8E3B-0AFE3942FE28} = {58F90469-605F-4D78-AA82-7E43ACB66D02}
		{2D570254-9AA8-47E3-8758-9F0BD086F98F} = {557FEF57-265C-4175-8808-1B6A33058FF7}
		{E53F849F-6D91-4D74-9262-B105AF15C4E1} = {2D570254-9AA8-47E3-8758-9F0BD086F98F}
		{0B5EE8AC-871A-4B43-81C8-5DE04B27D8E6} = {557FEF57-265C-4175-8808-1B6A33058FF7}
		{8A152877-25E1-4621-B27F-8410964A0064} = {0B5EE8AC-871A-4B43-81C8-5DE04B27D8E6}
		{45D41ACC-2C3C-43D2-BC10-02AA73FFC7C7} = {58F90469-605F-4D78-AA82-7E43ACB66D02}
		{C0ED12BB-CFEE-4668-8528-8726DD1160F6} = {F9655C03-FC72-46A5-AC38-A9880F4E98EC}
	EndGlobalSection
	GlobalSection(ExtensibilityGlobals) = postSolution
		SolutionGuid = {CC6B6C8E-C86B-4D9F-BD63-A4D9390D13EF}
	EndGlobalSection
EndGlobal
