
Microsoft Visual Studio Solution File, Format Version 12.00
# Visual Studio 15
VisualStudioVersion = 15.0.27703.2042
MinimumVisualStudioVersion = 10.0.40219.1
Project("{8BC9CEB8-8B4A-11D0-8D11-00A0C91BC942}") = "Curl", "3rdParties\build\Curl\Curl.vcxitems", "{76922776-83C0-4B5B-B2F8-834CF13DC28A}"
EndProject
Project("{8BC9CEB8-8B4A-11D0-8D11-00A0C91BC942}") = "Curl.Android", "3rdParties\build\Curl\Curl.Android.vcxproj", "{C2A5FCC4-3972-46E7-B6E0-FDFBEBAD16DD}"
EndProject
Project("{8BC9CEB8-8B4A-11D0-8D11-00A0C91BC942}") = "devIL", "3rdParties\build\devIL\devIL.vcxitems", "{6242CD51-B8E9-46BA-82FF-88FC46231568}"
EndProject
Project("{8BC9CEB8-8B4A-11D0-8D11-00A0C91BC942}") = "devIL.Android", "3rdParties\build\devIL\devIL.Android.vcxproj", "{23F9782F-57D2-4691-967F-8E1EC45C18C2}"
EndProject
Project("{8BC9CEB8-8B4A-11D0-8D11-00A0C91BC942}") = "freetype", "3rdParties\build\freetype\freetype.vcxitems", "{A292D0C0-A538-4DF6-97E9-315171288803}"
EndProject
Project("{8BC9CEB8-8B4A-11D0-8D11-00A0C91BC942}") = "freetype.Android", "3rdParties\build\freetype\freetype.Android.vcxproj", "{D5E98A0D-5EF3-4AEB-9C65-B760B3B0F258}"
EndProject
Project("{8BC9CEB8-8B4A-11D0-8D11-00A0C91BC942}") = "gtest", "3rdParties\build\gtest\gtest.vcxitems", "{33FE1A2C-958A-42BB-9BAB-4C35F5CFD91A}"
EndProject
Project("{8BC9CEB8-8B4A-11D0-8D11-00A0C91BC942}") = "Iconv", "3rdParties\build\Iconv\Iconv.vcxitems", "{1B5CB73D-B681-4AB7-99F5-3171F77A3F7A}"
EndProject
Project("{8BC9CEB8-8B4A-11D0-8D11-00A0C91BC942}") = "Iconv.Android", "3rdParties\build\Iconv\Iconv.Android.vcxproj", "{B691B0EF-0992-4A71-A570-8A925FD77FF8}"
EndProject
Project("{8BC9CEB8-8B4A-11D0-8D11-00A0C91BC942}") = "jasper", "3rdParties\build\jasper\jasper.vcxitems", "{5440409A-4803-4EB3-BA5B-4084DB45F360}"
EndProject
Project("{8BC9CEB8-8B4A-11D0-8D11-00A0C91BC942}") = "jasper.Android", "3rdParties\build\jasper\jasper.Android.vcxproj", "{83569382-C42D-44E5-AB94-AAF0588DCA82}"
EndProject
Project("{8BC9CEB8-8B4A-11D0-8D11-00A0C91BC942}") = "jpeg", "3rdParties\build\jpeg\jpeg.vcxitems", "{E1B45E3A-3D03-4483-82B1-D39835D2CF6F}"
EndProject
Project("{8BC9CEB8-8B4A-11D0-8D11-00A0C91BC942}") = "jpeg.Android", "3rdParties\build\jpeg\jpeg.Android.vcxproj", "{3EC17DD7-FEC3-47A0-BB8C-201146D5BF60}"
EndProject
Project("{8BC9CEB8-8B4A-11D0-8D11-00A0C91BC942}") = "JsonCPP", "3rdParties\build\JsonCPP\JsonCPP.vcxitems", "{8C1618A0-FC94-44CA-8470-6157478F637D}"
EndProject
Project("{8BC9CEB8-8B4A-11D0-8D11-00A0C91BC942}") = "JsonCPP.Android", "3rdParties\build\JsonCPP\JsonCPP.Android.vcxproj", "{308328CF-590A-46EC-9B5A-A9B6FD41CFDE}"
EndProject
Project("{8BC9CEB8-8B4A-11D0-8D11-00A0C91BC942}") = "lcms", "3rdParties\build\lcms\lcms.vcxitems", "{92FE0727-0412-423A-B024-87AC5E66F8D2}"
EndProject
Project("{8BC9CEB8-8B4A-11D0-8D11-00A0C91BC942}") = "lcms.Android", "3rdParties\build\lcms\lcms.Android.vcxproj", "{F8CDD675-1EA7-4C30-AAB2-C3CD3D4E4E96}"
EndProject
Project("{8BC9CEB8-8B4A-11D0-8D11-00A0C91BC942}") = "libmng", "3rdParties\build\libmng\libmng.vcxitems", "{838095BE-FC88-46EB-B2D2-447A0854A667}"
EndProject
Project("{8BC9CEB8-8B4A-11D0-8D11-00A0C91BC942}") = "libmng.Android", "3rdParties\build\libmng\libmng.Android.vcxproj", "{B8B19C07-D27D-41DB-8EC4-A85FBE7FCEB3}"
EndProject
Project("{8BC9CEB8-8B4A-11D0-8D11-00A0C91BC942}") = "libpng", "3rdParties\build\libpng\libpng.vcxitems", "{2CBB106C-253F-4147-A6B0-98924E29AE8F}"
EndProject
Project("{8BC9CEB8-8B4A-11D0-8D11-00A0C91BC942}") = "libpng.Android", "3rdParties\build\libpng\libpng.Android.vcxproj", "{2A396C6A-2428-4674-A0FE-7061A97CB77A}"
EndProject
Project("{8BC9CEB8-8B4A-11D0-8D11-00A0C91BC942}") = "libtiff", "3rdParties\build\libtiff\libtiff.vcxitems", "{70A89D43-7D2B-47C5-93AE-219EBA2DCB1E}"
EndProject
Project("{8BC9CEB8-8B4A-11D0-8D11-00A0C91BC942}") = "libtiff.Android", "3rdParties\build\libtiff\libtiff.Android.vcxproj", "{58A5E0D8-D1F7-419A-B502-3F5DA0E5A25C}"
EndProject
Project("{8BC9CEB8-8B4A-11D0-8D11-00A0C91BC942}") = "libXML", "3rdParties\build\libXML\libXML.vcxitems", "{D1FBC907-E945-4815-95E1-DC575F0F51A6}"
EndProject
Project("{8BC9CEB8-8B4A-11D0-8D11-00A0C91BC942}") = "libXML.Android", "3rdParties\build\libXML\libXML.Android.vcxproj", "{A107E280-0E71-4139-9FB0-BC549DAABBDB}"
EndProject
Project("{8BC9CEB8-8B4A-11D0-8D11-00A0C91BC942}") = "tinyxml", "3rdParties\build\tinyxml\tinyxml.vcxitems", "{57F5D99E-DFAA-4A58-B13C-8B73F952CE64}"
EndProject
Project("{8BC9CEB8-8B4A-11D0-8D11-00A0C91BC942}") = "tinyxml.Android", "3rdParties\build\tinyxml\tinyxml.Android.vcxproj", "{4B3076BB-B272-49D5-BF61-84406A378B38}"
EndProject
Project("{8BC9CEB8-8B4A-11D0-8D11-00A0C91BC942}") = "ZLib", "3rdParties\build\ZLib\ZLib.vcxitems", "{7FDAFB49-439E-4D36-8506-E353BC307FEC}"
EndProject
Project("{8BC9CEB8-8B4A-11D0-8D11-00A0C91BC942}") = "ZLib.Android", "3rdParties\build\ZLib\ZLib.Android.vcxproj", "{7D1DAFE7-131B-407B-8B81-C40BDC66F9AD}"
EndProject
Project("{8BC9CEB8-8B4A-11D0-8D11-00A0C91BC942}") = "Curl.Win", "3rdParties\build\Curl\Curl.Win.vcxproj", "{AD55A77A-9EB7-4CB9-9843-5D3ED49B738C}"
	ProjectSection(ProjectDependencies) = postProject
		{9CC506FB-7418-4913-B9D7-6739E0CE5128} = {9CC506FB-7418-4913-B9D7-6739E0CE5128}
	EndProjectSection
EndProject
Project("{8BC9CEB8-8B4A-11D0-8D11-00A0C91BC942}") = "devIL.Win", "3rdParties\build\devIL\devIL.Win.vcxproj", "{EE04BA2E-ED9C-4219-91A0-AE3BB42FE064}"
EndProject
Project("{8BC9CEB8-8B4A-11D0-8D11-00A0C91BC942}") = "freetype.Win", "3rdParties\build\freetype\freetype.Win.vcxproj", "{80DDA9A0-BE55-47C3-8DC8-AC9AE5717BAF}"
EndProject
Project("{8BC9CEB8-8B4A-11D0-8D11-00A0C91BC942}") = "Iconv.Win", "3rdParties\build\Iconv\Iconv.Win.vcxproj", "{00326746-2A52-4E74-818B-1C2369F94FFE}"
EndProject
Project("{8BC9CEB8-8B4A-11D0-8D11-00A0C91BC942}") = "jasper.Win", "3rdParties\build\jasper\jasper.Win.vcxproj", "{95DA446B-746C-4ED9-9C49-383E096489FE}"
EndProject
Project("{8BC9CEB8-8B4A-11D0-8D11-00A0C91BC942}") = "jpeg.Win", "3rdParties\build\jpeg\jpeg.Win.vcxproj", "{6EDF1966-8060-4A0D-B1D2-564B1BDA7082}"
EndProject
Project("{8BC9CEB8-8B4A-11D0-8D11-00A0C91BC942}") = "JsonCPP.Win", "3rdParties\build\JsonCPP\JsonCPP.Win.vcxproj", "{B6589A3C-C571-44A6-9545-812E4BC4AEA8}"
EndProject
Project("{8BC9CEB8-8B4A-11D0-8D11-00A0C91BC942}") = "lcms.Win", "3rdParties\build\lcms\lcms.Win.vcxproj", "{F17BE45F-1804-4516-9680-ED4B0BB53673}"
EndProject
Project("{2150E333-8FDC-42A3-9474-1A3956D46DE8}") = "Android", "Android", "{6F4A6983-E6F0-4727-8E4A-09A020C57B07}"
EndProject
Project("{2150E333-8FDC-42A3-9474-1A3956D46DE8}") = "Win", "Win", "{08B2446C-ADD7-4EAF-91BB-BE27099FCC7D}"
EndProject
Project("{8BC9CEB8-8B4A-11D0-8D11-00A0C91BC942}") = "libmng.Win", "3rdParties\build\libmng\libmng.Win.vcxproj", "{28316287-B018-428B-929D-B9D84BCB2C02}"
EndProject
Project("{8BC9CEB8-8B4A-11D0-8D11-00A0C91BC942}") = "libpng.Win", "3rdParties\build\libpng\libpng.Win.vcxproj", "{F342BE5A-A78B-4DCF-A11D-B6E4785BE42F}"
EndProject
Project("{8BC9CEB8-8B4A-11D0-8D11-00A0C91BC942}") = "libtiff.Win", "3rdParties\build\libtiff\libtiff.Win.vcxproj", "{37EE91C5-7C07-460E-850A-85660BA8A774}"
EndProject
Project("{8BC9CEB8-8B4A-11D0-8D11-00A0C91BC942}") = "libXML.Win", "3rdParties\build\libXML\libXML.Win.vcxproj", "{5E84E6A8-20EE-4B30-BD79-08477C0E36E2}"
EndProject
Project("{8BC9CEB8-8B4A-11D0-8D11-00A0C91BC942}") = "tinyxml.Win", "3rdParties\build\tinyxml\tinyxml.Win.vcxproj", "{8B93B1A2-4904-442D-8F4E-13524D84F206}"
EndProject
Project("{8BC9CEB8-8B4A-11D0-8D11-00A0C91BC942}") = "ZLib.Win", "3rdParties\build\ZLib\ZLib.Win.vcxproj", "{418AA763-AC03-4D08-AAE0-F8A7B32D4BCA}"
EndProject
Project("{8BC9CEB8-8B4A-11D0-8D11-00A0C91BC942}") = "zookeeper", "3rdParties\src\zookeeperConnector\zookeeper.vcxproj", "{5754FB2B-5EA5-4988-851D-908CA533A626}"
EndProject
Project("{8BC9CEB8-8B4A-11D0-8D11-00A0C91BC942}") = "libyaml", "3rdParties\build\libyaml\libyaml.vcxitems", "{5C2AB6E0-1A01-425E-AFBB-9D1506AA7DE9}"
EndProject
Project("{8BC9CEB8-8B4A-11D0-8D11-00A0C91BC942}") = "libyaml.Win", "3rdParties\build\libyaml\libyaml.Win.vcxproj", "{8988144C-DFE5-45C0-918A-0910136754E7}"
EndProject
Project("{8BC9CEB8-8B4A-11D0-8D11-00A0C91BC942}") = "libyaml.Android", "3rdParties\build\libyaml\libyaml.Android.vcxproj", "{26F16333-123F-4E6E-B548-DD8CDB587A6F}"
EndProject
Project("{8BC9CEB8-8B4A-11D0-8D11-00A0C91BC942}") = "OpenSSL.Win", "3rdParties\build\OpenSSL\OpenSSL.Win.vcxproj", "{9CC506FB-7418-4913-B9D7-6739E0CE5128}"
EndProject
Project("{8BC9CEB8-8B4A-11D0-8D11-00A0C91BC942}") = "zookeeper", "3rdParties\build\zookeeper\zookeeper\zookeeper.vcxitems", "{F891B50F-A0E2-44BC-8D9D-9C2258721FB1}"
EndProject
Project("{2150E333-8FDC-42A3-9474-1A3956D46DE8}") = "Linux", "Linux", "{B9B3A7B6-3DE2-4426-9466-027CFDBCD5FE}"
EndProject
Project("{8BC9CEB8-8B4A-11D0-8D11-00A0C91BC942}") = "zookeeper.Linux", "3rdParties\build\zookeeper\zookeeper.Linux.vcxproj", "{984648B1-D75F-42F4-AFE3-F137C6BAE698}"
EndProject
Global
	GlobalSection(SharedMSBuildProjectFiles) = preSolution
		3rdParties\build\Iconv\Iconv.vcxitems*{00326746-2a52-4e74-818b-1c2369f94ffe}*SharedItemsImports = 4
		3rdParties\build\Iconv\Iconv.vcxitems*{1b5cb73d-b681-4ab7-99f5-3171f77a3f7a}*SharedItemsImports = 9
		3rdParties\build\devIL\devIL.vcxitems*{23f9782f-57d2-4691-967f-8e1ec45c18c2}*SharedItemsImports = 4
		3rdParties\build\libyaml\libyaml.vcxitems*{26f16333-123f-4e6e-b548-dd8cdb587a6f}*SharedItemsImports = 4
		3rdParties\build\libmng\libmng.vcxitems*{28316287-b018-428b-929d-b9d84bcb2c02}*SharedItemsImports = 4
		3rdParties\build\libpng\libpng.vcxitems*{2a396c6a-2428-4674-a0fe-7061a97cb77a}*SharedItemsImports = 4
		3rdParties\build\libpng\libpng.vcxitems*{2cbb106c-253f-4147-a6b0-98924e29ae8f}*SharedItemsImports = 9
		3rdParties\build\JsonCPP\JsonCPP.vcxitems*{308328cf-590a-46ec-9b5a-a9b6fd41cfde}*SharedItemsImports = 4
		3rdParties\build\gtest\gtest.vcxitems*{33fe1a2c-958a-42bb-9bab-4c35f5cfd91a}*SharedItemsImports = 9
		3rdParties\build\libtiff\libtiff.vcxitems*{37ee91c5-7c07-460e-850a-85660ba8a774}*SharedItemsImports = 4
		3rdParties\build\jpeg\jpeg.vcxitems*{3ec17dd7-fec3-47a0-bb8c-201146d5bf60}*SharedItemsImports = 4
		3rdParties\build\ZLib\ZLib.vcxitems*{418aa763-ac03-4d08-aae0-f8a7b32d4bca}*SharedItemsImports = 4
		3rdParties\build\tinyxml\tinyxml.vcxitems*{4b3076bb-b272-49d5-bf61-84406a378b38}*SharedItemsImports = 4
		3rdParties\build\jasper\jasper.vcxitems*{5440409a-4803-4eb3-ba5b-4084db45f360}*SharedItemsImports = 9
		3rdParties\build\zookeeper\zookeeper\zookeeper.vcxitems*{5754fb2b-5ea5-4988-851d-908ca533a626}*SharedItemsImports = 4
		3rdParties\build\tinyxml\tinyxml.vcxitems*{57f5d99e-dfaa-4a58-b13c-8b73f952ce64}*SharedItemsImports = 9
		3rdParties\build\libtiff\libtiff.vcxitems*{58a5e0d8-d1f7-419a-b502-3f5da0e5a25c}*SharedItemsImports = 4
		3rdParties\build\libyaml\libyaml.vcxitems*{5c2ab6e0-1a01-425e-afbb-9d1506aa7de9}*SharedItemsImports = 9
		3rdParties\build\libXML\libXML.vcxitems*{5e84e6a8-20ee-4b30-bd79-08477c0e36e2}*SharedItemsImports = 4
		3rdParties\build\devIL\devIL.vcxitems*{6242cd51-b8e9-46ba-82ff-88fc46231568}*SharedItemsImports = 9
		3rdParties\build\jpeg\jpeg.vcxitems*{6edf1966-8060-4a0d-b1d2-564b1bda7082}*SharedItemsImports = 4
		3rdParties\build\libtiff\libtiff.vcxitems*{70a89d43-7d2b-47c5-93ae-219eba2dcb1e}*SharedItemsImports = 9
		3rdParties\build\Curl\Curl.vcxitems*{76922776-83c0-4b5b-b2f8-834cf13dc28a}*SharedItemsImports = 9
		3rdParties\build\ZLib\ZLib.vcxitems*{7d1dafe7-131b-407b-8b81-c40bdc66f9ad}*SharedItemsImports = 4
		3rdParties\build\ZLib\ZLib.vcxitems*{7fdafb49-439e-4d36-8506-e353bc307fec}*SharedItemsImports = 9
		3rdParties\build\freetype\freetype.vcxitems*{80dda9a0-be55-47c3-8dc8-ac9ae5717baf}*SharedItemsImports = 4
		3rdParties\build\jasper\jasper.vcxitems*{83569382-c42d-44e5-ab94-aaf0588dca82}*SharedItemsImports = 4
		3rdParties\build\libmng\libmng.vcxitems*{838095be-fc88-46eb-b2d2-447a0854a667}*SharedItemsImports = 9
		3rdParties\build\libyaml\libyaml.vcxitems*{8988144c-dfe5-45c0-918a-0910136754e7}*SharedItemsImports = 4
		3rdParties\build\tinyxml\tinyxml.vcxitems*{8b93b1a2-4904-442d-8f4e-13524d84f206}*SharedItemsImports = 4
		3rdParties\build\JsonCPP\JsonCPP.vcxitems*{8c1618a0-fc94-44ca-8470-6157478f637d}*SharedItemsImports = 9
		3rdParties\build\lcms\lcms.vcxitems*{92fe0727-0412-423a-b024-87ac5e66f8d2}*SharedItemsImports = 9
		3rdParties\build\jasper\jasper.vcxitems*{95da446b-746c-4ed9-9c49-383e096489fe}*SharedItemsImports = 4
		3rdParties\build\zookeeper\zookeeper\zookeeper.vcxitems*{984648b1-d75f-42f4-afe3-f137c6bae698}*SharedItemsImports = 4
		3rdParties\build\libXML\libXML.vcxitems*{a107e280-0e71-4139-9fb0-bc549daabbdb}*SharedItemsImports = 4
		3rdParties\build\freetype\freetype.vcxitems*{a292d0c0-a538-4df6-97e9-315171288803}*SharedItemsImports = 9
		3rdParties\build\Curl\Curl.vcxitems*{ad55a77a-9eb7-4cb9-9843-5d3ed49b738c}*SharedItemsImports = 4
		3rdParties\build\JsonCPP\JsonCPP.vcxitems*{b6589a3c-c571-44a6-9545-812e4bc4aea8}*SharedItemsImports = 4
		3rdParties\build\Iconv\Iconv.vcxitems*{b691b0ef-0992-4a71-a570-8a925fd77ff8}*SharedItemsImports = 4
		3rdParties\build\libmng\libmng.vcxitems*{b8b19c07-d27d-41db-8ec4-a85fbe7fceb3}*SharedItemsImports = 4
		3rdParties\build\Curl\Curl.vcxitems*{c2a5fcc4-3972-46e7-b6e0-fdfbebad16dd}*SharedItemsImports = 4
		3rdParties\build\libXML\libXML.vcxitems*{d1fbc907-e945-4815-95e1-dc575f0f51a6}*SharedItemsImports = 9
		3rdParties\build\freetype\freetype.vcxitems*{d5e98a0d-5ef3-4aeb-9c65-b760b3b0f258}*SharedItemsImports = 4
		3rdParties\build\jpeg\jpeg.vcxitems*{e1b45e3a-3d03-4483-82b1-d39835d2cf6f}*SharedItemsImports = 9
		3rdParties\build\devIL\devIL.vcxitems*{ee04ba2e-ed9c-4219-91a0-ae3bb42fe064}*SharedItemsImports = 4
		3rdParties\build\lcms\lcms.vcxitems*{f17be45f-1804-4516-9680-ed4b0bb53673}*SharedItemsImports = 4
		3rdParties\build\libpng\libpng.vcxitems*{f342be5a-a78b-4dcf-a11d-b6e4785be42f}*SharedItemsImports = 4
		3rdParties\build\zookeeper\zookeeper\zookeeper.vcxitems*{f891b50f-a0e2-44bc-8d9d-9c2258721fb1}*SharedItemsImports = 9
		3rdParties\build\lcms\lcms.vcxitems*{f8cdd675-1ea7-4c30-aab2-c3cd3d4e4e96}*SharedItemsImports = 4
	EndGlobalSection
	GlobalSection(SolutionConfigurationPlatforms) = preSolution
		Debug|ARM = Debug|ARM
		Debug|ARM64 = Debug|ARM64
		Debug|x64 = Debug|x64
		Debug|x86 = Debug|x86
		Release|ARM = Release|ARM
		Release|ARM64 = Release|ARM64
		Release|x64 = Release|x64
		Release|x86 = Release|x86
	EndGlobalSection
	GlobalSection(ProjectConfigurationPlatforms) = postSolution
		{C2A5FCC4-3972-46E7-B6E0-FDFBEBAD16DD}.Debug|ARM.ActiveCfg = Debug|ARM
		{C2A5FCC4-3972-46E7-B6E0-FDFBEBAD16DD}.Debug|ARM.Build.0 = Debug|ARM
		{C2A5FCC4-3972-46E7-B6E0-FDFBEBAD16DD}.Debug|ARM64.ActiveCfg = Debug|ARM64
		{C2A5FCC4-3972-46E7-B6E0-FDFBEBAD16DD}.Debug|ARM64.Build.0 = Debug|ARM64
		{C2A5FCC4-3972-46E7-B6E0-FDFBEBAD16DD}.Debug|x64.ActiveCfg = Debug|x64
		{C2A5FCC4-3972-46E7-B6E0-FDFBEBAD16DD}.Debug|x64.Build.0 = Debug|x64
		{C2A5FCC4-3972-46E7-B6E0-FDFBEBAD16DD}.Debug|x86.ActiveCfg = Debug|x86
		{C2A5FCC4-3972-46E7-B6E0-FDFBEBAD16DD}.Debug|x86.Build.0 = Debug|x86
		{C2A5FCC4-3972-46E7-B6E0-FDFBEBAD16DD}.Release|ARM.ActiveCfg = Release|ARM
		{C2A5FCC4-3972-46E7-B6E0-FDFBEBAD16DD}.Release|ARM.Build.0 = Release|ARM
		{C2A5FCC4-3972-46E7-B6E0-FDFBEBAD16DD}.Release|ARM64.ActiveCfg = Release|ARM64
		{C2A5FCC4-3972-46E7-B6E0-FDFBEBAD16DD}.Release|ARM64.Build.0 = Release|ARM64
		{C2A5FCC4-3972-46E7-B6E0-FDFBEBAD16DD}.Release|x64.ActiveCfg = Release|x64
		{C2A5FCC4-3972-46E7-B6E0-FDFBEBAD16DD}.Release|x64.Build.0 = Release|x64
		{C2A5FCC4-3972-46E7-B6E0-FDFBEBAD16DD}.Release|x86.ActiveCfg = Release|x86
		{C2A5FCC4-3972-46E7-B6E0-FDFBEBAD16DD}.Release|x86.Build.0 = Release|x86
		{23F9782F-57D2-4691-967F-8E1EC45C18C2}.Debug|ARM.ActiveCfg = Debug|ARM
		{23F9782F-57D2-4691-967F-8E1EC45C18C2}.Debug|ARM.Build.0 = Debug|ARM
		{23F9782F-57D2-4691-967F-8E1EC45C18C2}.Debug|ARM64.ActiveCfg = Debug|ARM64
		{23F9782F-57D2-4691-967F-8E1EC45C18C2}.Debug|ARM64.Build.0 = Debug|ARM64
		{23F9782F-57D2-4691-967F-8E1EC45C18C2}.Debug|x64.ActiveCfg = Debug|x64
		{23F9782F-57D2-4691-967F-8E1EC45C18C2}.Debug|x64.Build.0 = Debug|x64
		{23F9782F-57D2-4691-967F-8E1EC45C18C2}.Debug|x86.ActiveCfg = Debug|x86
		{23F9782F-57D2-4691-967F-8E1EC45C18C2}.Debug|x86.Build.0 = Debug|x86
		{23F9782F-57D2-4691-967F-8E1EC45C18C2}.Release|ARM.ActiveCfg = Release|ARM
		{23F9782F-57D2-4691-967F-8E1EC45C18C2}.Release|ARM.Build.0 = Release|ARM
		{23F9782F-57D2-4691-967F-8E1EC45C18C2}.Release|ARM64.ActiveCfg = Release|ARM64
		{23F9782F-57D2-4691-967F-8E1EC45C18C2}.Release|ARM64.Build.0 = Release|ARM64
		{23F9782F-57D2-4691-967F-8E1EC45C18C2}.Release|x64.ActiveCfg = Release|x64
		{23F9782F-57D2-4691-967F-8E1EC45C18C2}.Release|x64.Build.0 = Release|x64
		{23F9782F-57D2-4691-967F-8E1EC45C18C2}.Release|x86.ActiveCfg = Release|x86
		{23F9782F-57D2-4691-967F-8E1EC45C18C2}.Release|x86.Build.0 = Release|x86
		{D5E98A0D-5EF3-4AEB-9C65-B760B3B0F258}.Debug|ARM.ActiveCfg = Debug|ARM
		{D5E98A0D-5EF3-4AEB-9C65-B760B3B0F258}.Debug|ARM.Build.0 = Debug|ARM
		{D5E98A0D-5EF3-4AEB-9C65-B760B3B0F258}.Debug|ARM64.ActiveCfg = Debug|ARM64
		{D5E98A0D-5EF3-4AEB-9C65-B760B3B0F258}.Debug|ARM64.Build.0 = Debug|ARM64
		{D5E98A0D-5EF3-4AEB-9C65-B760B3B0F258}.Debug|x64.ActiveCfg = Debug|x64
		{D5E98A0D-5EF3-4AEB-9C65-B760B3B0F258}.Debug|x64.Build.0 = Debug|x64
		{D5E98A0D-5EF3-4AEB-9C65-B760B3B0F258}.Debug|x86.ActiveCfg = Debug|x86
		{D5E98A0D-5EF3-4AEB-9C65-B760B3B0F258}.Debug|x86.Build.0 = Debug|x86
		{D5E98A0D-5EF3-4AEB-9C65-B760B3B0F258}.Release|ARM.ActiveCfg = Release|ARM
		{D5E98A0D-5EF3-4AEB-9C65-B760B3B0F258}.Release|ARM.Build.0 = Release|ARM
		{D5E98A0D-5EF3-4AEB-9C65-B760B3B0F258}.Release|ARM64.ActiveCfg = Release|ARM64
		{D5E98A0D-5EF3-4AEB-9C65-B760B3B0F258}.Release|ARM64.Build.0 = Release|ARM64
		{D5E98A0D-5EF3-4AEB-9C65-B760B3B0F258}.Release|x64.ActiveCfg = Release|x64
		{D5E98A0D-5EF3-4AEB-9C65-B760B3B0F258}.Release|x64.Build.0 = Release|x64
		{D5E98A0D-5EF3-4AEB-9C65-B760B3B0F258}.Release|x86.ActiveCfg = Release|x86
		{D5E98A0D-5EF3-4AEB-9C65-B760B3B0F258}.Release|x86.Build.0 = Release|x86
		{B691B0EF-0992-4A71-A570-8A925FD77FF8}.Debug|ARM.ActiveCfg = Debug|ARM
		{B691B0EF-0992-4A71-A570-8A925FD77FF8}.Debug|ARM.Build.0 = Debug|ARM
		{B691B0EF-0992-4A71-A570-8A925FD77FF8}.Debug|ARM64.ActiveCfg = Debug|ARM64
		{B691B0EF-0992-4A71-A570-8A925FD77FF8}.Debug|ARM64.Build.0 = Debug|ARM64
		{B691B0EF-0992-4A71-A570-8A925FD77FF8}.Debug|x64.ActiveCfg = Debug|x64
		{B691B0EF-0992-4A71-A570-8A925FD77FF8}.Debug|x64.Build.0 = Debug|x64
		{B691B0EF-0992-4A71-A570-8A925FD77FF8}.Debug|x86.ActiveCfg = Debug|x86
		{B691B0EF-0992-4A71-A570-8A925FD77FF8}.Debug|x86.Build.0 = Debug|x86
		{B691B0EF-0992-4A71-A570-8A925FD77FF8}.Release|ARM.ActiveCfg = Release|ARM
		{B691B0EF-0992-4A71-A570-8A925FD77FF8}.Release|ARM.Build.0 = Release|ARM
		{B691B0EF-0992-4A71-A570-8A925FD77FF8}.Release|ARM64.ActiveCfg = Release|ARM64
		{B691B0EF-0992-4A71-A570-8A925FD77FF8}.Release|ARM64.Build.0 = Release|ARM64
		{B691B0EF-0992-4A71-A570-8A925FD77FF8}.Release|x64.ActiveCfg = Release|x64
		{B691B0EF-0992-4A71-A570-8A925FD77FF8}.Release|x64.Build.0 = Release|x64
		{B691B0EF-0992-4A71-A570-8A925FD77FF8}.Release|x86.ActiveCfg = Release|x86
		{B691B0EF-0992-4A71-A570-8A925FD77FF8}.Release|x86.Build.0 = Release|x86
		{83569382-C42D-44E5-AB94-AAF0588DCA82}.Debug|ARM.ActiveCfg = Debug|ARM
		{83569382-C42D-44E5-AB94-AAF0588DCA82}.Debug|ARM.Build.0 = Debug|ARM
		{83569382-C42D-44E5-AB94-AAF0588DCA82}.Debug|ARM64.ActiveCfg = Debug|ARM64
		{83569382-C42D-44E5-AB94-AAF0588DCA82}.Debug|ARM64.Build.0 = Debug|ARM64
		{83569382-C42D-44E5-AB94-AAF0588DCA82}.Debug|x64.ActiveCfg = Debug|x64
		{83569382-C42D-44E5-AB94-AAF0588DCA82}.Debug|x64.Build.0 = Debug|x64
		{83569382-C42D-44E5-AB94-AAF0588DCA82}.Debug|x86.ActiveCfg = Debug|x86
		{83569382-C42D-44E5-AB94-AAF0588DCA82}.Debug|x86.Build.0 = Debug|x86
		{83569382-C42D-44E5-AB94-AAF0588DCA82}.Release|ARM.ActiveCfg = Release|ARM
		{83569382-C42D-44E5-AB94-AAF0588DCA82}.Release|ARM.Build.0 = Release|ARM
		{83569382-C42D-44E5-AB94-AAF0588DCA82}.Release|ARM64.ActiveCfg = Release|ARM64
		{83569382-C42D-44E5-AB94-AAF0588DCA82}.Release|ARM64.Build.0 = Release|ARM64
		{83569382-C42D-44E5-AB94-AAF0588DCA82}.Release|x64.ActiveCfg = Release|x64
		{83569382-C42D-44E5-AB94-AAF0588DCA82}.Release|x64.Build.0 = Release|x64
		{83569382-C42D-44E5-AB94-AAF0588DCA82}.Release|x86.ActiveCfg = Release|x86
		{83569382-C42D-44E5-AB94-AAF0588DCA82}.Release|x86.Build.0 = Release|x86
		{3EC17DD7-FEC3-47A0-BB8C-201146D5BF60}.Debug|ARM.ActiveCfg = Debug|ARM
		{3EC17DD7-FEC3-47A0-BB8C-201146D5BF60}.Debug|ARM.Build.0 = Debug|ARM
		{3EC17DD7-FEC3-47A0-BB8C-201146D5BF60}.Debug|ARM64.ActiveCfg = Debug|ARM64
		{3EC17DD7-FEC3-47A0-BB8C-201146D5BF60}.Debug|ARM64.Build.0 = Debug|ARM64
		{3EC17DD7-FEC3-47A0-BB8C-201146D5BF60}.Debug|x64.ActiveCfg = Debug|x64
		{3EC17DD7-FEC3-47A0-BB8C-201146D5BF60}.Debug|x64.Build.0 = Debug|x64
		{3EC17DD7-FEC3-47A0-BB8C-201146D5BF60}.Debug|x86.ActiveCfg = Debug|x86
		{3EC17DD7-FEC3-47A0-BB8C-201146D5BF60}.Debug|x86.Build.0 = Debug|x86
		{3EC17DD7-FEC3-47A0-BB8C-201146D5BF60}.Release|ARM.ActiveCfg = Release|ARM
		{3EC17DD7-FEC3-47A0-BB8C-201146D5BF60}.Release|ARM.Build.0 = Release|ARM
		{3EC17DD7-FEC3-47A0-BB8C-201146D5BF60}.Release|ARM64.ActiveCfg = Release|ARM64
		{3EC17DD7-FEC3-47A0-BB8C-201146D5BF60}.Release|ARM64.Build.0 = Release|ARM64
		{3EC17DD7-FEC3-47A0-BB8C-201146D5BF60}.Release|x64.ActiveCfg = Release|x64
		{3EC17DD7-FEC3-47A0-BB8C-201146D5BF60}.Release|x64.Build.0 = Release|x64
		{3EC17DD7-FEC3-47A0-BB8C-201146D5BF60}.Release|x86.ActiveCfg = Release|x86
		{3EC17DD7-FEC3-47A0-BB8C-201146D5BF60}.Release|x86.Build.0 = Release|x86
		{308328CF-590A-46EC-9B5A-A9B6FD41CFDE}.Debug|ARM.ActiveCfg = Debug|ARM
		{308328CF-590A-46EC-9B5A-A9B6FD41CFDE}.Debug|ARM.Build.0 = Debug|ARM
		{308328CF-590A-46EC-9B5A-A9B6FD41CFDE}.Debug|ARM64.ActiveCfg = Debug|ARM64
		{308328CF-590A-46EC-9B5A-A9B6FD41CFDE}.Debug|ARM64.Build.0 = Debug|ARM64
		{308328CF-590A-46EC-9B5A-A9B6FD41CFDE}.Debug|x64.ActiveCfg = Debug|x64
		{308328CF-590A-46EC-9B5A-A9B6FD41CFDE}.Debug|x64.Build.0 = Debug|x64
		{308328CF-590A-46EC-9B5A-A9B6FD41CFDE}.Debug|x86.ActiveCfg = Debug|x86
		{308328CF-590A-46EC-9B5A-A9B6FD41CFDE}.Debug|x86.Build.0 = Debug|x86
		{308328CF-590A-46EC-9B5A-A9B6FD41CFDE}.Release|ARM.ActiveCfg = Release|ARM
		{308328CF-590A-46EC-9B5A-A9B6FD41CFDE}.Release|ARM.Build.0 = Release|ARM
		{308328CF-590A-46EC-9B5A-A9B6FD41CFDE}.Release|ARM64.ActiveCfg = Release|ARM64
		{308328CF-590A-46EC-9B5A-A9B6FD41CFDE}.Release|ARM64.Build.0 = Release|ARM64
		{308328CF-590A-46EC-9B5A-A9B6FD41CFDE}.Release|x64.ActiveCfg = Release|x64
		{308328CF-590A-46EC-9B5A-A9B6FD41CFDE}.Release|x64.Build.0 = Release|x64
		{308328CF-590A-46EC-9B5A-A9B6FD41CFDE}.Release|x86.ActiveCfg = Release|x86
		{308328CF-590A-46EC-9B5A-A9B6FD41CFDE}.Release|x86.Build.0 = Release|x86
		{F8CDD675-1EA7-4C30-AAB2-C3CD3D4E4E96}.Debug|ARM.ActiveCfg = Debug|ARM
		{F8CDD675-1EA7-4C30-AAB2-C3CD3D4E4E96}.Debug|ARM.Build.0 = Debug|ARM
		{F8CDD675-1EA7-4C30-AAB2-C3CD3D4E4E96}.Debug|ARM64.ActiveCfg = Debug|ARM64
		{F8CDD675-1EA7-4C30-AAB2-C3CD3D4E4E96}.Debug|ARM64.Build.0 = Debug|ARM64
		{F8CDD675-1EA7-4C30-AAB2-C3CD3D4E4E96}.Debug|x64.ActiveCfg = Debug|x64
		{F8CDD675-1EA7-4C30-AAB2-C3CD3D4E4E96}.Debug|x64.Build.0 = Debug|x64
		{F8CDD675-1EA7-4C30-AAB2-C3CD3D4E4E96}.Debug|x86.ActiveCfg = Debug|x86
		{F8CDD675-1EA7-4C30-AAB2-C3CD3D4E4E96}.Debug|x86.Build.0 = Debug|x86
		{F8CDD675-1EA7-4C30-AAB2-C3CD3D4E4E96}.Release|ARM.ActiveCfg = Release|ARM
		{F8CDD675-1EA7-4C30-AAB2-C3CD3D4E4E96}.Release|ARM.Build.0 = Release|ARM
		{F8CDD675-1EA7-4C30-AAB2-C3CD3D4E4E96}.Release|ARM64.ActiveCfg = Release|ARM64
		{F8CDD675-1EA7-4C30-AAB2-C3CD3D4E4E96}.Release|ARM64.Build.0 = Release|ARM64
		{F8CDD675-1EA7-4C30-AAB2-C3CD3D4E4E96}.Release|x64.ActiveCfg = Release|x64
		{F8CDD675-1EA7-4C30-AAB2-C3CD3D4E4E96}.Release|x64.Build.0 = Release|x64
		{F8CDD675-1EA7-4C30-AAB2-C3CD3D4E4E96}.Release|x86.ActiveCfg = Release|x86
		{F8CDD675-1EA7-4C30-AAB2-C3CD3D4E4E96}.Release|x86.Build.0 = Release|x86
		{B8B19C07-D27D-41DB-8EC4-A85FBE7FCEB3}.Debug|ARM.ActiveCfg = Debug|ARM
		{B8B19C07-D27D-41DB-8EC4-A85FBE7FCEB3}.Debug|ARM.Build.0 = Debug|ARM
		{B8B19C07-D27D-41DB-8EC4-A85FBE7FCEB3}.Debug|ARM64.ActiveCfg = Debug|ARM64
		{B8B19C07-D27D-41DB-8EC4-A85FBE7FCEB3}.Debug|ARM64.Build.0 = Debug|ARM64
		{B8B19C07-D27D-41DB-8EC4-A85FBE7FCEB3}.Debug|x64.ActiveCfg = Debug|x64
		{B8B19C07-D27D-41DB-8EC4-A85FBE7FCEB3}.Debug|x64.Build.0 = Debug|x64
		{B8B19C07-D27D-41DB-8EC4-A85FBE7FCEB3}.Debug|x86.ActiveCfg = Debug|x86
		{B8B19C07-D27D-41DB-8EC4-A85FBE7FCEB3}.Debug|x86.Build.0 = Debug|x86
		{B8B19C07-D27D-41DB-8EC4-A85FBE7FCEB3}.Release|ARM.ActiveCfg = Release|ARM
		{B8B19C07-D27D-41DB-8EC4-A85FBE7FCEB3}.Release|ARM.Build.0 = Release|ARM
		{B8B19C07-D27D-41DB-8EC4-A85FBE7FCEB3}.Release|ARM64.ActiveCfg = Release|ARM64
		{B8B19C07-D27D-41DB-8EC4-A85FBE7FCEB3}.Release|ARM64.Build.0 = Release|ARM64
		{B8B19C07-D27D-41DB-8EC4-A85FBE7FCEB3}.Release|x64.ActiveCfg = Release|x64
		{B8B19C07-D27D-41DB-8EC4-A85FBE7FCEB3}.Release|x64.Build.0 = Release|x64
		{B8B19C07-D27D-41DB-8EC4-A85FBE7FCEB3}.Release|x86.ActiveCfg = Release|x86
		{B8B19C07-D27D-41DB-8EC4-A85FBE7FCEB3}.Release|x86.Build.0 = Release|x86
		{2A396C6A-2428-4674-A0FE-7061A97CB77A}.Debug|ARM.ActiveCfg = Debug|ARM
		{2A396C6A-2428-4674-A0FE-7061A97CB77A}.Debug|ARM.Build.0 = Debug|ARM
		{2A396C6A-2428-4674-A0FE-7061A97CB77A}.Debug|ARM64.ActiveCfg = Debug|ARM64
		{2A396C6A-2428-4674-A0FE-7061A97CB77A}.Debug|ARM64.Build.0 = Debug|ARM64
		{2A396C6A-2428-4674-A0FE-7061A97CB77A}.Debug|x64.ActiveCfg = Debug|x64
		{2A396C6A-2428-4674-A0FE-7061A97CB77A}.Debug|x64.Build.0 = Debug|x64
		{2A396C6A-2428-4674-A0FE-7061A97CB77A}.Debug|x86.ActiveCfg = Debug|x86
		{2A396C6A-2428-4674-A0FE-7061A97CB77A}.Debug|x86.Build.0 = Debug|x86
		{2A396C6A-2428-4674-A0FE-7061A97CB77A}.Release|ARM.ActiveCfg = Release|ARM
		{2A396C6A-2428-4674-A0FE-7061A97CB77A}.Release|ARM.Build.0 = Release|ARM
		{2A396C6A-2428-4674-A0FE-7061A97CB77A}.Release|ARM64.ActiveCfg = Release|ARM64
		{2A396C6A-2428-4674-A0FE-7061A97CB77A}.Release|ARM64.Build.0 = Release|ARM64
		{2A396C6A-2428-4674-A0FE-7061A97CB77A}.Release|x64.ActiveCfg = Release|x64
		{2A396C6A-2428-4674-A0FE-7061A97CB77A}.Release|x64.Build.0 = Release|x64
		{2A396C6A-2428-4674-A0FE-7061A97CB77A}.Release|x86.ActiveCfg = Release|x86
		{2A396C6A-2428-4674-A0FE-7061A97CB77A}.Release|x86.Build.0 = Release|x86
		{58A5E0D8-D1F7-419A-B502-3F5DA0E5A25C}.Debug|ARM.ActiveCfg = Debug|ARM
		{58A5E0D8-D1F7-419A-B502-3F5DA0E5A25C}.Debug|ARM.Build.0 = Debug|ARM
		{58A5E0D8-D1F7-419A-B502-3F5DA0E5A25C}.Debug|ARM64.ActiveCfg = Debug|ARM64
		{58A5E0D8-D1F7-419A-B502-3F5DA0E5A25C}.Debug|ARM64.Build.0 = Debug|ARM64
		{58A5E0D8-D1F7-419A-B502-3F5DA0E5A25C}.Debug|x64.ActiveCfg = Debug|x64
		{58A5E0D8-D1F7-419A-B502-3F5DA0E5A25C}.Debug|x64.Build.0 = Debug|x64
		{58A5E0D8-D1F7-419A-B502-3F5DA0E5A25C}.Debug|x86.ActiveCfg = Debug|x86
		{58A5E0D8-D1F7-419A-B502-3F5DA0E5A25C}.Debug|x86.Build.0 = Debug|x86
		{58A5E0D8-D1F7-419A-B502-3F5DA0E5A25C}.Release|ARM.ActiveCfg = Release|ARM
		{58A5E0D8-D1F7-419A-B502-3F5DA0E5A25C}.Release|ARM.Build.0 = Release|ARM
		{58A5E0D8-D1F7-419A-B502-3F5DA0E5A25C}.Release|ARM64.ActiveCfg = Release|ARM64
		{58A5E0D8-D1F7-419A-B502-3F5DA0E5A25C}.Release|ARM64.Build.0 = Release|ARM64
		{58A5E0D8-D1F7-419A-B502-3F5DA0E5A25C}.Release|x64.ActiveCfg = Release|x64
		{58A5E0D8-D1F7-419A-B502-3F5DA0E5A25C}.Release|x64.Build.0 = Release|x64
		{58A5E0D8-D1F7-419A-B502-3F5DA0E5A25C}.Release|x86.ActiveCfg = Release|x86
		{58A5E0D8-D1F7-419A-B502-3F5DA0E5A25C}.Release|x86.Build.0 = Release|x86
		{A107E280-0E71-4139-9FB0-BC549DAABBDB}.Debug|ARM.ActiveCfg = Debug|ARM
		{A107E280-0E71-4139-9FB0-BC549DAABBDB}.Debug|ARM.Build.0 = Debug|ARM
		{A107E280-0E71-4139-9FB0-BC549DAABBDB}.Debug|ARM64.ActiveCfg = Debug|ARM64
		{A107E280-0E71-4139-9FB0-BC549DAABBDB}.Debug|ARM64.Build.0 = Debug|ARM64
		{A107E280-0E71-4139-9FB0-BC549DAABBDB}.Debug|x64.ActiveCfg = Debug|x64
		{A107E280-0E71-4139-9FB0-BC549DAABBDB}.Debug|x64.Build.0 = Debug|x64
		{A107E280-0E71-4139-9FB0-BC549DAABBDB}.Debug|x86.ActiveCfg = Debug|x86
		{A107E280-0E71-4139-9FB0-BC549DAABBDB}.Debug|x86.Build.0 = Debug|x86
		{A107E280-0E71-4139-9FB0-BC549DAABBDB}.Release|ARM.ActiveCfg = Release|ARM
		{A107E280-0E71-4139-9FB0-BC549DAABBDB}.Release|ARM.Build.0 = Release|ARM
		{A107E280-0E71-4139-9FB0-BC549DAABBDB}.Release|ARM64.ActiveCfg = Release|ARM64
		{A107E280-0E71-4139-9FB0-BC549DAABBDB}.Release|ARM64.Build.0 = Release|ARM64
		{A107E280-0E71-4139-9FB0-BC549DAABBDB}.Release|x64.ActiveCfg = Release|x64
		{A107E280-0E71-4139-9FB0-BC549DAABBDB}.Release|x64.Build.0 = Release|x64
		{A107E280-0E71-4139-9FB0-BC549DAABBDB}.Release|x86.ActiveCfg = Release|x86
		{A107E280-0E71-4139-9FB0-BC549DAABBDB}.Release|x86.Build.0 = Release|x86
		{4B3076BB-B272-49D5-BF61-84406A378B38}.Debug|ARM.ActiveCfg = Debug|ARM
		{4B3076BB-B272-49D5-BF61-84406A378B38}.Debug|ARM.Build.0 = Debug|ARM
		{4B3076BB-B272-49D5-BF61-84406A378B38}.Debug|ARM64.ActiveCfg = Debug|ARM64
		{4B3076BB-B272-49D5-BF61-84406A378B38}.Debug|ARM64.Build.0 = Debug|ARM64
		{4B3076BB-B272-49D5-BF61-84406A378B38}.Debug|x64.ActiveCfg = Debug|x64
		{4B3076BB-B272-49D5-BF61-84406A378B38}.Debug|x64.Build.0 = Debug|x64
		{4B3076BB-B272-49D5-BF61-84406A378B38}.Debug|x86.ActiveCfg = Debug|x86
		{4B3076BB-B272-49D5-BF61-84406A378B38}.Debug|x86.Build.0 = Debug|x86
		{4B3076BB-B272-49D5-BF61-84406A378B38}.Release|ARM.ActiveCfg = Release|ARM
		{4B3076BB-B272-49D5-BF61-84406A378B38}.Release|ARM.Build.0 = Release|ARM
		{4B3076BB-B272-49D5-BF61-84406A378B38}.Release|ARM64.ActiveCfg = Release|ARM64
		{4B3076BB-B272-49D5-BF61-84406A378B38}.Release|ARM64.Build.0 = Release|ARM64
		{4B3076BB-B272-49D5-BF61-84406A378B38}.Release|x64.ActiveCfg = Release|x64
		{4B3076BB-B272-49D5-BF61-84406A378B38}.Release|x64.Build.0 = Release|x64
		{4B3076BB-B272-49D5-BF61-84406A378B38}.Release|x86.ActiveCfg = Release|x86
		{4B3076BB-B272-49D5-BF61-84406A378B38}.Release|x86.Build.0 = Release|x86
		{7D1DAFE7-131B-407B-8B81-C40BDC66F9AD}.Debug|ARM.ActiveCfg = Debug|ARM
		{7D1DAFE7-131B-407B-8B81-C40BDC66F9AD}.Debug|ARM.Build.0 = Debug|ARM
		{7D1DAFE7-131B-407B-8B81-C40BDC66F9AD}.Debug|ARM64.ActiveCfg = Debug|ARM64
		{7D1DAFE7-131B-407B-8B81-C40BDC66F9AD}.Debug|ARM64.Build.0 = Debug|ARM64
		{7D1DAFE7-131B-407B-8B81-C40BDC66F9AD}.Debug|x64.ActiveCfg = Debug|x64
		{7D1DAFE7-131B-407B-8B81-C40BDC66F9AD}.Debug|x64.Build.0 = Debug|x64
		{7D1DAFE7-131B-407B-8B81-C40BDC66F9AD}.Debug|x86.ActiveCfg = Debug|x86
		{7D1DAFE7-131B-407B-8B81-C40BDC66F9AD}.Debug|x86.Build.0 = Debug|x86
		{7D1DAFE7-131B-407B-8B81-C40BDC66F9AD}.Release|ARM.ActiveCfg = Release|ARM
		{7D1DAFE7-131B-407B-8B81-C40BDC66F9AD}.Release|ARM.Build.0 = Release|ARM
		{7D1DAFE7-131B-407B-8B81-C40BDC66F9AD}.Release|ARM64.ActiveCfg = Release|ARM64
		{7D1DAFE7-131B-407B-8B81-C40BDC66F9AD}.Release|ARM64.Build.0 = Release|ARM64
		{7D1DAFE7-131B-407B-8B81-C40BDC66F9AD}.Release|x64.ActiveCfg = Release|x64
		{7D1DAFE7-131B-407B-8B81-C40BDC66F9AD}.Release|x64.Build.0 = Release|x64
		{7D1DAFE7-131B-407B-8B81-C40BDC66F9AD}.Release|x86.ActiveCfg = Release|x86
		{7D1DAFE7-131B-407B-8B81-C40BDC66F9AD}.Release|x86.Build.0 = Release|x86
		{AD55A77A-9EB7-4CB9-9843-5D3ED49B738C}.Debug|ARM.ActiveCfg = Debug|Win32
		{AD55A77A-9EB7-4CB9-9843-5D3ED49B738C}.Debug|ARM64.ActiveCfg = Debug|Win32
		{AD55A77A-9EB7-4CB9-9843-5D3ED49B738C}.Debug|x64.ActiveCfg = Debug|x64
		{AD55A77A-9EB7-4CB9-9843-5D3ED49B738C}.Debug|x64.Build.0 = Debug|x64
		{AD55A77A-9EB7-4CB9-9843-5D3ED49B738C}.Debug|x86.ActiveCfg = Debug|Win32
		{AD55A77A-9EB7-4CB9-9843-5D3ED49B738C}.Debug|x86.Build.0 = Debug|Win32
		{AD55A77A-9EB7-4CB9-9843-5D3ED49B738C}.Release|ARM.ActiveCfg = Release|Win32
		{AD55A77A-9EB7-4CB9-9843-5D3ED49B738C}.Release|ARM64.ActiveCfg = Release|Win32
		{AD55A77A-9EB7-4CB9-9843-5D3ED49B738C}.Release|x64.ActiveCfg = Release|x64
		{AD55A77A-9EB7-4CB9-9843-5D3ED49B738C}.Release|x64.Build.0 = Release|x64
		{AD55A77A-9EB7-4CB9-9843-5D3ED49B738C}.Release|x86.ActiveCfg = Release|Win32
		{AD55A77A-9EB7-4CB9-9843-5D3ED49B738C}.Release|x86.Build.0 = Release|Win32
		{EE04BA2E-ED9C-4219-91A0-AE3BB42FE064}.Debug|ARM.ActiveCfg = Debug|Win32
		{EE04BA2E-ED9C-4219-91A0-AE3BB42FE064}.Debug|ARM64.ActiveCfg = Debug|Win32
		{EE04BA2E-ED9C-4219-91A0-AE3BB42FE064}.Debug|x64.ActiveCfg = Debug|x64
		{EE04BA2E-ED9C-4219-91A0-AE3BB42FE064}.Debug|x64.Build.0 = Debug|x64
		{EE04BA2E-ED9C-4219-91A0-AE3BB42FE064}.Debug|x86.ActiveCfg = Debug|Win32
		{EE04BA2E-ED9C-4219-91A0-AE3BB42FE064}.Debug|x86.Build.0 = Debug|Win32
		{EE04BA2E-ED9C-4219-91A0-AE3BB42FE064}.Release|ARM.ActiveCfg = Release|Win32
		{EE04BA2E-ED9C-4219-91A0-AE3BB42FE064}.Release|ARM64.ActiveCfg = Release|Win32
		{EE04BA2E-ED9C-4219-91A0-AE3BB42FE064}.Release|x64.ActiveCfg = Release|x64
		{EE04BA2E-ED9C-4219-91A0-AE3BB42FE064}.Release|x64.Build.0 = Release|x64
		{EE04BA2E-ED9C-4219-91A0-AE3BB42FE064}.Release|x86.ActiveCfg = Release|Win32
		{EE04BA2E-ED9C-4219-91A0-AE3BB42FE064}.Release|x86.Build.0 = Release|Win32
		{80DDA9A0-BE55-47C3-8DC8-AC9AE5717BAF}.Debug|ARM.ActiveCfg = Debug|Win32
		{80DDA9A0-BE55-47C3-8DC8-AC9AE5717BAF}.Debug|ARM64.ActiveCfg = Debug|Win32
		{80DDA9A0-BE55-47C3-8DC8-AC9AE5717BAF}.Debug|x64.ActiveCfg = Debug|x64
		{80DDA9A0-BE55-47C3-8DC8-AC9AE5717BAF}.Debug|x64.Build.0 = Debug|x64
		{80DDA9A0-BE55-47C3-8DC8-AC9AE5717BAF}.Debug|x86.ActiveCfg = Debug|Win32
		{80DDA9A0-BE55-47C3-8DC8-AC9AE5717BAF}.Debug|x86.Build.0 = Debug|Win32
		{80DDA9A0-BE55-47C3-8DC8-AC9AE5717BAF}.Release|ARM.ActiveCfg = Release|Win32
		{80DDA9A0-BE55-47C3-8DC8-AC9AE5717BAF}.Release|ARM64.ActiveCfg = Release|Win32
		{80DDA9A0-BE55-47C3-8DC8-AC9AE5717BAF}.Release|x64.ActiveCfg = Release|x64
		{80DDA9A0-BE55-47C3-8DC8-AC9AE5717BAF}.Release|x64.Build.0 = Release|x64
		{80DDA9A0-BE55-47C3-8DC8-AC9AE5717BAF}.Release|x86.ActiveCfg = Release|Win32
		{80DDA9A0-BE55-47C3-8DC8-AC9AE5717BAF}.Release|x86.Build.0 = Release|Win32
		{00326746-2A52-4E74-818B-1C2369F94FFE}.Debug|ARM.ActiveCfg = Debug|Win32
		{00326746-2A52-4E74-818B-1C2369F94FFE}.Debug|ARM64.ActiveCfg = Debug|Win32
		{00326746-2A52-4E74-818B-1C2369F94FFE}.Debug|x64.ActiveCfg = Debug|x64
		{00326746-2A52-4E74-818B-1C2369F94FFE}.Debug|x64.Build.0 = Debug|x64
		{00326746-2A52-4E74-818B-1C2369F94FFE}.Debug|x86.ActiveCfg = Debug|Win32
		{00326746-2A52-4E74-818B-1C2369F94FFE}.Debug|x86.Build.0 = Debug|Win32
		{00326746-2A52-4E74-818B-1C2369F94FFE}.Release|ARM.ActiveCfg = Release|Win32
		{00326746-2A52-4E74-818B-1C2369F94FFE}.Release|ARM64.ActiveCfg = Release|Win32
		{00326746-2A52-4E74-818B-1C2369F94FFE}.Release|x64.ActiveCfg = Release|x64
		{00326746-2A52-4E74-818B-1C2369F94FFE}.Release|x64.Build.0 = Release|x64
		{00326746-2A52-4E74-818B-1C2369F94FFE}.Release|x86.ActiveCfg = Release|Win32
		{00326746-2A52-4E74-818B-1C2369F94FFE}.Release|x86.Build.0 = Release|Win32
		{95DA446B-746C-4ED9-9C49-383E096489FE}.Debug|ARM.ActiveCfg = Debug|Win32
		{95DA446B-746C-4ED9-9C49-383E096489FE}.Debug|ARM64.ActiveCfg = Debug|Win32
		{95DA446B-746C-4ED9-9C49-383E096489FE}.Debug|x64.ActiveCfg = Debug|x64
		{95DA446B-746C-4ED9-9C49-383E096489FE}.Debug|x64.Build.0 = Debug|x64
		{95DA446B-746C-4ED9-9C49-383E096489FE}.Debug|x86.ActiveCfg = Debug|Win32
		{95DA446B-746C-4ED9-9C49-383E096489FE}.Debug|x86.Build.0 = Debug|Win32
		{95DA446B-746C-4ED9-9C49-383E096489FE}.Release|ARM.ActiveCfg = Release|Win32
		{95DA446B-746C-4ED9-9C49-383E096489FE}.Release|ARM64.ActiveCfg = Release|Win32
		{95DA446B-746C-4ED9-9C49-383E096489FE}.Release|x64.ActiveCfg = Release|x64
		{95DA446B-746C-4ED9-9C49-383E096489FE}.Release|x64.Build.0 = Release|x64
		{95DA446B-746C-4ED9-9C49-383E096489FE}.Release|x86.ActiveCfg = Release|Win32
		{95DA446B-746C-4ED9-9C49-383E096489FE}.Release|x86.Build.0 = Release|Win32
		{6EDF1966-8060-4A0D-B1D2-564B1BDA7082}.Debug|ARM.ActiveCfg = Debug|Win32
		{6EDF1966-8060-4A0D-B1D2-564B1BDA7082}.Debug|ARM64.ActiveCfg = Debug|Win32
		{6EDF1966-8060-4A0D-B1D2-564B1BDA7082}.Debug|x64.ActiveCfg = Debug|x64
		{6EDF1966-8060-4A0D-B1D2-564B1BDA7082}.Debug|x64.Build.0 = Debug|x64
		{6EDF1966-8060-4A0D-B1D2-564B1BDA7082}.Debug|x86.ActiveCfg = Debug|Win32
		{6EDF1966-8060-4A0D-B1D2-564B1BDA7082}.Debug|x86.Build.0 = Debug|Win32
		{6EDF1966-8060-4A0D-B1D2-564B1BDA7082}.Release|ARM.ActiveCfg = Release|Win32
		{6EDF1966-8060-4A0D-B1D2-564B1BDA7082}.Release|ARM64.ActiveCfg = Release|Win32
		{6EDF1966-8060-4A0D-B1D2-564B1BDA7082}.Release|x64.ActiveCfg = Release|x64
		{6EDF1966-8060-4A0D-B1D2-564B1BDA7082}.Release|x64.Build.0 = Release|x64
		{6EDF1966-8060-4A0D-B1D2-564B1BDA7082}.Release|x86.ActiveCfg = Release|Win32
		{6EDF1966-8060-4A0D-B1D2-564B1BDA7082}.Release|x86.Build.0 = Release|Win32
		{B6589A3C-C571-44A6-9545-812E4BC4AEA8}.Debug|ARM.ActiveCfg = Debug|Win32
		{B6589A3C-C571-44A6-9545-812E4BC4AEA8}.Debug|ARM64.ActiveCfg = Debug|Win32
		{B6589A3C-C571-44A6-9545-812E4BC4AEA8}.Debug|x64.ActiveCfg = Debug|x64
		{B6589A3C-C571-44A6-9545-812E4BC4AEA8}.Debug|x64.Build.0 = Debug|x64
		{B6589A3C-C571-44A6-9545-812E4BC4AEA8}.Debug|x86.ActiveCfg = Debug|Win32
		{B6589A3C-C571-44A6-9545-812E4BC4AEA8}.Debug|x86.Build.0 = Debug|Win32
		{B6589A3C-C571-44A6-9545-812E4BC4AEA8}.Release|ARM.ActiveCfg = Release|Win32
		{B6589A3C-C571-44A6-9545-812E4BC4AEA8}.Release|ARM64.ActiveCfg = Release|Win32
		{B6589A3C-C571-44A6-9545-812E4BC4AEA8}.Release|x64.ActiveCfg = Release|x64
		{B6589A3C-C571-44A6-9545-812E4BC4AEA8}.Release|x64.Build.0 = Release|x64
		{B6589A3C-C571-44A6-9545-812E4BC4AEA8}.Release|x86.ActiveCfg = Release|Win32
		{B6589A3C-C571-44A6-9545-812E4BC4AEA8}.Release|x86.Build.0 = Release|Win32
		{F17BE45F-1804-4516-9680-ED4B0BB53673}.Debug|ARM.ActiveCfg = Debug|Win32
		{F17BE45F-1804-4516-9680-ED4B0BB53673}.Debug|ARM64.ActiveCfg = Debug|Win32
		{F17BE45F-1804-4516-9680-ED4B0BB53673}.Debug|x64.ActiveCfg = Debug|x64
		{F17BE45F-1804-4516-9680-ED4B0BB53673}.Debug|x64.Build.0 = Debug|x64
		{F17BE45F-1804-4516-9680-ED4B0BB53673}.Debug|x86.ActiveCfg = Debug|Win32
		{F17BE45F-1804-4516-9680-ED4B0BB53673}.Debug|x86.Build.0 = Debug|Win32
		{F17BE45F-1804-4516-9680-ED4B0BB53673}.Release|ARM.ActiveCfg = Release|Win32
		{F17BE45F-1804-4516-9680-ED4B0BB53673}.Release|ARM64.ActiveCfg = Release|Win32
		{F17BE45F-1804-4516-9680-ED4B0BB53673}.Release|x64.ActiveCfg = Release|x64
		{F17BE45F-1804-4516-9680-ED4B0BB53673}.Release|x64.Build.0 = Release|x64
		{F17BE45F-1804-4516-9680-ED4B0BB53673}.Release|x86.ActiveCfg = Release|Win32
		{F17BE45F-1804-4516-9680-ED4B0BB53673}.Release|x86.Build.0 = Release|Win32
		{28316287-B018-428B-929D-B9D84BCB2C02}.Debug|ARM.ActiveCfg = Debug|Win32
		{28316287-B018-428B-929D-B9D84BCB2C02}.Debug|ARM.Build.0 = Debug|Win32
		{28316287-B018-428B-929D-B9D84BCB2C02}.Debug|ARM64.ActiveCfg = Debug|Win32
		{28316287-B018-428B-929D-B9D84BCB2C02}.Debug|x64.ActiveCfg = Debug|x64
		{28316287-B018-428B-929D-B9D84BCB2C02}.Debug|x64.Build.0 = Debug|x64
		{28316287-B018-428B-929D-B9D84BCB2C02}.Debug|x86.ActiveCfg = Debug|Win32
		{28316287-B018-428B-929D-B9D84BCB2C02}.Debug|x86.Build.0 = Debug|Win32
		{28316287-B018-428B-929D-B9D84BCB2C02}.Release|ARM.ActiveCfg = Release|Win32
		{28316287-B018-428B-929D-B9D84BCB2C02}.Release|ARM64.ActiveCfg = Release|Win32
		{28316287-B018-428B-929D-B9D84BCB2C02}.Release|x64.ActiveCfg = Release|x64
		{28316287-B018-428B-929D-B9D84BCB2C02}.Release|x64.Build.0 = Release|x64
		{28316287-B018-428B-929D-B9D84BCB2C02}.Release|x86.ActiveCfg = Release|Win32
		{28316287-B018-428B-929D-B9D84BCB2C02}.Release|x86.Build.0 = Release|Win32
		{F342BE5A-A78B-4DCF-A11D-B6E4785BE42F}.Debug|ARM.ActiveCfg = Debug|Win32
		{F342BE5A-A78B-4DCF-A11D-B6E4785BE42F}.Debug|ARM.Build.0 = Debug|Win32
		{F342BE5A-A78B-4DCF-A11D-B6E4785BE42F}.Debug|ARM64.ActiveCfg = Debug|Win32
		{F342BE5A-A78B-4DCF-A11D-B6E4785BE42F}.Debug|x64.ActiveCfg = Debug|x64
		{F342BE5A-A78B-4DCF-A11D-B6E4785BE42F}.Debug|x64.Build.0 = Debug|x64
		{F342BE5A-A78B-4DCF-A11D-B6E4785BE42F}.Debug|x86.ActiveCfg = Debug|Win32
		{F342BE5A-A78B-4DCF-A11D-B6E4785BE42F}.Debug|x86.Build.0 = Debug|Win32
		{F342BE5A-A78B-4DCF-A11D-B6E4785BE42F}.Release|ARM.ActiveCfg = Release|Win32
		{F342BE5A-A78B-4DCF-A11D-B6E4785BE42F}.Release|ARM64.ActiveCfg = Release|Win32
		{F342BE5A-A78B-4DCF-A11D-B6E4785BE42F}.Release|x64.ActiveCfg = Release|x64
		{F342BE5A-A78B-4DCF-A11D-B6E4785BE42F}.Release|x64.Build.0 = Release|x64
		{F342BE5A-A78B-4DCF-A11D-B6E4785BE42F}.Release|x86.ActiveCfg = Release|Win32
		{F342BE5A-A78B-4DCF-A11D-B6E4785BE42F}.Release|x86.Build.0 = Release|Win32
		{37EE91C5-7C07-460E-850A-85660BA8A774}.Debug|ARM.ActiveCfg = Debug|Win32
		{37EE91C5-7C07-460E-850A-85660BA8A774}.Debug|ARM.Build.0 = Debug|Win32
		{37EE91C5-7C07-460E-850A-85660BA8A774}.Debug|ARM64.ActiveCfg = Debug|Win32
		{37EE91C5-7C07-460E-850A-85660BA8A774}.Debug|x64.ActiveCfg = Debug|x64
		{37EE91C5-7C07-460E-850A-85660BA8A774}.Debug|x64.Build.0 = Debug|x64
		{37EE91C5-7C07-460E-850A-85660BA8A774}.Debug|x86.ActiveCfg = Debug|Win32
		{37EE91C5-7C07-460E-850A-85660BA8A774}.Debug|x86.Build.0 = Debug|Win32
		{37EE91C5-7C07-460E-850A-85660BA8A774}.Release|ARM.ActiveCfg = Release|Win32
		{37EE91C5-7C07-460E-850A-85660BA8A774}.Release|ARM64.ActiveCfg = Release|Win32
		{37EE91C5-7C07-460E-850A-85660BA8A774}.Release|x64.ActiveCfg = Release|x64
		{37EE91C5-7C07-460E-850A-85660BA8A774}.Release|x64.Build.0 = Release|x64
		{37EE91C5-7C07-460E-850A-85660BA8A774}.Release|x86.ActiveCfg = Release|Win32
		{37EE91C5-7C07-460E-850A-85660BA8A774}.Release|x86.Build.0 = Release|Win32
		{5E84E6A8-20EE-4B30-BD79-08477C0E36E2}.Debug|ARM.ActiveCfg = Debug|Win32
		{5E84E6A8-20EE-4B30-BD79-08477C0E36E2}.Debug|ARM.Build.0 = Debug|Win32
		{5E84E6A8-20EE-4B30-BD79-08477C0E36E2}.Debug|ARM64.ActiveCfg = Debug|Win32
		{5E84E6A8-20EE-4B30-BD79-08477C0E36E2}.Debug|x64.ActiveCfg = Debug|x64
		{5E84E6A8-20EE-4B30-BD79-08477C0E36E2}.Debug|x64.Build.0 = Debug|x64
		{5E84E6A8-20EE-4B30-BD79-08477C0E36E2}.Debug|x86.ActiveCfg = Debug|Win32
		{5E84E6A8-20EE-4B30-BD79-08477C0E36E2}.Debug|x86.Build.0 = Debug|Win32
		{5E84E6A8-20EE-4B30-BD79-08477C0E36E2}.Release|ARM.ActiveCfg = Release|Win32
		{5E84E6A8-20EE-4B30-BD79-08477C0E36E2}.Release|ARM64.ActiveCfg = Release|Win32
		{5E84E6A8-20EE-4B30-BD79-08477C0E36E2}.Release|x64.ActiveCfg = Release|x64
		{5E84E6A8-20EE-4B30-BD79-08477C0E36E2}.Release|x64.Build.0 = Release|x64
		{5E84E6A8-20EE-4B30-BD79-08477C0E36E2}.Release|x86.ActiveCfg = Release|Win32
		{5E84E6A8-20EE-4B30-BD79-08477C0E36E2}.Release|x86.Build.0 = Release|Win32
		{8B93B1A2-4904-442D-8F4E-13524D84F206}.Debug|ARM.ActiveCfg = Debug|Win32
		{8B93B1A2-4904-442D-8F4E-13524D84F206}.Debug|ARM.Build.0 = Debug|Win32
		{8B93B1A2-4904-442D-8F4E-13524D84F206}.Debug|ARM64.ActiveCfg = Debug|Win32
		{8B93B1A2-4904-442D-8F4E-13524D84F206}.Debug|x64.ActiveCfg = Debug|x64
		{8B93B1A2-4904-442D-8F4E-13524D84F206}.Debug|x64.Build.0 = Debug|x64
		{8B93B1A2-4904-442D-8F4E-13524D84F206}.Debug|x86.ActiveCfg = Debug|Win32
		{8B93B1A2-4904-442D-8F4E-13524D84F206}.Debug|x86.Build.0 = Debug|Win32
		{8B93B1A2-4904-442D-8F4E-13524D84F206}.Release|ARM.ActiveCfg = Release|Win32
		{8B93B1A2-4904-442D-8F4E-13524D84F206}.Release|ARM64.ActiveCfg = Release|Win32
		{8B93B1A2-4904-442D-8F4E-13524D84F206}.Release|x64.ActiveCfg = Release|x64
		{8B93B1A2-4904-442D-8F4E-13524D84F206}.Release|x64.Build.0 = Release|x64
		{8B93B1A2-4904-442D-8F4E-13524D84F206}.Release|x86.ActiveCfg = Release|Win32
		{8B93B1A2-4904-442D-8F4E-13524D84F206}.Release|x86.Build.0 = Release|Win32
		{418AA763-AC03-4D08-AAE0-F8A7B32D4BCA}.Debug|ARM.ActiveCfg = Debug|Win32
		{418AA763-AC03-4D08-AAE0-F8A7B32D4BCA}.Debug|ARM.Build.0 = Debug|Win32
		{418AA763-AC03-4D08-AAE0-F8A7B32D4BCA}.Debug|ARM64.ActiveCfg = Debug|Win32
		{418AA763-AC03-4D08-AAE0-F8A7B32D4BCA}.Debug|x64.ActiveCfg = Debug|x64
		{418AA763-AC03-4D08-AAE0-F8A7B32D4BCA}.Debug|x64.Build.0 = Debug|x64
		{418AA763-AC03-4D08-AAE0-F8A7B32D4BCA}.Debug|x86.ActiveCfg = Debug|Win32
		{418AA763-AC03-4D08-AAE0-F8A7B32D4BCA}.Debug|x86.Build.0 = Debug|Win32
		{418AA763-AC03-4D08-AAE0-F8A7B32D4BCA}.Release|ARM.ActiveCfg = Release|Win32
		{418AA763-AC03-4D08-AAE0-F8A7B32D4BCA}.Release|ARM64.ActiveCfg = Release|Win32
		{418AA763-AC03-4D08-AAE0-F8A7B32D4BCA}.Release|x64.ActiveCfg = Release|x64
		{418AA763-AC03-4D08-AAE0-F8A7B32D4BCA}.Release|x64.Build.0 = Release|x64
		{418AA763-AC03-4D08-AAE0-F8A7B32D4BCA}.Release|x86.ActiveCfg = Release|Win32
		{418AA763-AC03-4D08-AAE0-F8A7B32D4BCA}.Release|x86.Build.0 = Release|Win32
		{5754FB2B-5EA5-4988-851D-908CA533A626}.Debug|ARM.ActiveCfg = Debug|Win32
		{5754FB2B-5EA5-4988-851D-908CA533A626}.Debug|ARM64.ActiveCfg = Debug|Win32
		{5754FB2B-5EA5-4988-851D-908CA533A626}.Debug|x64.ActiveCfg = Debug|x64
		{5754FB2B-5EA5-4988-851D-908CA533A626}.Debug|x64.Build.0 = Debug|x64
		{5754FB2B-5EA5-4988-851D-908CA533A626}.Debug|x86.ActiveCfg = Debug|Win32
		{5754FB2B-5EA5-4988-851D-908CA533A626}.Debug|x86.Build.0 = Debug|Win32
		{5754FB2B-5EA5-4988-851D-908CA533A626}.Release|ARM.ActiveCfg = Release|Win32
		{5754FB2B-5EA5-4988-851D-908CA533A626}.Release|ARM64.ActiveCfg = Release|Win32
		{5754FB2B-5EA5-4988-851D-908CA533A626}.Release|x64.ActiveCfg = Release|x64
		{5754FB2B-5EA5-4988-851D-908CA533A626}.Release|x64.Build.0 = Release|x64
		{5754FB2B-5EA5-4988-851D-908CA533A626}.Release|x86.ActiveCfg = Release|Win32
		{5754FB2B-5EA5-4988-851D-908CA533A626}.Release|x86.Build.0 = Release|Win32
		{8988144C-DFE5-45C0-918A-0910136754E7}.Debug|ARM.ActiveCfg = Debug|Win32
		{8988144C-DFE5-45C0-918A-0910136754E7}.Debug|ARM64.ActiveCfg = Debug|Win32
		{8988144C-DFE5-45C0-918A-0910136754E7}.Debug|x64.ActiveCfg = Debug|x64
		{8988144C-DFE5-45C0-918A-0910136754E7}.Debug|x64.Build.0 = Debug|x64
		{8988144C-DFE5-45C0-918A-0910136754E7}.Debug|x86.ActiveCfg = Debug|Win32
		{8988144C-DFE5-45C0-918A-0910136754E7}.Debug|x86.Build.0 = Debug|Win32
		{8988144C-DFE5-45C0-918A-0910136754E7}.Release|ARM.ActiveCfg = Release|Win32
		{8988144C-DFE5-45C0-918A-0910136754E7}.Release|ARM64.ActiveCfg = Release|Win32
		{8988144C-DFE5-45C0-918A-0910136754E7}.Release|x64.ActiveCfg = Release|x64
		{8988144C-DFE5-45C0-918A-0910136754E7}.Release|x64.Build.0 = Release|x64
		{8988144C-DFE5-45C0-918A-0910136754E7}.Release|x86.ActiveCfg = Release|Win32
		{8988144C-DFE5-45C0-918A-0910136754E7}.Release|x86.Build.0 = Release|Win32
		{26F16333-123F-4E6E-B548-DD8CDB587A6F}.Debug|ARM.ActiveCfg = Debug|ARM
		{26F16333-123F-4E6E-B548-DD8CDB587A6F}.Debug|ARM.Build.0 = Debug|ARM
		{26F16333-123F-4E6E-B548-DD8CDB587A6F}.Debug|ARM64.ActiveCfg = Debug|ARM64
		{26F16333-123F-4E6E-B548-DD8CDB587A6F}.Debug|ARM64.Build.0 = Debug|ARM64
		{26F16333-123F-4E6E-B548-DD8CDB587A6F}.Debug|x64.ActiveCfg = Debug|x64
		{26F16333-123F-4E6E-B548-DD8CDB587A6F}.Debug|x64.Build.0 = Debug|x64
		{26F16333-123F-4E6E-B548-DD8CDB587A6F}.Debug|x86.ActiveCfg = Debug|x86
		{26F16333-123F-4E6E-B548-DD8CDB587A6F}.Debug|x86.Build.0 = Debug|x86
		{26F16333-123F-4E6E-B548-DD8CDB587A6F}.Release|ARM.ActiveCfg = Release|ARM
		{26F16333-123F-4E6E-B548-DD8CDB587A6F}.Release|ARM.Build.0 = Release|ARM
		{26F16333-123F-4E6E-B548-DD8CDB587A6F}.Release|ARM64.ActiveCfg = Release|ARM64
		{26F16333-123F-4E6E-B548-DD8CDB587A6F}.Release|ARM64.Build.0 = Release|ARM64
		{26F16333-123F-4E6E-B548-DD8CDB587A6F}.Release|x64.ActiveCfg = Release|x64
		{26F16333-123F-4E6E-B548-DD8CDB587A6F}.Release|x64.Build.0 = Release|x64
		{26F16333-123F-4E6E-B548-DD8CDB587A6F}.Release|x86.ActiveCfg = Release|x86
		{26F16333-123F-4E6E-B548-DD8CDB587A6F}.Release|x86.Build.0 = Release|x86
		{9CC506FB-7418-4913-B9D7-6739E0CE5128}.Debug|ARM.ActiveCfg = Debug|Win32
		{9CC506FB-7418-4913-B9D7-6739E0CE5128}.Debug|ARM64.ActiveCfg = Debug|Win32
		{9CC506FB-7418-4913-B9D7-6739E0CE5128}.Debug|x64.ActiveCfg = Debug|x64
		{9CC506FB-7418-4913-B9D7-6739E0CE5128}.Debug|x64.Build.0 = Debug|x64
		{9CC506FB-7418-4913-B9D7-6739E0CE5128}.Debug|x86.ActiveCfg = Debug|Win32
		{9CC506FB-7418-4913-B9D7-6739E0CE5128}.Debug|x86.Build.0 = Debug|Win32
		{9CC506FB-7418-4913-B9D7-6739E0CE5128}.Release|ARM.ActiveCfg = Release|Win32
		{9CC506FB-7418-4913-B9D7-6739E0CE5128}.Release|ARM64.ActiveCfg = Release|Win32
		{9CC506FB-7418-4913-B9D7-6739E0CE5128}.Release|x64.ActiveCfg = Release|x64
		{9CC506FB-7418-4913-B9D7-6739E0CE5128}.Release|x64.Build.0 = Release|x64
		{9CC506FB-7418-4913-B9D7-6739E0CE5128}.Release|x86.ActiveCfg = Release|Win32
		{9CC506FB-7418-4913-B9D7-6739E0CE5128}.Release|x86.Build.0 = Release|Win32
		{984648B1-D75F-42F4-AFE3-F137C6BAE698}.Debug|ARM.ActiveCfg = Debug|ARM
		{984648B1-D75F-42F4-AFE3-F137C6BAE698}.Debug|ARM.Build.0 = Debug|ARM
		{984648B1-D75F-42F4-AFE3-F137C6BAE698}.Debug|ARM64.ActiveCfg = Debug|x86
		{984648B1-D75F-42F4-AFE3-F137C6BAE698}.Debug|x64.ActiveCfg = Debug|x64
		{984648B1-D75F-42F4-AFE3-F137C6BAE698}.Debug|x64.Build.0 = Debug|x64
		{984648B1-D75F-42F4-AFE3-F137C6BAE698}.Debug|x86.ActiveCfg = Debug|x86
		{984648B1-D75F-42F4-AFE3-F137C6BAE698}.Debug|x86.Build.0 = Debug|x86
		{984648B1-D75F-42F4-AFE3-F137C6BAE698}.Release|ARM.ActiveCfg = Release|ARM
		{984648B1-D75F-42F4-AFE3-F137C6BAE698}.Release|ARM.Build.0 = Release|ARM
		{984648B1-D75F-42F4-AFE3-F137C6BAE698}.Release|ARM64.ActiveCfg = Release|x86
		{984648B1-D75F-42F4-AFE3-F137C6BAE698}.Release|x64.ActiveCfg = Release|x64
		{984648B1-D75F-42F4-AFE3-F137C6BAE698}.Release|x64.Build.0 = Release|x64
		{984648B1-D75F-42F4-AFE3-F137C6BAE698}.Release|x86.ActiveCfg = Release|x86
		{984648B1-D75F-42F4-AFE3-F137C6BAE698}.Release|x86.Build.0 = Release|x86
	EndGlobalSection
	GlobalSection(SolutionProperties) = preSolution
		HideSolutionNode = FALSE
	EndGlobalSection
	GlobalSection(NestedProjects) = preSolution
		{C2A5FCC4-3972-46E7-B6E0-FDFBEBAD16DD} = {6F4A6983-E6F0-4727-8E4A-09A020C57B07}
		{23F9782F-57D2-4691-967F-8E1EC45C18C2} = {6F4A6983-E6F0-4727-8E4A-09A020C57B07}
		{D5E98A0D-5EF3-4AEB-9C65-B760B3B0F258} = {6F4A6983-E6F0-4727-8E4A-09A020C57B07}
		{B691B0EF-0992-4A71-A570-8A925FD77FF8} = {6F4A6983-E6F0-4727-8E4A-09A020C57B07}
		{83569382-C42D-44E5-AB94-AAF0588DCA82} = {6F4A6983-E6F0-4727-8E4A-09A020C57B07}
		{3EC17DD7-FEC3-47A0-BB8C-201146D5BF60} = {6F4A6983-E6F0-4727-8E4A-09A020C57B07}
		{308328CF-590A-46EC-9B5A-A9B6FD41CFDE} = {6F4A6983-E6F0-4727-8E4A-09A020C57B07}
		{F8CDD675-1EA7-4C30-AAB2-C3CD3D4E4E96} = {6F4A6983-E6F0-4727-8E4A-09A020C57B07}
		{B8B19C07-D27D-41DB-8EC4-A85FBE7FCEB3} = {6F4A6983-E6F0-4727-8E4A-09A020C57B07}
		{2A396C6A-2428-4674-A0FE-7061A97CB77A} = {6F4A6983-E6F0-4727-8E4A-09A020C57B07}
		{58A5E0D8-D1F7-419A-B502-3F5DA0E5A25C} = {6F4A6983-E6F0-4727-8E4A-09A020C57B07}
		{A107E280-0E71-4139-9FB0-BC549DAABBDB} = {6F4A6983-E6F0-4727-8E4A-09A020C57B07}
		{4B3076BB-B272-49D5-BF61-84406A378B38} = {6F4A6983-E6F0-4727-8E4A-09A020C57B07}
		{7D1DAFE7-131B-407B-8B81-C40BDC66F9AD} = {6F4A6983-E6F0-4727-8E4A-09A020C57B07}
		{AD55A77A-9EB7-4CB9-9843-5D3ED49B738C} = {08B2446C-ADD7-4EAF-91BB-BE27099FCC7D}
		{EE04BA2E-ED9C-4219-91A0-AE3BB42FE064} = {08B2446C-ADD7-4EAF-91BB-BE27099FCC7D}
		{80DDA9A0-BE55-47C3-8DC8-AC9AE5717BAF} = {08B2446C-ADD7-4EAF-91BB-BE27099FCC7D}
		{00326746-2A52-4E74-818B-1C2369F94FFE} = {08B2446C-ADD7-4EAF-91BB-BE27099FCC7D}
		{95DA446B-746C-4ED9-9C49-383E096489FE} = {08B2446C-ADD7-4EAF-91BB-BE27099FCC7D}
		{6EDF1966-8060-4A0D-B1D2-564B1BDA7082} = {08B2446C-ADD7-4EAF-91BB-BE27099FCC7D}
		{B6589A3C-C571-44A6-9545-812E4BC4AEA8} = {08B2446C-ADD7-4EAF-91BB-BE27099FCC7D}
		{F17BE45F-1804-4516-9680-ED4B0BB53673} = {08B2446C-ADD7-4EAF-91BB-BE27099FCC7D}
		{28316287-B018-428B-929D-B9D84BCB2C02} = {08B2446C-ADD7-4EAF-91BB-BE27099FCC7D}
		{F342BE5A-A78B-4DCF-A11D-B6E4785BE42F} = {08B2446C-ADD7-4EAF-91BB-BE27099FCC7D}
		{37EE91C5-7C07-460E-850A-85660BA8A774} = {08B2446C-ADD7-4EAF-91BB-BE27099FCC7D}
		{5E84E6A8-20EE-4B30-BD79-08477C0E36E2} = {08B2446C-ADD7-4EAF-91BB-BE27099FCC7D}
		{8B93B1A2-4904-442D-8F4E-13524D84F206} = {08B2446C-ADD7-4EAF-91BB-BE27099FCC7D}
		{418AA763-AC03-4D08-AAE0-F8A7B32D4BCA} = {08B2446C-ADD7-4EAF-91BB-BE27099FCC7D}
		{5754FB2B-5EA5-4988-851D-908CA533A626} = {08B2446C-ADD7-4EAF-91BB-BE27099FCC7D}
		{8988144C-DFE5-45C0-918A-0910136754E7} = {08B2446C-ADD7-4EAF-91BB-BE27099FCC7D}
		{26F16333-123F-4E6E-B548-DD8CDB587A6F} = {6F4A6983-E6F0-4727-8E4A-09A020C57B07}
		{9CC506FB-7418-4913-B9D7-6739E0CE5128} = {08B2446C-ADD7-4EAF-91BB-BE27099FCC7D}
		{984648B1-D75F-42F4-AFE3-F137C6BAE698} = {B9B3A7B6-3DE2-4426-9466-027CFDBCD5FE}
	EndGlobalSection
	GlobalSection(ExtensibilityGlobals) = postSolution
		SolutionGuid = {17B058AF-8CA0-4AF6-B1CC-053C552F13ED}
	EndGlobalSection
EndGlobal
